{
  "version": 4,
  "terraform_version": "1.7.5",
  "serial": 42,
  "lineage": "b893690e-64a5-9e34-ac5b-ad66ca4f19b2",
  "outputs": {},
  "resources": [
    {
      "mode": "data",
      "type": "azurerm_kubernetes_cluster",
      "name": "aks",
      "provider": "provider[\"registry.terraform.io/hashicorp/azurerm\"]",
      "instances": [
        {
          "index_key": 0,
          "schema_version": 0,
          "attributes": {
            "aci_connector_linux": [],
            "agent_pool_profile": [
              {
                "auto_scaling_enabled": true,
                "count": 1,
                "max_count": 2,
                "max_pods": 30,
                "min_count": 1,
                "name": "vplabsapl",
                "node_labels": {
                  "node_app": "adminapps",
                  "node_type": "shared"
                },
                "node_public_ip_enabled": false,
                "node_public_ip_prefix_id": "",
                "node_taints": [],
                "orchestrator_version": "1.31.3",
                "os_disk_size_gb": 30,
                "os_type": "Linux",
                "tags": {
                  "company_issuing_app_id": "",
                  "environment": "test",
                  "owner": "vplabs"
                },
                "type": "VirtualMachineScaleSets",
                "upgrade_settings": [
                  {
                    "drain_timeout_in_minutes": 0,
                    "max_surge": "10%",
                    "node_soak_duration_in_minutes": 0
                  }
                ],
                "vm_size": "Standard_DS2_v2",
                "vnet_subnet_id": "/subscriptions/bfe0322d-aa0d-4109-920b-79ee17b30333/resourceGroups/vplabs-test-aks-resource-group/providers/Microsoft.Network/virtualNetworks/vplabs-test-vnet/subnets/private-1",
                "zones": []
              },
              {
                "auto_scaling_enabled": true,
                "count": 1,
                "max_count": 3,
                "max_pods": 30,
                "min_count": 1,
                "name": "vplabsopl",
                "node_labels": {
                  "node_app": "operationsapps",
                  "node_type": "shared"
                },
                "node_public_ip_enabled": false,
                "node_public_ip_prefix_id": "",
                "node_taints": [],
                "orchestrator_version": "1.31.3",
                "os_disk_size_gb": 30,
                "os_type": "Linux",
                "tags": {
                  "company_issuing_app_id": "",
                  "environment": "test",
                  "owner": "vplabs"
                },
                "type": "VirtualMachineScaleSets",
                "upgrade_settings": [
                  {
                    "drain_timeout_in_minutes": null,
                    "max_surge": null,
                    "node_soak_duration_in_minutes": null
                  }
                ],
                "vm_size": "Standard_DS2_v2",
                "vnet_subnet_id": "/subscriptions/bfe0322d-aa0d-4109-920b-79ee17b30333/resourceGroups/vplabs-test-aks-resource-group/providers/Microsoft.Network/virtualNetworks/vplabs-test-vnet/subnets/private-1",
                "zones": []
              }
            ],
            "api_server_authorized_ip_ranges": [],
            "azure_active_directory_role_based_access_control": [
              {
                "admin_group_object_ids": [
                  "602f17b5-e7d2-4e1e-af62-033eea7482c9"
                ],
                "azure_rbac_enabled": false,
                "tenant_id": "a00ac532-c5ba-41e0-8663-cdd7b34ba3d0"
              }
            ],
            "azure_policy_enabled": false,
            "current_kubernetes_version": "1.31.3",
            "disk_encryption_set_id": "",
            "dns_prefix": "vplabs-test-aks-cluster",
            "fqdn": "vplabs-test-aks-cluster-qjzfoblf.hcp.westus.azmk8s.io",
            "http_application_routing_enabled": false,
            "http_application_routing_zone_name": "",
            "id": "/subscriptions/bfe0322d-aa0d-4109-920b-79ee17b30333/resourceGroups/vplabs-test-aks-resource-group/providers/Microsoft.ContainerService/managedClusters/vplabs-test-aks-cluster",
            "identity": [
              {
                "identity_ids": [],
                "principal_id": "eb7430c1-91af-41a0-ba6e-f75ba25d7568",
                "tenant_id": "a00ac532-c5ba-41e0-8663-cdd7b34ba3d0",
                "type": "SystemAssigned"
              }
            ],
            "ingress_application_gateway": [],
            "key_management_service": [],
            "key_vault_secrets_provider": [],
            "kube_admin_config": [
              {
                "client_certificate": "LS0tLS1CRUdJTiBDRVJUSUZJQ0FURS0tLS0tCk1JSUZIakNDQXdhZ0F3SUJBZ0lSQUpJSHVWQ09MMmdGVjJnVitRUFFZSUl3RFFZSktvWklodmNOQVFFTEJRQXcKRFRFTE1Ba0dBMVVFQXhNQ1kyRXdIaGNOTWpVd01qSTBNVE14TlRNM1doY05NamN3TWpJME1UTXlOVE0zV2pBdwpNUmN3RlFZRFZRUUtFdzV6ZVhOMFpXMDZiV0Z6ZEdWeWN6RVZNQk1HQTFVRUF4TU1iV0Z6ZEdWeVkyeHBaVzUwCk1JSUNJakFOQmdrcWhraUc5dzBCQVFFRkFBT0NBZzhBTUlJQ0NnS0NBZ0VBeEJFanVJVW54dW82OFN5a2pReEkKaVZ4VnVwblFha3ZYVGIyK0VhMm9SUE0waDhlUk9lNkIwbFVKRmRNbmZWN29hcThDTDZ0RUJHOXdxYzhUWW4wdwpBQTZXTkEzNkdRUXBwZHBhVHdCT2hpbnBnVHdZcEI2ZHhwT0Nrd01uNGZwRVpYaEEzRzRBalJtS2RSSnUzRnVQCmVPTVV6dkJnSGd6SmtSV1lDaG9SaW5kVTNLUVU1dmhkL3hvb0x5djBGRkp4TmJ6NmFDUEpMa3lQQU5UZ3YzZkcKeVQ3LzVHZSttdEZnVm9uRGg0aVBsNzQwd296RGt0YkhMdUNVYjZiZU9kWkpjcjRJNWZGWFpaRWltYUVhcXo5UQpOWlFkN2xTbFhqSlZrV0hISjc2QjdTT25UUVczdkdvb0dra1lodUdIRXphME8rdVU1YkpwTS9CVjJ6cEJBbjZsClNxRUhES2pubytuK3EvNERTSityekhSVWxZVVI3Um1rWS9MSWplT1IwUkFKSW5YdHFhaXI0MGd3Z0UvblQ4UjMKMS91ZU9XWi91Mk0zeGdTazNMdmtyZUtIUnVIUnJtS3hPNFJrSWtiejJnUVJxVW54dm1tYjFQSDJJUW5hbTZUMQp4bm5UclVmVitiRWtVZmQzMWxveThTcXdQL2dpRVl3VllGN1pBQko5SEIySXVlMWJNU094VFJ3VlY0R1p4cDlyCmJ4c2xRSDdSTkxpbnZOVEJEOWg3aWIvTm1UdGlsamxwZlduTldUeHcvWXpuY2gzcnpMZ05qczY5NnJOOTVKcGkKcFBNK254WGhSRWFoaHVwQlhaTHIyWFQxaHZHdmhHRnBRcUhKaERGcGlmK01SRDZIaGtxUklkOWYwODYvT3NZbwpRdjRCZHpqYzFLUlVYdzR5aGFsTTR1RUNBd0VBQWFOV01GUXdEZ1lEVlIwUEFRSC9CQVFEQWdXZ01CTUdBMVVkCkpRUU1NQW9HQ0NzR0FRVUZCd01DTUF3R0ExVWRFd0VCL3dRQ01BQXdId1lEVlIwakJCZ3dGb0FVK01OdllGdmMKaktZVW1BelRJN0x6NW5EQ0JPZ3dEUVlKS29aSWh2Y05BUUVMQlFBRGdnSUJBR1krUitabHNVb1ZpL21ZQVJ4UApOQVdMcUxrYXplV0pGdUY5Q3Q2UGlRV3Jia3BGWGRmSXkrWFNhQnkzNStodnlGZ1N5TDlvM3F1VFpPN3NrT004CnZVNVBPTlpsQXEySy9LRENWRzRGMnpiNTFuLzhtcDkzY09IQUNhaGZQL0lMbmJuakg4aXhXUHJmdStUV3RzK2kKS0xsdFZFbTJ3SDB3SnFzQUQ4VlNTaDVGclBxUlYvY0ZmREtaSFVYRUlIcVZ5alo5SEFmV0tjSWh4RGhDeXVoRgo2V2V4LzZIZnBQS1lkTThjZTM3dHE3dzR4dUl2UEl3cngxSnV0M2tQaGRBbVNkMUFjbTZVbWNObjhQanpMZHE3ClJTcEdzczJLSVgzSjh5ZHBGU1VpVUZPSGtMZktITEUyM0lJcytnMzFPaTNQVWp0eE9xVHl3OGNsL2VqZVZwcHUKWEcwcERUL1dYNFo5U3RzL3p1bktUdHZTNktKbDExbTlwZlNtVzAvSU92ODVSZS9EVjV0MXIrU2QvalkzYkUxSQpnL1lCZkNKTUhKM3pPZUVrczZlbjJIWHArTmtwODNDYnlXUmQ5aWtpUVh5emZlUUhWUkVBbUJRdHNrT1BMcWpOCno4blR2ZVJvZVlKUkk3Wjk3a0Nqc3R6L0tJUlUvMU81TklxVDB2T0Jwd1hPY3E0dmZhU3RDdkdCSmg0SUFIYkYKVjA2ckRRU3dPVldIbzV1R3hYam9XYnE2OERBRzRsUmdvVy9MK0tUcGtQN0VtazFCeWF5VHExK2ROckliMERXQgpSd1k2cTBzNldzNkl1YmdtU1RVdXlnWThUcUM3WmhocGxFdUNqUlZqNTd5VmNWc3NCbk1kc08xVDVINHNGcTUrCmVYTDJtQWtHZzBQSjBIbkFXRFFzaUNSWQotLS0tLUVORCBDRVJUSUZJQ0FURS0tLS0tCg==",
                "client_key": "LS0tLS1CRUdJTiBSU0EgUFJJVkFURSBLRVktLS0tLQpNSUlKS1FJQkFBS0NBZ0VBeEJFanVJVW54dW82OFN5a2pReElpVnhWdXBuUWFrdlhUYjIrRWEyb1JQTTBoOGVSCk9lNkIwbFVKRmRNbmZWN29hcThDTDZ0RUJHOXdxYzhUWW4wd0FBNldOQTM2R1FRcHBkcGFUd0JPaGlucGdUd1kKcEI2ZHhwT0Nrd01uNGZwRVpYaEEzRzRBalJtS2RSSnUzRnVQZU9NVXp2QmdIZ3pKa1JXWUNob1JpbmRVM0tRVQo1dmhkL3hvb0x5djBGRkp4TmJ6NmFDUEpMa3lQQU5UZ3YzZkd5VDcvNUdlK210RmdWb25EaDRpUGw3NDB3b3pECmt0YkhMdUNVYjZiZU9kWkpjcjRJNWZGWFpaRWltYUVhcXo5UU5aUWQ3bFNsWGpKVmtXSEhKNzZCN1NPblRRVzMKdkdvb0dra1lodUdIRXphME8rdVU1YkpwTS9CVjJ6cEJBbjZsU3FFSERLam5vK24rcS80RFNKK3J6SFJVbFlVUgo3Um1rWS9MSWplT1IwUkFKSW5YdHFhaXI0MGd3Z0UvblQ4UjMxL3VlT1daL3UyTTN4Z1NrM0x2a3JlS0hSdUhSCnJtS3hPNFJrSWtiejJnUVJxVW54dm1tYjFQSDJJUW5hbTZUMXhublRyVWZWK2JFa1VmZDMxbG95OFNxd1AvZ2kKRVl3VllGN1pBQko5SEIySXVlMWJNU094VFJ3VlY0R1p4cDlyYnhzbFFIN1JOTGludk5UQkQ5aDdpYi9ObVR0aQpsamxwZlduTldUeHcvWXpuY2gzcnpMZ05qczY5NnJOOTVKcGlwUE0rbnhYaFJFYWhodXBCWFpMcjJYVDFodkd2CmhHRnBRcUhKaERGcGlmK01SRDZIaGtxUklkOWYwODYvT3NZb1F2NEJkempjMUtSVVh3NHloYWxNNHVFQ0F3RUEKQVFLQ0FnQVVDZFJteFdVZFZVOFUyd1V1VFRVVXBOVTJMd1kzOXV4WVM2NGpUR1pJTmJzR3JZVFFNT29mdndVZwpyK1gzVUQzY3VXbzF5UUU0bXRNZTU4VUphZFlBQzMyYWNGdEJOMFd5WjdDWEptYmdHMlI4Q3RKUjQ3Y29WbWNmCjgxQ2VMZC9UcHdpcC9xd2J2NktBK0pOUC9pT1pyVXV4SXF3UUppcHJvNU5ZWlBXcCt5dzNLS1hpUFR3T0dIUkcKN2UwU0xxTFhaU3NLZmEzUUI0OE4vTFBEbmRBNVBURVYvT3hrRWtZUVVpQWp0L2RGQVBHUGVLZDhXR3NmQldEbQpVRjJoOTU2bUZYbi9WajBpYWtUcEFxZ2hIR1ZzTkdraXRJLzZJcGJRTnZnTnZkQzFsZEZCYy9ZbFVZd3JzNURJCktFQ1AzQ1ZyZ2xaRGE0cUkvbVVuOUxvME1SRmZjMjJQTU4yL3hpTEE1cTc4T09RZkw0b3YzVC9HRktKS0lzZDMKWVJnTytxRVlNclhtMEViM2hWVkIvd0MvSDluZ3c1SDRENU5DbDIxejREeCthc1RTR2Urbnd2SDRRYVh5MzZRZgpiZVh3QWRjZFFkQnAvR0JKZS9TRXo4dkdkaU15OUFnTzRjSnBFSkVTTGtKeDN2ZWZrSmozVlJQNVNDdERDMGhKClNTKzh1Y3BsencxbjRqbDBiU2d2Z3FJUm02N3NPNzI1NUJrMTJzRStwelJYK1NDc1F2aVRMUEN5MmpmUzh0M1QKMzF2MlRyTkxBUTNwczZBa2cwMEpFSTArZFJHb3psVXpzUTBsenNxcFhJcEpuRnE3V0tMNDRiZ29aenYrNVp3cApNeUVjYmd1a3grRDAwSlhmcVFwTzNnVjY1Uzk4M0Z2RE5jUC94R085SlVKVjBoUk40UUtDQVFFQTRsdmxpMS9pCm9rN1RmZm4zWm5FRG5UU1NvYndsSFZlL0JJUzc0QUsxMitEVHB2RTZBYzc1OGEvSWJEK2c4Sk9HdkFrZ2JZT3EKOWR3M0FhTE5naS9ZZzl0NThYVjg3WXRqMjA2UGRRUW1uV2h2UXZSSnlzd3VDN3ROMlprTk5ZUXBEaTVUcktXSApzZW9CdVZUalEwdVE4ZVpCd0s1UkNMVGpENjB1WXdsOFhTUGg5emtEK0NCY1daRmIyWW5Jb1V5a0xtRllLcTlaCjJQd0swZis2NjZaL1hjYXhWczBIcWw5OGVtMStEV3JRSHZtbDVqdi9oMWszcGdNMVJ2bWRQZUlKMGNob05ON04KbFBUM0NWMHNxY3pjMmUxVC90YjYvRXp1RU53WndPNm5QelNxSGhVUXBESHNwSGRUS3VqTWx5SXhDdzZqMzVvSApXV1Z0YjZDVE1UbUJQUUtDQVFFQTNiM0gycHZWbmg4Ry8yUVlJSWF2N3YrZmlXRFFkSE0zcC9Sa2MvTElQVUJIClV5WDJMajl6aUFHekVFU2NZZlQxUEIxVU8wamhkMTZrbEhYckxHOVF5dXVqM2daTjZIMHh1U3pZMXNhN2I0L08KY0pFNUhvaDlzRU0wUVpYdjVvMHJHRFhkVWhBQXdEeEZ1REEreWN0ZzB5M1R5bEpCMkc5Rnl1QzdpYWFkQklrKwpwSExKSDVjYmQ0RDU4WW5BeGVxQ3FicHhaTUVWTXdhSGthbEl5by9pa2ljVTcxMytEUHpQcmtzd1hxY3NvOElwClR4NTFkRFVqUnZEUWszMWNTMHg2YWhTRnJmM1lLSVYrdGJjODlyYml5dks4MGo0TG1NVDBITzBuejJoVDF1T3YKczRkMFNwM2hRMlR6bUNFQVk2MCtoUlJTdDRyblJJZis5Vm1sUDRFNmRRS0NBUUVBbWozR1YwZGFGZ0VpaWRmMwpwZDFpZWcrbHp3RjJSTjFTc3hDRE9LeUFJVGk4NENmRndBKzZMdDc1OGhFVmFIa09PVGo2Mk1UOGpKV25BYjFlCnpkUXVkQUxzd0FTdndPblhmRXUyNHlTVjczS0hSaGRSNVJkbVZPWW5zUnRpYmRJRmE3MVRsUFFpVjdBOXhueTYKYzFPZGk4ZTdqRUQ3eExRRmVOd29IS0lORlNaclJsdWFnY3dEUWFFVDlsSzEzSHR0OEpDeVZEdXlQSEhhS2FoWgpSVlBwdkF1MU1aRjZKTFQyRERKcHoxaTJRalVZdjU2b2l5RFhFNDlpRVYvcnJveEU1cWJwb3dVakR0b3hMemRIClJOanNzSzdRS25seEF0U2s3K1lhd21XY255d1NzM2JsSlExRDAvbmZPUUR5MEJValdBWjgwZE9TS0c4OXQrK3gKL0x2VGZRS0NBUUIyS0N5WXRyVkx2cWpSNmhwWktxd1JKTEYwV054N1VQSDFVMnM3eGNFaHNtRFBVOGtzdDY3dQphRWxzZjhMOUI3U3R4Y3NlbENWZ29GUCtzQjhTM0hZbXl3M1V2M05BVVlYdmNKQlRVaTZLc2d5Rk96MCtvZWluCnhnZlFjdjhVMFdDSFZCeU5IKzNtZ2JkOUFHaFV5MFRiQXU1NlB2N0xQKy9tdlgzeFNaRWQyNncvb05LL1BKdnMKUUJQdnUwRzN0TkRQZElQNzlrOC9rMWttS3hpWXA3ZEp2ZjJQMTN3S202Um04YlhpbWg1VlhKNzZnL1orWjlwVwpjUGdUdjVjd29KNFNiTUVYQjg3cE9NbGVOemdMRjBVZWM5NWVBYVhZVUFyc1p3cnhvRndjZzlNYVRUR1FtVFJ4CjN4ZFdseTlIN2djRWp1SE0zLzJBTFIrVXlhSWVodFFKQW9JQkFRQ2RnanBYeU5MMksyd2JEeWppMTI5ejlLaWUKZDRsL3JBc0djck5Qa3ByYzZveEg1ZDVHMUxXcmZBcWVTS1F2RzVCUjBsZVlRSFM1RDJzUEVPMFY1N3R6TGFCbwpSUFl4YitINmlIUEVNVndscWk2bFZ4K3MzUnpjREY4T0lKRVFQY2lyRGlYVFVLd1g0TVpBbVA3Z0xRVWNWZGhKCnVuS3dmeU9IZHFKQytBUWRLWXRrK0JsNzF4Mk1mNE5ZL3pnNnNHalFaQ2VhL01KL2FDQ2hqanF4WTVRekx4WjQKQmlGM0ttUFJPSXdYNEZTRk8wTHAvc3h2dDVwd0hsR1dQN3ZrdHpaekE1V2dsS0h6TWJWazljMTlzYVN2T0RGZQpNbjk2eDZMYkxlN04yT3NVTERJcFRHeFFZdkdnZE5qR2VPSUgwNUQ0azlwTTNQZ0FWSW8rTVg0aXRObVcKLS0tLS1FTkQgUlNBIFBSSVZBVEUgS0VZLS0tLS0K",
                "cluster_ca_certificate": "LS0tLS1CRUdJTiBDRVJUSUZJQ0FURS0tLS0tCk1JSUU2RENDQXRDZ0F3SUJBZ0lRR09sc1ppQTlpM3VFK2V2SFc4WUphakFOQmdrcWhraUc5dzBCQVFzRkFEQU4KTVFzd0NRWURWUVFERXdKallUQWdGdzB5TlRBeU1qUXhNekUxTXpkYUdBOHlNRFUxTURJeU5ERXpNalV6TjFvdwpEVEVMTUFrR0ExVUVBeE1DWTJFd2dnSWlNQTBHQ1NxR1NJYjNEUUVCQVFVQUE0SUNEd0F3Z2dJS0FvSUNBUURMCklxaWsxQWdKUnNSanVDU0Z4ZG1uTlNWL3o5VHZGa0F5RkU2SzBzS3ArYjF4MHZaRUdRejF2OWt3WWhUd0dOZWUKczIwZnRaeExOL3YyTDlPc1ZIQ0dBbFFxSk53NkwxZjN4bkJaOGRvTU43Lyt1ejkyVEd1UlFXaWErbkNTenhNQwpGd3N2RjB2UnhVQzg3MGM0S20rYWhjZWk5OVZueGRZVVJmeVdHWFVROWgvRm8veDhvM1V5cTZENHkrUlV6V2FICjNyc3QzYURxdG9YQWwzMHFTb1R3eVZ3QzdoTHBRUTBvWitrTjVTcFVTa0NzOUZzSU1SVUR3VVR6U2t0NEFSQVgKdlNJOTJ1S3k0dlR6MWNZT1BMNUNLeG5FMk1hK3Z5eEgyRGhLR3RBZlVKTEM2QThIbEt4Z3hhazI5cllCNG1qYQpDV1VPbjhRcDM1b0FkR0FQUEJEWFJBYmhKYWtONDJsZURVeGFwcC9zcVBIR2d2R2lnQ3BHc0N2eUlIZW50b1hSCm4xclB1WXp2ajM2MmNVRVFjdm1LRGlFMDBtb2QyR3lHNVBQcGthWUVUNDNMdXUvRXZLYk9nZGhuSU1KQTF2L0gKelYrZnhKMzRqNUtDcXNOZE5MWjBsSDdkRktXQXAwZFRSenByTnNyOTQ5RUpTeEhUcGMzclV3Y3h6V1A4MnUyZAphblhFSWJycTJrbll1b0Q4OXFZdzBtMnNqZm5TRE1iL1Y5akFKQjFMR1o3dnE3Z0pWTWRBTGNiV2s5MUZFc0EvCmhjV2dickU4SzFrNDBSU2F6Wk1jcUpyRW11U3BaVjlRSDVTSjRqY0N2NTcyWXZlTFUvaTV6OHlScWhjVEZVWEsKOHFoMFU5VzFwQjM0RDVNMy9nWGx1UmNFcCtwa2gxQ2g4K0hueWRhQWx3SURBUUFCbzBJd1FEQU9CZ05WSFE4QgpBZjhFQkFNQ0FxUXdEd1lEVlIwVEFRSC9CQVV3QXdFQi96QWRCZ05WSFE0RUZnUVUrTU52WUZ2Y2pLWVVtQXpUCkk3THo1bkRDQk9nd0RRWUpLb1pJaHZjTkFRRUxCUUFEZ2dJQkFMVkpHVGJXM0tMa3BkWm1SMEpmeG8zQ3ZERzEKWVlsM1Z1UnBoMXdZUXNxalBzSklVazdWL2VHSzc1aEdCRnBQUi9aK251ZTVIY1hodFl5V3Z4YkxIRVpFeUhzRwoyaVdlSGVKN1FUU2N3cVgrOW5hL3FUV0p5WFdvTmJFeHpMQ2ZRQ1ZJM3oyc1lMT1kwSkNtNGtlMVlWY2VoWWViClAwYkVMWkJ1M0JOMUFocFhXNzZRSjRHc3ZPcUE0c0VONTc3MWxsMWhuY0NsbGpxQVJyUC9XVU45S1k5SzJFQWMKVVlHMjBvY2VySloyMkNwZUdOeDNweHVrYWF4K3lYcjd0TmZnbWZqTWxMQkxLZlhCR3dlbkZHMkVOM1VlaFZ0aQpiV3VBN21XWWQ4OHM3QWlla3pnVkR6T0t0K0EzRGdEVWZLMDBZZGhGNlY2NHZ3Nm5abkluZ29idUd2Q09KQ3k3ClRNUzhHNFgwZHFuUnEyZEh6Y1VLMnBUWFJWUXFmbnBjYVV4eVduenBPYzd1aVAwK1VHdDdxMGsxd0JMOTh4NUQKVXRza3dxUENFNFM3RmxsN2lFV1VTc09BNmZMcXhLdS8vM0Z4OVF5bzRPQ0g4WWJ3bzRpTzEyWmtlWXhWQnZ5RgpuUnMvVGIwRHdCdGdIYUYvYW9FOElDZXJleGdzVFk0ZGNXWlNTcjNINnV1VlJpUzhGZlgvV3Q1Ti9vdU83eDNPCjJDeXExNDVDdkR5dTIwanA0cHcyWE5RM3JVRXVqYVRwcTYwQnNjd1QybllkRGxiWmw4K3NDMFRFR3BSaWVwOFoKaG43a0RQNUUrYTQ5Mmd5QVNRN091bHgyNTBpc3IrOXRPVjAvVjZKWElEb3h2UjdwMCs4bmhkbDhRa1NnS216OApCT2p2WEdMekl6aDB5L0NiCi0tLS0tRU5EIENFUlRJRklDQVRFLS0tLS0K",
                "host": "https://vplabs-test-aks-cluster-qjzfoblf.hcp.westus.azmk8s.io:443",
                "password": "8jpe6n6pzeg6yx23vhm621081vrausnkjbijex4xyqun9o2u1yh2k6p7dj25juv1n2x0oisgskgfmgnhs7iwuta01on0gvi2jr0ah6gx0frsg2mlse0nah89wklqwcx1",
                "username": "clusterAdmin_vplabs-test-aks-resource-group_vplabs-test-aks-cluster"
              }
            ],
            "kube_admin_config_raw": "apiVersion: v1\nclusters:\n- cluster:\n    certificate-authority-data: LS0tLS1CRUdJTiBDRVJUSUZJQ0FURS0tLS0tCk1JSUU2RENDQXRDZ0F3SUJBZ0lRR09sc1ppQTlpM3VFK2V2SFc4WUphakFOQmdrcWhraUc5dzBCQVFzRkFEQU4KTVFzd0NRWURWUVFERXdKallUQWdGdzB5TlRBeU1qUXhNekUxTXpkYUdBOHlNRFUxTURJeU5ERXpNalV6TjFvdwpEVEVMTUFrR0ExVUVBeE1DWTJFd2dnSWlNQTBHQ1NxR1NJYjNEUUVCQVFVQUE0SUNEd0F3Z2dJS0FvSUNBUURMCklxaWsxQWdKUnNSanVDU0Z4ZG1uTlNWL3o5VHZGa0F5RkU2SzBzS3ArYjF4MHZaRUdRejF2OWt3WWhUd0dOZWUKczIwZnRaeExOL3YyTDlPc1ZIQ0dBbFFxSk53NkwxZjN4bkJaOGRvTU43Lyt1ejkyVEd1UlFXaWErbkNTenhNQwpGd3N2RjB2UnhVQzg3MGM0S20rYWhjZWk5OVZueGRZVVJmeVdHWFVROWgvRm8veDhvM1V5cTZENHkrUlV6V2FICjNyc3QzYURxdG9YQWwzMHFTb1R3eVZ3QzdoTHBRUTBvWitrTjVTcFVTa0NzOUZzSU1SVUR3VVR6U2t0NEFSQVgKdlNJOTJ1S3k0dlR6MWNZT1BMNUNLeG5FMk1hK3Z5eEgyRGhLR3RBZlVKTEM2QThIbEt4Z3hhazI5cllCNG1qYQpDV1VPbjhRcDM1b0FkR0FQUEJEWFJBYmhKYWtONDJsZURVeGFwcC9zcVBIR2d2R2lnQ3BHc0N2eUlIZW50b1hSCm4xclB1WXp2ajM2MmNVRVFjdm1LRGlFMDBtb2QyR3lHNVBQcGthWUVUNDNMdXUvRXZLYk9nZGhuSU1KQTF2L0gKelYrZnhKMzRqNUtDcXNOZE5MWjBsSDdkRktXQXAwZFRSenByTnNyOTQ5RUpTeEhUcGMzclV3Y3h6V1A4MnUyZAphblhFSWJycTJrbll1b0Q4OXFZdzBtMnNqZm5TRE1iL1Y5akFKQjFMR1o3dnE3Z0pWTWRBTGNiV2s5MUZFc0EvCmhjV2dickU4SzFrNDBSU2F6Wk1jcUpyRW11U3BaVjlRSDVTSjRqY0N2NTcyWXZlTFUvaTV6OHlScWhjVEZVWEsKOHFoMFU5VzFwQjM0RDVNMy9nWGx1UmNFcCtwa2gxQ2g4K0hueWRhQWx3SURBUUFCbzBJd1FEQU9CZ05WSFE4QgpBZjhFQkFNQ0FxUXdEd1lEVlIwVEFRSC9CQVV3QXdFQi96QWRCZ05WSFE0RUZnUVUrTU52WUZ2Y2pLWVVtQXpUCkk3THo1bkRDQk9nd0RRWUpLb1pJaHZjTkFRRUxCUUFEZ2dJQkFMVkpHVGJXM0tMa3BkWm1SMEpmeG8zQ3ZERzEKWVlsM1Z1UnBoMXdZUXNxalBzSklVazdWL2VHSzc1aEdCRnBQUi9aK251ZTVIY1hodFl5V3Z4YkxIRVpFeUhzRwoyaVdlSGVKN1FUU2N3cVgrOW5hL3FUV0p5WFdvTmJFeHpMQ2ZRQ1ZJM3oyc1lMT1kwSkNtNGtlMVlWY2VoWWViClAwYkVMWkJ1M0JOMUFocFhXNzZRSjRHc3ZPcUE0c0VONTc3MWxsMWhuY0NsbGpxQVJyUC9XVU45S1k5SzJFQWMKVVlHMjBvY2VySloyMkNwZUdOeDNweHVrYWF4K3lYcjd0TmZnbWZqTWxMQkxLZlhCR3dlbkZHMkVOM1VlaFZ0aQpiV3VBN21XWWQ4OHM3QWlla3pnVkR6T0t0K0EzRGdEVWZLMDBZZGhGNlY2NHZ3Nm5abkluZ29idUd2Q09KQ3k3ClRNUzhHNFgwZHFuUnEyZEh6Y1VLMnBUWFJWUXFmbnBjYVV4eVduenBPYzd1aVAwK1VHdDdxMGsxd0JMOTh4NUQKVXRza3dxUENFNFM3RmxsN2lFV1VTc09BNmZMcXhLdS8vM0Z4OVF5bzRPQ0g4WWJ3bzRpTzEyWmtlWXhWQnZ5RgpuUnMvVGIwRHdCdGdIYUYvYW9FOElDZXJleGdzVFk0ZGNXWlNTcjNINnV1VlJpUzhGZlgvV3Q1Ti9vdU83eDNPCjJDeXExNDVDdkR5dTIwanA0cHcyWE5RM3JVRXVqYVRwcTYwQnNjd1QybllkRGxiWmw4K3NDMFRFR3BSaWVwOFoKaG43a0RQNUUrYTQ5Mmd5QVNRN091bHgyNTBpc3IrOXRPVjAvVjZKWElEb3h2UjdwMCs4bmhkbDhRa1NnS216OApCT2p2WEdMekl6aDB5L0NiCi0tLS0tRU5EIENFUlRJRklDQVRFLS0tLS0K\n    server: https://vplabs-test-aks-cluster-qjzfoblf.hcp.westus.azmk8s.io:443\n  name: vplabs-test-aks-cluster\ncontexts:\n- context:\n    cluster: vplabs-test-aks-cluster\n    user: clusterAdmin_vplabs-test-aks-resource-group_vplabs-test-aks-cluster\n  name: vplabs-test-aks-cluster\ncurrent-context: vplabs-test-aks-cluster\nkind: Config\npreferences: {}\nusers:\n- name: clusterAdmin_vplabs-test-aks-resource-group_vplabs-test-aks-cluster\n  user:\n    client-certificate-data: LS0tLS1CRUdJTiBDRVJUSUZJQ0FURS0tLS0tCk1JSUZIakNDQXdhZ0F3SUJBZ0lSQUpJSHVWQ09MMmdGVjJnVitRUFFZSUl3RFFZSktvWklodmNOQVFFTEJRQXcKRFRFTE1Ba0dBMVVFQXhNQ1kyRXdIaGNOTWpVd01qSTBNVE14TlRNM1doY05NamN3TWpJME1UTXlOVE0zV2pBdwpNUmN3RlFZRFZRUUtFdzV6ZVhOMFpXMDZiV0Z6ZEdWeWN6RVZNQk1HQTFVRUF4TU1iV0Z6ZEdWeVkyeHBaVzUwCk1JSUNJakFOQmdrcWhraUc5dzBCQVFFRkFBT0NBZzhBTUlJQ0NnS0NBZ0VBeEJFanVJVW54dW82OFN5a2pReEkKaVZ4VnVwblFha3ZYVGIyK0VhMm9SUE0waDhlUk9lNkIwbFVKRmRNbmZWN29hcThDTDZ0RUJHOXdxYzhUWW4wdwpBQTZXTkEzNkdRUXBwZHBhVHdCT2hpbnBnVHdZcEI2ZHhwT0Nrd01uNGZwRVpYaEEzRzRBalJtS2RSSnUzRnVQCmVPTVV6dkJnSGd6SmtSV1lDaG9SaW5kVTNLUVU1dmhkL3hvb0x5djBGRkp4TmJ6NmFDUEpMa3lQQU5UZ3YzZkcKeVQ3LzVHZSttdEZnVm9uRGg0aVBsNzQwd296RGt0YkhMdUNVYjZiZU9kWkpjcjRJNWZGWFpaRWltYUVhcXo5UQpOWlFkN2xTbFhqSlZrV0hISjc2QjdTT25UUVczdkdvb0dra1lodUdIRXphME8rdVU1YkpwTS9CVjJ6cEJBbjZsClNxRUhES2pubytuK3EvNERTSityekhSVWxZVVI3Um1rWS9MSWplT1IwUkFKSW5YdHFhaXI0MGd3Z0UvblQ4UjMKMS91ZU9XWi91Mk0zeGdTazNMdmtyZUtIUnVIUnJtS3hPNFJrSWtiejJnUVJxVW54dm1tYjFQSDJJUW5hbTZUMQp4bm5UclVmVitiRWtVZmQzMWxveThTcXdQL2dpRVl3VllGN1pBQko5SEIySXVlMWJNU094VFJ3VlY0R1p4cDlyCmJ4c2xRSDdSTkxpbnZOVEJEOWg3aWIvTm1UdGlsamxwZlduTldUeHcvWXpuY2gzcnpMZ05qczY5NnJOOTVKcGkKcFBNK254WGhSRWFoaHVwQlhaTHIyWFQxaHZHdmhHRnBRcUhKaERGcGlmK01SRDZIaGtxUklkOWYwODYvT3NZbwpRdjRCZHpqYzFLUlVYdzR5aGFsTTR1RUNBd0VBQWFOV01GUXdEZ1lEVlIwUEFRSC9CQVFEQWdXZ01CTUdBMVVkCkpRUU1NQW9HQ0NzR0FRVUZCd01DTUF3R0ExVWRFd0VCL3dRQ01BQXdId1lEVlIwakJCZ3dGb0FVK01OdllGdmMKaktZVW1BelRJN0x6NW5EQ0JPZ3dEUVlKS29aSWh2Y05BUUVMQlFBRGdnSUJBR1krUitabHNVb1ZpL21ZQVJ4UApOQVdMcUxrYXplV0pGdUY5Q3Q2UGlRV3Jia3BGWGRmSXkrWFNhQnkzNStodnlGZ1N5TDlvM3F1VFpPN3NrT004CnZVNVBPTlpsQXEySy9LRENWRzRGMnpiNTFuLzhtcDkzY09IQUNhaGZQL0lMbmJuakg4aXhXUHJmdStUV3RzK2kKS0xsdFZFbTJ3SDB3SnFzQUQ4VlNTaDVGclBxUlYvY0ZmREtaSFVYRUlIcVZ5alo5SEFmV0tjSWh4RGhDeXVoRgo2V2V4LzZIZnBQS1lkTThjZTM3dHE3dzR4dUl2UEl3cngxSnV0M2tQaGRBbVNkMUFjbTZVbWNObjhQanpMZHE3ClJTcEdzczJLSVgzSjh5ZHBGU1VpVUZPSGtMZktITEUyM0lJcytnMzFPaTNQVWp0eE9xVHl3OGNsL2VqZVZwcHUKWEcwcERUL1dYNFo5U3RzL3p1bktUdHZTNktKbDExbTlwZlNtVzAvSU92ODVSZS9EVjV0MXIrU2QvalkzYkUxSQpnL1lCZkNKTUhKM3pPZUVrczZlbjJIWHArTmtwODNDYnlXUmQ5aWtpUVh5emZlUUhWUkVBbUJRdHNrT1BMcWpOCno4blR2ZVJvZVlKUkk3Wjk3a0Nqc3R6L0tJUlUvMU81TklxVDB2T0Jwd1hPY3E0dmZhU3RDdkdCSmg0SUFIYkYKVjA2ckRRU3dPVldIbzV1R3hYam9XYnE2OERBRzRsUmdvVy9MK0tUcGtQN0VtazFCeWF5VHExK2ROckliMERXQgpSd1k2cTBzNldzNkl1YmdtU1RVdXlnWThUcUM3WmhocGxFdUNqUlZqNTd5VmNWc3NCbk1kc08xVDVINHNGcTUrCmVYTDJtQWtHZzBQSjBIbkFXRFFzaUNSWQotLS0tLUVORCBDRVJUSUZJQ0FURS0tLS0tCg==\n    client-key-data: LS0tLS1CRUdJTiBSU0EgUFJJVkFURSBLRVktLS0tLQpNSUlKS1FJQkFBS0NBZ0VBeEJFanVJVW54dW82OFN5a2pReElpVnhWdXBuUWFrdlhUYjIrRWEyb1JQTTBoOGVSCk9lNkIwbFVKRmRNbmZWN29hcThDTDZ0RUJHOXdxYzhUWW4wd0FBNldOQTM2R1FRcHBkcGFUd0JPaGlucGdUd1kKcEI2ZHhwT0Nrd01uNGZwRVpYaEEzRzRBalJtS2RSSnUzRnVQZU9NVXp2QmdIZ3pKa1JXWUNob1JpbmRVM0tRVQo1dmhkL3hvb0x5djBGRkp4TmJ6NmFDUEpMa3lQQU5UZ3YzZkd5VDcvNUdlK210RmdWb25EaDRpUGw3NDB3b3pECmt0YkhMdUNVYjZiZU9kWkpjcjRJNWZGWFpaRWltYUVhcXo5UU5aUWQ3bFNsWGpKVmtXSEhKNzZCN1NPblRRVzMKdkdvb0dra1lodUdIRXphME8rdVU1YkpwTS9CVjJ6cEJBbjZsU3FFSERLam5vK24rcS80RFNKK3J6SFJVbFlVUgo3Um1rWS9MSWplT1IwUkFKSW5YdHFhaXI0MGd3Z0UvblQ4UjMxL3VlT1daL3UyTTN4Z1NrM0x2a3JlS0hSdUhSCnJtS3hPNFJrSWtiejJnUVJxVW54dm1tYjFQSDJJUW5hbTZUMXhublRyVWZWK2JFa1VmZDMxbG95OFNxd1AvZ2kKRVl3VllGN1pBQko5SEIySXVlMWJNU094VFJ3VlY0R1p4cDlyYnhzbFFIN1JOTGludk5UQkQ5aDdpYi9ObVR0aQpsamxwZlduTldUeHcvWXpuY2gzcnpMZ05qczY5NnJOOTVKcGlwUE0rbnhYaFJFYWhodXBCWFpMcjJYVDFodkd2CmhHRnBRcUhKaERGcGlmK01SRDZIaGtxUklkOWYwODYvT3NZb1F2NEJkempjMUtSVVh3NHloYWxNNHVFQ0F3RUEKQVFLQ0FnQVVDZFJteFdVZFZVOFUyd1V1VFRVVXBOVTJMd1kzOXV4WVM2NGpUR1pJTmJzR3JZVFFNT29mdndVZwpyK1gzVUQzY3VXbzF5UUU0bXRNZTU4VUphZFlBQzMyYWNGdEJOMFd5WjdDWEptYmdHMlI4Q3RKUjQ3Y29WbWNmCjgxQ2VMZC9UcHdpcC9xd2J2NktBK0pOUC9pT1pyVXV4SXF3UUppcHJvNU5ZWlBXcCt5dzNLS1hpUFR3T0dIUkcKN2UwU0xxTFhaU3NLZmEzUUI0OE4vTFBEbmRBNVBURVYvT3hrRWtZUVVpQWp0L2RGQVBHUGVLZDhXR3NmQldEbQpVRjJoOTU2bUZYbi9WajBpYWtUcEFxZ2hIR1ZzTkdraXRJLzZJcGJRTnZnTnZkQzFsZEZCYy9ZbFVZd3JzNURJCktFQ1AzQ1ZyZ2xaRGE0cUkvbVVuOUxvME1SRmZjMjJQTU4yL3hpTEE1cTc4T09RZkw0b3YzVC9HRktKS0lzZDMKWVJnTytxRVlNclhtMEViM2hWVkIvd0MvSDluZ3c1SDRENU5DbDIxejREeCthc1RTR2Urbnd2SDRRYVh5MzZRZgpiZVh3QWRjZFFkQnAvR0JKZS9TRXo4dkdkaU15OUFnTzRjSnBFSkVTTGtKeDN2ZWZrSmozVlJQNVNDdERDMGhKClNTKzh1Y3BsencxbjRqbDBiU2d2Z3FJUm02N3NPNzI1NUJrMTJzRStwelJYK1NDc1F2aVRMUEN5MmpmUzh0M1QKMzF2MlRyTkxBUTNwczZBa2cwMEpFSTArZFJHb3psVXpzUTBsenNxcFhJcEpuRnE3V0tMNDRiZ29aenYrNVp3cApNeUVjYmd1a3grRDAwSlhmcVFwTzNnVjY1Uzk4M0Z2RE5jUC94R085SlVKVjBoUk40UUtDQVFFQTRsdmxpMS9pCm9rN1RmZm4zWm5FRG5UU1NvYndsSFZlL0JJUzc0QUsxMitEVHB2RTZBYzc1OGEvSWJEK2c4Sk9HdkFrZ2JZT3EKOWR3M0FhTE5naS9ZZzl0NThYVjg3WXRqMjA2UGRRUW1uV2h2UXZSSnlzd3VDN3ROMlprTk5ZUXBEaTVUcktXSApzZW9CdVZUalEwdVE4ZVpCd0s1UkNMVGpENjB1WXdsOFhTUGg5emtEK0NCY1daRmIyWW5Jb1V5a0xtRllLcTlaCjJQd0swZis2NjZaL1hjYXhWczBIcWw5OGVtMStEV3JRSHZtbDVqdi9oMWszcGdNMVJ2bWRQZUlKMGNob05ON04KbFBUM0NWMHNxY3pjMmUxVC90YjYvRXp1RU53WndPNm5QelNxSGhVUXBESHNwSGRUS3VqTWx5SXhDdzZqMzVvSApXV1Z0YjZDVE1UbUJQUUtDQVFFQTNiM0gycHZWbmg4Ry8yUVlJSWF2N3YrZmlXRFFkSE0zcC9Sa2MvTElQVUJIClV5WDJMajl6aUFHekVFU2NZZlQxUEIxVU8wamhkMTZrbEhYckxHOVF5dXVqM2daTjZIMHh1U3pZMXNhN2I0L08KY0pFNUhvaDlzRU0wUVpYdjVvMHJHRFhkVWhBQXdEeEZ1REEreWN0ZzB5M1R5bEpCMkc5Rnl1QzdpYWFkQklrKwpwSExKSDVjYmQ0RDU4WW5BeGVxQ3FicHhaTUVWTXdhSGthbEl5by9pa2ljVTcxMytEUHpQcmtzd1hxY3NvOElwClR4NTFkRFVqUnZEUWszMWNTMHg2YWhTRnJmM1lLSVYrdGJjODlyYml5dks4MGo0TG1NVDBITzBuejJoVDF1T3YKczRkMFNwM2hRMlR6bUNFQVk2MCtoUlJTdDRyblJJZis5Vm1sUDRFNmRRS0NBUUVBbWozR1YwZGFGZ0VpaWRmMwpwZDFpZWcrbHp3RjJSTjFTc3hDRE9LeUFJVGk4NENmRndBKzZMdDc1OGhFVmFIa09PVGo2Mk1UOGpKV25BYjFlCnpkUXVkQUxzd0FTdndPblhmRXUyNHlTVjczS0hSaGRSNVJkbVZPWW5zUnRpYmRJRmE3MVRsUFFpVjdBOXhueTYKYzFPZGk4ZTdqRUQ3eExRRmVOd29IS0lORlNaclJsdWFnY3dEUWFFVDlsSzEzSHR0OEpDeVZEdXlQSEhhS2FoWgpSVlBwdkF1MU1aRjZKTFQyRERKcHoxaTJRalVZdjU2b2l5RFhFNDlpRVYvcnJveEU1cWJwb3dVakR0b3hMemRIClJOanNzSzdRS25seEF0U2s3K1lhd21XY255d1NzM2JsSlExRDAvbmZPUUR5MEJValdBWjgwZE9TS0c4OXQrK3gKL0x2VGZRS0NBUUIyS0N5WXRyVkx2cWpSNmhwWktxd1JKTEYwV054N1VQSDFVMnM3eGNFaHNtRFBVOGtzdDY3dQphRWxzZjhMOUI3U3R4Y3NlbENWZ29GUCtzQjhTM0hZbXl3M1V2M05BVVlYdmNKQlRVaTZLc2d5Rk96MCtvZWluCnhnZlFjdjhVMFdDSFZCeU5IKzNtZ2JkOUFHaFV5MFRiQXU1NlB2N0xQKy9tdlgzeFNaRWQyNncvb05LL1BKdnMKUUJQdnUwRzN0TkRQZElQNzlrOC9rMWttS3hpWXA3ZEp2ZjJQMTN3S202Um04YlhpbWg1VlhKNzZnL1orWjlwVwpjUGdUdjVjd29KNFNiTUVYQjg3cE9NbGVOemdMRjBVZWM5NWVBYVhZVUFyc1p3cnhvRndjZzlNYVRUR1FtVFJ4CjN4ZFdseTlIN2djRWp1SE0zLzJBTFIrVXlhSWVodFFKQW9JQkFRQ2RnanBYeU5MMksyd2JEeWppMTI5ejlLaWUKZDRsL3JBc0djck5Qa3ByYzZveEg1ZDVHMUxXcmZBcWVTS1F2RzVCUjBsZVlRSFM1RDJzUEVPMFY1N3R6TGFCbwpSUFl4YitINmlIUEVNVndscWk2bFZ4K3MzUnpjREY4T0lKRVFQY2lyRGlYVFVLd1g0TVpBbVA3Z0xRVWNWZGhKCnVuS3dmeU9IZHFKQytBUWRLWXRrK0JsNzF4Mk1mNE5ZL3pnNnNHalFaQ2VhL01KL2FDQ2hqanF4WTVRekx4WjQKQmlGM0ttUFJPSXdYNEZTRk8wTHAvc3h2dDVwd0hsR1dQN3ZrdHpaekE1V2dsS0h6TWJWazljMTlzYVN2T0RGZQpNbjk2eDZMYkxlN04yT3NVTERJcFRHeFFZdkdnZE5qR2VPSUgwNUQ0azlwTTNQZ0FWSW8rTVg0aXRObVcKLS0tLS1FTkQgUlNBIFBSSVZBVEUgS0VZLS0tLS0K\n    token: 8jpe6n6pzeg6yx23vhm621081vrausnkjbijex4xyqun9o2u1yh2k6p7dj25juv1n2x0oisgskgfmgnhs7iwuta01on0gvi2jr0ah6gx0frsg2mlse0nah89wklqwcx1\n",
            "kube_config": [
              {
                "client_certificate": "",
                "client_key": "",
                "cluster_ca_certificate": "LS0tLS1CRUdJTiBDRVJUSUZJQ0FURS0tLS0tCk1JSUU2RENDQXRDZ0F3SUJBZ0lRR09sc1ppQTlpM3VFK2V2SFc4WUphakFOQmdrcWhraUc5dzBCQVFzRkFEQU4KTVFzd0NRWURWUVFERXdKallUQWdGdzB5TlRBeU1qUXhNekUxTXpkYUdBOHlNRFUxTURJeU5ERXpNalV6TjFvdwpEVEVMTUFrR0ExVUVBeE1DWTJFd2dnSWlNQTBHQ1NxR1NJYjNEUUVCQVFVQUE0SUNEd0F3Z2dJS0FvSUNBUURMCklxaWsxQWdKUnNSanVDU0Z4ZG1uTlNWL3o5VHZGa0F5RkU2SzBzS3ArYjF4MHZaRUdRejF2OWt3WWhUd0dOZWUKczIwZnRaeExOL3YyTDlPc1ZIQ0dBbFFxSk53NkwxZjN4bkJaOGRvTU43Lyt1ejkyVEd1UlFXaWErbkNTenhNQwpGd3N2RjB2UnhVQzg3MGM0S20rYWhjZWk5OVZueGRZVVJmeVdHWFVROWgvRm8veDhvM1V5cTZENHkrUlV6V2FICjNyc3QzYURxdG9YQWwzMHFTb1R3eVZ3QzdoTHBRUTBvWitrTjVTcFVTa0NzOUZzSU1SVUR3VVR6U2t0NEFSQVgKdlNJOTJ1S3k0dlR6MWNZT1BMNUNLeG5FMk1hK3Z5eEgyRGhLR3RBZlVKTEM2QThIbEt4Z3hhazI5cllCNG1qYQpDV1VPbjhRcDM1b0FkR0FQUEJEWFJBYmhKYWtONDJsZURVeGFwcC9zcVBIR2d2R2lnQ3BHc0N2eUlIZW50b1hSCm4xclB1WXp2ajM2MmNVRVFjdm1LRGlFMDBtb2QyR3lHNVBQcGthWUVUNDNMdXUvRXZLYk9nZGhuSU1KQTF2L0gKelYrZnhKMzRqNUtDcXNOZE5MWjBsSDdkRktXQXAwZFRSenByTnNyOTQ5RUpTeEhUcGMzclV3Y3h6V1A4MnUyZAphblhFSWJycTJrbll1b0Q4OXFZdzBtMnNqZm5TRE1iL1Y5akFKQjFMR1o3dnE3Z0pWTWRBTGNiV2s5MUZFc0EvCmhjV2dickU4SzFrNDBSU2F6Wk1jcUpyRW11U3BaVjlRSDVTSjRqY0N2NTcyWXZlTFUvaTV6OHlScWhjVEZVWEsKOHFoMFU5VzFwQjM0RDVNMy9nWGx1UmNFcCtwa2gxQ2g4K0hueWRhQWx3SURBUUFCbzBJd1FEQU9CZ05WSFE4QgpBZjhFQkFNQ0FxUXdEd1lEVlIwVEFRSC9CQVV3QXdFQi96QWRCZ05WSFE0RUZnUVUrTU52WUZ2Y2pLWVVtQXpUCkk3THo1bkRDQk9nd0RRWUpLb1pJaHZjTkFRRUxCUUFEZ2dJQkFMVkpHVGJXM0tMa3BkWm1SMEpmeG8zQ3ZERzEKWVlsM1Z1UnBoMXdZUXNxalBzSklVazdWL2VHSzc1aEdCRnBQUi9aK251ZTVIY1hodFl5V3Z4YkxIRVpFeUhzRwoyaVdlSGVKN1FUU2N3cVgrOW5hL3FUV0p5WFdvTmJFeHpMQ2ZRQ1ZJM3oyc1lMT1kwSkNtNGtlMVlWY2VoWWViClAwYkVMWkJ1M0JOMUFocFhXNzZRSjRHc3ZPcUE0c0VONTc3MWxsMWhuY0NsbGpxQVJyUC9XVU45S1k5SzJFQWMKVVlHMjBvY2VySloyMkNwZUdOeDNweHVrYWF4K3lYcjd0TmZnbWZqTWxMQkxLZlhCR3dlbkZHMkVOM1VlaFZ0aQpiV3VBN21XWWQ4OHM3QWlla3pnVkR6T0t0K0EzRGdEVWZLMDBZZGhGNlY2NHZ3Nm5abkluZ29idUd2Q09KQ3k3ClRNUzhHNFgwZHFuUnEyZEh6Y1VLMnBUWFJWUXFmbnBjYVV4eVduenBPYzd1aVAwK1VHdDdxMGsxd0JMOTh4NUQKVXRza3dxUENFNFM3RmxsN2lFV1VTc09BNmZMcXhLdS8vM0Z4OVF5bzRPQ0g4WWJ3bzRpTzEyWmtlWXhWQnZ5RgpuUnMvVGIwRHdCdGdIYUYvYW9FOElDZXJleGdzVFk0ZGNXWlNTcjNINnV1VlJpUzhGZlgvV3Q1Ti9vdU83eDNPCjJDeXExNDVDdkR5dTIwanA0cHcyWE5RM3JVRXVqYVRwcTYwQnNjd1QybllkRGxiWmw4K3NDMFRFR3BSaWVwOFoKaG43a0RQNUUrYTQ5Mmd5QVNRN091bHgyNTBpc3IrOXRPVjAvVjZKWElEb3h2UjdwMCs4bmhkbDhRa1NnS216OApCT2p2WEdMekl6aDB5L0NiCi0tLS0tRU5EIENFUlRJRklDQVRFLS0tLS0K",
                "host": "https://vplabs-test-aks-cluster-qjzfoblf.hcp.westus.azmk8s.io:443",
                "password": "",
                "username": "clusterUser_vplabs-test-aks-resource-group_vplabs-test-aks-cluster"
              }
            ],
            "kube_config_raw": "apiVersion: v1\nclusters:\n- cluster:\n    certificate-authority-data: LS0tLS1CRUdJTiBDRVJUSUZJQ0FURS0tLS0tCk1JSUU2RENDQXRDZ0F3SUJBZ0lRR09sc1ppQTlpM3VFK2V2SFc4WUphakFOQmdrcWhraUc5dzBCQVFzRkFEQU4KTVFzd0NRWURWUVFERXdKallUQWdGdzB5TlRBeU1qUXhNekUxTXpkYUdBOHlNRFUxTURJeU5ERXpNalV6TjFvdwpEVEVMTUFrR0ExVUVBeE1DWTJFd2dnSWlNQTBHQ1NxR1NJYjNEUUVCQVFVQUE0SUNEd0F3Z2dJS0FvSUNBUURMCklxaWsxQWdKUnNSanVDU0Z4ZG1uTlNWL3o5VHZGa0F5RkU2SzBzS3ArYjF4MHZaRUdRejF2OWt3WWhUd0dOZWUKczIwZnRaeExOL3YyTDlPc1ZIQ0dBbFFxSk53NkwxZjN4bkJaOGRvTU43Lyt1ejkyVEd1UlFXaWErbkNTenhNQwpGd3N2RjB2UnhVQzg3MGM0S20rYWhjZWk5OVZueGRZVVJmeVdHWFVROWgvRm8veDhvM1V5cTZENHkrUlV6V2FICjNyc3QzYURxdG9YQWwzMHFTb1R3eVZ3QzdoTHBRUTBvWitrTjVTcFVTa0NzOUZzSU1SVUR3VVR6U2t0NEFSQVgKdlNJOTJ1S3k0dlR6MWNZT1BMNUNLeG5FMk1hK3Z5eEgyRGhLR3RBZlVKTEM2QThIbEt4Z3hhazI5cllCNG1qYQpDV1VPbjhRcDM1b0FkR0FQUEJEWFJBYmhKYWtONDJsZURVeGFwcC9zcVBIR2d2R2lnQ3BHc0N2eUlIZW50b1hSCm4xclB1WXp2ajM2MmNVRVFjdm1LRGlFMDBtb2QyR3lHNVBQcGthWUVUNDNMdXUvRXZLYk9nZGhuSU1KQTF2L0gKelYrZnhKMzRqNUtDcXNOZE5MWjBsSDdkRktXQXAwZFRSenByTnNyOTQ5RUpTeEhUcGMzclV3Y3h6V1A4MnUyZAphblhFSWJycTJrbll1b0Q4OXFZdzBtMnNqZm5TRE1iL1Y5akFKQjFMR1o3dnE3Z0pWTWRBTGNiV2s5MUZFc0EvCmhjV2dickU4SzFrNDBSU2F6Wk1jcUpyRW11U3BaVjlRSDVTSjRqY0N2NTcyWXZlTFUvaTV6OHlScWhjVEZVWEsKOHFoMFU5VzFwQjM0RDVNMy9nWGx1UmNFcCtwa2gxQ2g4K0hueWRhQWx3SURBUUFCbzBJd1FEQU9CZ05WSFE4QgpBZjhFQkFNQ0FxUXdEd1lEVlIwVEFRSC9CQVV3QXdFQi96QWRCZ05WSFE0RUZnUVUrTU52WUZ2Y2pLWVVtQXpUCkk3THo1bkRDQk9nd0RRWUpLb1pJaHZjTkFRRUxCUUFEZ2dJQkFMVkpHVGJXM0tMa3BkWm1SMEpmeG8zQ3ZERzEKWVlsM1Z1UnBoMXdZUXNxalBzSklVazdWL2VHSzc1aEdCRnBQUi9aK251ZTVIY1hodFl5V3Z4YkxIRVpFeUhzRwoyaVdlSGVKN1FUU2N3cVgrOW5hL3FUV0p5WFdvTmJFeHpMQ2ZRQ1ZJM3oyc1lMT1kwSkNtNGtlMVlWY2VoWWViClAwYkVMWkJ1M0JOMUFocFhXNzZRSjRHc3ZPcUE0c0VONTc3MWxsMWhuY0NsbGpxQVJyUC9XVU45S1k5SzJFQWMKVVlHMjBvY2VySloyMkNwZUdOeDNweHVrYWF4K3lYcjd0TmZnbWZqTWxMQkxLZlhCR3dlbkZHMkVOM1VlaFZ0aQpiV3VBN21XWWQ4OHM3QWlla3pnVkR6T0t0K0EzRGdEVWZLMDBZZGhGNlY2NHZ3Nm5abkluZ29idUd2Q09KQ3k3ClRNUzhHNFgwZHFuUnEyZEh6Y1VLMnBUWFJWUXFmbnBjYVV4eVduenBPYzd1aVAwK1VHdDdxMGsxd0JMOTh4NUQKVXRza3dxUENFNFM3RmxsN2lFV1VTc09BNmZMcXhLdS8vM0Z4OVF5bzRPQ0g4WWJ3bzRpTzEyWmtlWXhWQnZ5RgpuUnMvVGIwRHdCdGdIYUYvYW9FOElDZXJleGdzVFk0ZGNXWlNTcjNINnV1VlJpUzhGZlgvV3Q1Ti9vdU83eDNPCjJDeXExNDVDdkR5dTIwanA0cHcyWE5RM3JVRXVqYVRwcTYwQnNjd1QybllkRGxiWmw4K3NDMFRFR3BSaWVwOFoKaG43a0RQNUUrYTQ5Mmd5QVNRN091bHgyNTBpc3IrOXRPVjAvVjZKWElEb3h2UjdwMCs4bmhkbDhRa1NnS216OApCT2p2WEdMekl6aDB5L0NiCi0tLS0tRU5EIENFUlRJRklDQVRFLS0tLS0K\n    server: https://vplabs-test-aks-cluster-qjzfoblf.hcp.westus.azmk8s.io:443\n  name: vplabs-test-aks-cluster\ncontexts:\n- context:\n    cluster: vplabs-test-aks-cluster\n    user: clusterUser_vplabs-test-aks-resource-group_vplabs-test-aks-cluster\n  name: vplabs-test-aks-cluster\ncurrent-context: vplabs-test-aks-cluster\nkind: Config\npreferences: {}\nusers:\n- name: clusterUser_vplabs-test-aks-resource-group_vplabs-test-aks-cluster\n  user:\n    exec:\n      apiVersion: client.authentication.k8s.io/v1beta1\n      args:\n      - get-token\n      - --environment\n      - AzurePublicCloud\n      - --server-id\n      - 6dae42f8-4368-4678-94ff-3960e28e3630\n      - --client-id\n      - 80faf920-1908-4b52-b5ef-a8e7bedfc67a\n      - --tenant-id\n      - a00ac532-c5ba-41e0-8663-cdd7b34ba3d0\n      - --login\n      - devicecode\n      command: kubelogin\n      env: null\n      installHint: |2\n\n        kubelogin is not installed which is required to connect to AAD enabled cluster.\n\n        To learn more, please go to https://aka.ms/aks/kubelogin\n      provideClusterInfo: false\n",
            "kubelet_identity": [
              {
                "client_id": "7a17e675-943f-47a8-914f-0ccd3dd3845a",
                "object_id": "a2a3f451-61a7-4070-9f35-23210a8bb232",
                "user_assigned_identity_id": "/subscriptions/bfe0322d-aa0d-4109-920b-79ee17b30333/resourceGroups/vplabs-test-aks-cluster-rg/providers/Microsoft.ManagedIdentity/userAssignedIdentities/vplabs-test-aks-cluster-agentpool"
              }
            ],
            "kubernetes_version": "1.31.3",
            "linux_profile": [
              {
                "admin_username": "ubuntu",
                "ssh_key": [
                  {
                    "key_data": "ssh-rsa AAAAB3NzaC1yc2EAAAADAQABAAABAQDin1rUfk7VVn5U/k98abpSrF/tadn5xOLYDjT0calQR8LJ7t3EJuzhSslXfOOH0yIv7b3zt8uMevJOO/wJP13C6sBoiR95rBosKDLwR5TiKfEyXaVyfeLMMT9tkn5HWU/qZscamCePS1uKaJ1PD+iRWKEmDRNxJCbRiqMQGx1TD/chwUflLr3qXHbRLWIbNrACyB2eLAyl4reuME4zdAX/7IsC9dNitbeyzsn6BCYPdiaFH5cuQv1VDds8wum9cC1pQp0+Jbh+VldIwwHUD7fPl+ABu+Hz7NRy5bGcfA/pbUlgsllNd/Wb776o2tYJyiT7+c9jE9E874Zl1Zg/2pXN\n"
                  }
                ]
              }
            ],
            "location": "westus",
            "microsoft_defender": [],
            "name": "vplabs-test-aks-cluster",
            "network_profile": [
              {
                "dns_service_ip": "172.16.0.10",
                "docker_bridge_cidr": "",
                "load_balancer_sku": "standard",
                "network_plugin": "azure",
                "network_policy": "none",
                "pod_cidr": "",
                "service_cidr": "172.16.0.0/16"
              }
            ],
            "node_resource_group": "vplabs-test-aks-cluster-rg",
            "node_resource_group_id": "/subscriptions/bfe0322d-aa0d-4109-920b-79ee17b30333/resourceGroups/vplabs-test-aks-cluster-rg",
            "oidc_issuer_enabled": true,
            "oidc_issuer_url": "https://westus.oic.prod-aks.azure.com/a00ac532-c5ba-41e0-8663-cdd7b34ba3d0/5e4f82bb-034e-4223-ab60-860c570888d4/",
            "oms_agent": [
              {
                "log_analytics_workspace_id": "/subscriptions/bfe0322d-aa0d-4109-920b-79ee17b30333/resourceGroups/vplabs-test-aks-resource-group/providers/Microsoft.OperationalInsights/workspaces/vplabs-test-log-analytics-workspace",
                "msi_auth_for_monitoring_enabled": false,
                "oms_agent_identity": [
                  {
                    "client_id": "5c1b51d8-6eb0-4ab9-9952-96857fc08efc",
                    "object_id": "faf7bc24-1c79-4e21-a3ba-0202cde0afe3",
                    "user_assigned_identity_id": "/subscriptions/bfe0322d-aa0d-4109-920b-79ee17b30333/resourcegroups/vplabs-test-aks-cluster-rg/providers/Microsoft.ManagedIdentity/userAssignedIdentities/omsagent-vplabs-test-aks-cluster"
                  }
                ]
              }
            ],
            "open_service_mesh_enabled": false,
            "private_cluster_enabled": null,
            "private_fqdn": "",
            "resource_group_name": "vplabs-test-aks-resource-group",
            "role_based_access_control_enabled": true,
            "service_mesh_profile": [],
            "service_principal": [
              {
                "client_id": "msi"
              }
            ],
            "storage_profile": [
              {
                "blob_driver_enabled": false,
                "disk_driver_enabled": true,
                "file_driver_enabled": true,
                "snapshot_controller_enabled": true
              }
            ],
            "tags": {
              "company_issuing_app_id": "",
              "environment": "test",
              "owner": "vplabs"
            },
            "timeouts": null,
            "windows_profile": [
              {
                "admin_username": "azureuser"
              }
            ]
          },
          "sensitive_attributes": []
        }
      ]
    },
    {
      "mode": "data",
      "type": "azurerm_resource_group",
      "name": "aks",
      "provider": "provider[\"registry.terraform.io/hashicorp/azurerm\"]",
      "instances": [
        {
          "schema_version": 0,
          "attributes": {
            "id": "/subscriptions/bfe0322d-aa0d-4109-920b-79ee17b30333/resourceGroups/vplabs-test-aks-resource-group",
            "location": "westus",
            "managed_by": "",
            "name": "vplabs-test-aks-resource-group",
            "tags": {},
            "timeouts": null
          },
          "sensitive_attributes": []
        }
      ]
    },
    {
      "mode": "data",
      "type": "azurerm_subscription",
      "name": "current",
      "provider": "provider[\"registry.terraform.io/hashicorp/azurerm\"]",
      "instances": [
        {
          "schema_version": 0,
          "attributes": {
            "display_name": "Azure subscription 1",
            "id": "/subscriptions/bfe0322d-aa0d-4109-920b-79ee17b30333",
            "location_placement_id": "Public_2014-09-01",
            "quota_id": "FreeTrial_2014-09-01",
            "spending_limit": "On",
            "state": "Enabled",
            "subscription_id": "bfe0322d-aa0d-4109-920b-79ee17b30333",
            "tags": {},
            "tenant_id": "a00ac532-c5ba-41e0-8663-cdd7b34ba3d0",
            "timeouts": null
          },
          "sensitive_attributes": []
        }
      ]
    },
    {
      "mode": "data",
      "type": "azurerm_user_assigned_identity",
      "name": "existing_user_assigned_identity",
      "provider": "provider[\"registry.terraform.io/hashicorp/azurerm\"]",
      "instances": [
        {
          "index_key": 0,
          "schema_version": 0,
          "attributes": {
            "client_id": "270d392c-e737-4406-9279-453683f5c5c3",
            "id": "/subscriptions/bfe0322d-aa0d-4109-920b-79ee17b30333/resourceGroups/vplabs-test-aks-resource-group/providers/Microsoft.ManagedIdentity/userAssignedIdentities/vplabs-test-github-actions-identity",
            "location": "westus",
            "name": "vplabs-test-github-actions-identity",
            "principal_id": "4d463de9-9925-4a36-b898-9156791cdee1",
            "resource_group_name": "vplabs-test-aks-resource-group",
            "tags": {},
            "tenant_id": "a00ac532-c5ba-41e0-8663-cdd7b34ba3d0",
            "timeouts": null
          },
          "sensitive_attributes": []
        }
      ]
    },
    {
      "mode": "managed",
      "type": "kubernetes_ingress_v1",
      "name": "example",
      "provider": "provider[\"registry.terraform.io/hashicorp/kubernetes\"]",
      "instances": [
        {
          "index_key": 0,
          "schema_version": 0,
          "attributes": {
            "id": "default/ingress",
            "metadata": [
              {
                "annotations": {
                  "appgw.ingress.kubernetes.io/health-probe-status-codes": "200-499",
                  "appgw.ingress.kubernetes.io/ssl-redirect": "true",
                  "cert-manager.io/acme-challenge-type": "http01",
                  "cert-manager.io/cluster-issuer": "letsencrypt",
                  "kubernetes.io/ingress.class": "nginx"
                },
                "generate_name": "",
                "generation": 2,
                "labels": {},
                "name": "ingress",
                "namespace": "default",
                "resource_version": "29621",
                "uid": "0532604f-facc-4a00-bfab-10ec01c25f44"
              }
            ],
            "spec": [
              {
                "default_backend": [],
                "ingress_class_name": "",
                "rule": [
                  {
                    "host": "admin.nanolearn.co",
                    "http": [
                      {
                        "path": [
                          {
                            "backend": [
                              {
                                "resource": [],
                                "service": [
                                  {
                                    "name": "vp-labs-search-admin-api-service-shared-service",
                                    "port": [
                                      {
                                        "name": "",
                                        "number": 80
                                      }
                                    ]
                                  }
                                ]
                              }
                            ],
                            "path": "/",
                            "path_type": "Prefix"
                          }
                        ]
                      }
                    ]
                  },
                  {
                    "host": "search.nanolearn.co",
                    "http": [
                      {
                        "path": [
                          {
                            "backend": [
                              {
                                "resource": [],
                                "service": [
                                  {
                                    "name": "vp-labs-search-inference-api-service-shared-service",
                                    "port": [
                                      {
                                        "name": "",
                                        "number": 80
                                      }
                                    ]
                                  }
                                ]
                              }
                            ],
                            "path": "/",
                            "path_type": "Prefix"
                          }
                        ]
                      }
                    ]
                  }
                ],
                "tls": [
                  {
                    "hosts": [
                      "nanolearn.co"
                    ],
                    "secret_name": "tls-secret"
                  }
                ]
              }
            ],
            "status": [
              {
                "load_balancer": [
                  {
                    "ingress": [
                      {
                        "hostname": "",
                        "ip": "40.112.130.225"
                      }
                    ]
                  }
                ]
              }
            ],
            "timeouts": null,
            "wait_for_load_balancer": true
          },
          "sensitive_attributes": [],
          "private": "eyJlMmJmYjczMC1lY2FhLTExZTYtOGY4OC0zNDM2M2JjN2M0YzAiOnsiY3JlYXRlIjoxMjAwMDAwMDAwMDAwLCJkZWxldGUiOjEyMDAwMDAwMDAwMDB9fQ==",
          "dependencies": [
            "data.azurerm_kubernetes_cluster.aks"
          ]
        }
      ]
    },
    {
      "module": "module.aks_cluster",
      "mode": "data",
      "type": "azurerm_kubernetes_service_versions",
      "name": "current",
      "provider": "provider[\"registry.terraform.io/hashicorp/azurerm\"]",
      "instances": [
        {
          "schema_version": 0,
          "attributes": {
            "default_version": "1.30.7",
            "id": "/subscriptions/bfe0322d-aa0d-4109-920b-79ee17b30333/providers/Microsoft.ContainerService/locations/westus",
            "include_preview": false,
            "latest_version": "1.31.3",
            "location": "westus",
            "timeouts": null,
            "version_prefix": null,
            "versions": [
              "1.31.3",
              "1.31.2",
              "1.31.1",
              "1.30.7",
              "1.30.6",
              "1.30.5",
              "1.30.4",
              "1.30.3",
              "1.30.2",
              "1.30.1",
              "1.30.0",
              "1.29.11",
              "1.29.10",
              "1.29.9",
              "1.29.8",
              "1.29.7",
              "1.29.6",
              "1.29.5",
              "1.29.4",
              "1.29.2",
              "1.29.0",
              "1.28.15",
              "1.28.14",
              "1.28.13",
              "1.28.12",
              "1.28.11",
              "1.28.10",
              "1.28.9",
              "1.28.5",
              "1.28.3",
              "1.28.0"
            ]
          },
          "sensitive_attributes": []
        }
      ]
    },
    {
      "module": "module.aks_cluster",
      "mode": "managed",
      "type": "azurerm_kubernetes_cluster",
      "name": "aks_cluster",
      "provider": "provider[\"registry.terraform.io/hashicorp/azurerm\"]",
      "instances": [
        {
          "schema_version": 2,
          "attributes": {
            "aci_connector_linux": [],
            "api_server_access_profile": [],
            "auto_scaler_profile": [
              {
                "balance_similar_node_groups": false,
                "daemonset_eviction_for_empty_nodes_enabled": false,
                "daemonset_eviction_for_occupied_nodes_enabled": true,
                "empty_bulk_delete_max": "10",
                "expander": "random",
                "ignore_daemonsets_utilization_enabled": false,
                "max_graceful_termination_sec": "600",
                "max_node_provisioning_time": "15m",
                "max_unready_nodes": 3,
                "max_unready_percentage": 45,
                "new_pod_scale_up_delay": "0s",
                "scale_down_delay_after_add": "10m",
                "scale_down_delay_after_delete": "10s",
                "scale_down_delay_after_failure": "3m",
                "scale_down_unneeded": "10m",
                "scale_down_unready": "20m",
                "scale_down_utilization_threshold": "0.5",
                "scan_interval": "10s",
                "skip_nodes_with_local_storage": false,
                "skip_nodes_with_system_pods": true
              }
            ],
            "automatic_upgrade_channel": "",
            "azure_active_directory_role_based_access_control": [
              {
                "admin_group_object_ids": [
                  "602f17b5-e7d2-4e1e-af62-033eea7482c9"
                ],
                "azure_rbac_enabled": false,
                "tenant_id": "a00ac532-c5ba-41e0-8663-cdd7b34ba3d0"
              }
            ],
            "azure_policy_enabled": false,
            "confidential_computing": [],
            "cost_analysis_enabled": false,
            "current_kubernetes_version": "1.31.3",
            "default_node_pool": [
              {
                "auto_scaling_enabled": true,
                "capacity_reservation_group_id": "",
                "fips_enabled": false,
                "gpu_instance": "",
                "host_encryption_enabled": false,
                "host_group_id": "",
                "kubelet_config": [],
                "kubelet_disk_type": "OS",
                "linux_os_config": [],
                "max_count": 2,
                "max_pods": 30,
                "min_count": 1,
                "name": "vplabsapl",
                "node_count": 1,
                "node_labels": {
                  "node_app": "adminapps",
                  "node_type": "shared"
                },
                "node_network_profile": [],
                "node_public_ip_enabled": false,
                "node_public_ip_prefix_id": "",
                "only_critical_addons_enabled": false,
                "orchestrator_version": "1.31.3",
                "os_disk_size_gb": 30,
                "os_disk_type": "Managed",
                "os_sku": "Ubuntu",
                "pod_subnet_id": "",
                "proximity_placement_group_id": "",
                "scale_down_mode": "Delete",
                "snapshot_id": "",
                "tags": {
                  "company_issuing_app_id": "",
                  "environment": "test",
                  "owner": "vplabs"
                },
                "temporary_name_for_rotation": "",
                "type": "VirtualMachineScaleSets",
                "ultra_ssd_enabled": false,
                "upgrade_settings": [
                  {
                    "drain_timeout_in_minutes": 0,
                    "max_surge": "10%",
                    "node_soak_duration_in_minutes": 0
                  }
                ],
                "vm_size": "Standard_DS2_v2",
                "vnet_subnet_id": "/subscriptions/bfe0322d-aa0d-4109-920b-79ee17b30333/resourceGroups/vplabs-test-aks-resource-group/providers/Microsoft.Network/virtualNetworks/vplabs-test-vnet/subnets/private-1",
                "workload_runtime": "",
                "zones": []
              }
            ],
            "disk_encryption_set_id": "",
            "dns_prefix": "vplabs-test-aks-cluster",
            "dns_prefix_private_cluster": "",
            "edge_zone": "",
            "fqdn": "vplabs-test-aks-cluster-qjzfoblf.hcp.westus.azmk8s.io",
            "http_application_routing_enabled": false,
            "http_application_routing_zone_name": "",
            "http_proxy_config": [],
            "id": "/subscriptions/bfe0322d-aa0d-4109-920b-79ee17b30333/resourceGroups/vplabs-test-aks-resource-group/providers/Microsoft.ContainerService/managedClusters/vplabs-test-aks-cluster",
            "identity": [
              {
                "identity_ids": [],
                "principal_id": "eb7430c1-91af-41a0-ba6e-f75ba25d7568",
                "tenant_id": "a00ac532-c5ba-41e0-8663-cdd7b34ba3d0",
                "type": "SystemAssigned"
              }
            ],
            "image_cleaner_enabled": null,
            "image_cleaner_interval_hours": null,
            "ingress_application_gateway": [],
            "key_management_service": [],
            "key_vault_secrets_provider": [],
            "kube_admin_config": [
              {
                "client_certificate": "LS0tLS1CRUdJTiBDRVJUSUZJQ0FURS0tLS0tCk1JSUZIakNDQXdhZ0F3SUJBZ0lSQUpJSHVWQ09MMmdGVjJnVitRUFFZSUl3RFFZSktvWklodmNOQVFFTEJRQXcKRFRFTE1Ba0dBMVVFQXhNQ1kyRXdIaGNOTWpVd01qSTBNVE14TlRNM1doY05NamN3TWpJME1UTXlOVE0zV2pBdwpNUmN3RlFZRFZRUUtFdzV6ZVhOMFpXMDZiV0Z6ZEdWeWN6RVZNQk1HQTFVRUF4TU1iV0Z6ZEdWeVkyeHBaVzUwCk1JSUNJakFOQmdrcWhraUc5dzBCQVFFRkFBT0NBZzhBTUlJQ0NnS0NBZ0VBeEJFanVJVW54dW82OFN5a2pReEkKaVZ4VnVwblFha3ZYVGIyK0VhMm9SUE0waDhlUk9lNkIwbFVKRmRNbmZWN29hcThDTDZ0RUJHOXdxYzhUWW4wdwpBQTZXTkEzNkdRUXBwZHBhVHdCT2hpbnBnVHdZcEI2ZHhwT0Nrd01uNGZwRVpYaEEzRzRBalJtS2RSSnUzRnVQCmVPTVV6dkJnSGd6SmtSV1lDaG9SaW5kVTNLUVU1dmhkL3hvb0x5djBGRkp4TmJ6NmFDUEpMa3lQQU5UZ3YzZkcKeVQ3LzVHZSttdEZnVm9uRGg0aVBsNzQwd296RGt0YkhMdUNVYjZiZU9kWkpjcjRJNWZGWFpaRWltYUVhcXo5UQpOWlFkN2xTbFhqSlZrV0hISjc2QjdTT25UUVczdkdvb0dra1lodUdIRXphME8rdVU1YkpwTS9CVjJ6cEJBbjZsClNxRUhES2pubytuK3EvNERTSityekhSVWxZVVI3Um1rWS9MSWplT1IwUkFKSW5YdHFhaXI0MGd3Z0UvblQ4UjMKMS91ZU9XWi91Mk0zeGdTazNMdmtyZUtIUnVIUnJtS3hPNFJrSWtiejJnUVJxVW54dm1tYjFQSDJJUW5hbTZUMQp4bm5UclVmVitiRWtVZmQzMWxveThTcXdQL2dpRVl3VllGN1pBQko5SEIySXVlMWJNU094VFJ3VlY0R1p4cDlyCmJ4c2xRSDdSTkxpbnZOVEJEOWg3aWIvTm1UdGlsamxwZlduTldUeHcvWXpuY2gzcnpMZ05qczY5NnJOOTVKcGkKcFBNK254WGhSRWFoaHVwQlhaTHIyWFQxaHZHdmhHRnBRcUhKaERGcGlmK01SRDZIaGtxUklkOWYwODYvT3NZbwpRdjRCZHpqYzFLUlVYdzR5aGFsTTR1RUNBd0VBQWFOV01GUXdEZ1lEVlIwUEFRSC9CQVFEQWdXZ01CTUdBMVVkCkpRUU1NQW9HQ0NzR0FRVUZCd01DTUF3R0ExVWRFd0VCL3dRQ01BQXdId1lEVlIwakJCZ3dGb0FVK01OdllGdmMKaktZVW1BelRJN0x6NW5EQ0JPZ3dEUVlKS29aSWh2Y05BUUVMQlFBRGdnSUJBR1krUitabHNVb1ZpL21ZQVJ4UApOQVdMcUxrYXplV0pGdUY5Q3Q2UGlRV3Jia3BGWGRmSXkrWFNhQnkzNStodnlGZ1N5TDlvM3F1VFpPN3NrT004CnZVNVBPTlpsQXEySy9LRENWRzRGMnpiNTFuLzhtcDkzY09IQUNhaGZQL0lMbmJuakg4aXhXUHJmdStUV3RzK2kKS0xsdFZFbTJ3SDB3SnFzQUQ4VlNTaDVGclBxUlYvY0ZmREtaSFVYRUlIcVZ5alo5SEFmV0tjSWh4RGhDeXVoRgo2V2V4LzZIZnBQS1lkTThjZTM3dHE3dzR4dUl2UEl3cngxSnV0M2tQaGRBbVNkMUFjbTZVbWNObjhQanpMZHE3ClJTcEdzczJLSVgzSjh5ZHBGU1VpVUZPSGtMZktITEUyM0lJcytnMzFPaTNQVWp0eE9xVHl3OGNsL2VqZVZwcHUKWEcwcERUL1dYNFo5U3RzL3p1bktUdHZTNktKbDExbTlwZlNtVzAvSU92ODVSZS9EVjV0MXIrU2QvalkzYkUxSQpnL1lCZkNKTUhKM3pPZUVrczZlbjJIWHArTmtwODNDYnlXUmQ5aWtpUVh5emZlUUhWUkVBbUJRdHNrT1BMcWpOCno4blR2ZVJvZVlKUkk3Wjk3a0Nqc3R6L0tJUlUvMU81TklxVDB2T0Jwd1hPY3E0dmZhU3RDdkdCSmg0SUFIYkYKVjA2ckRRU3dPVldIbzV1R3hYam9XYnE2OERBRzRsUmdvVy9MK0tUcGtQN0VtazFCeWF5VHExK2ROckliMERXQgpSd1k2cTBzNldzNkl1YmdtU1RVdXlnWThUcUM3WmhocGxFdUNqUlZqNTd5VmNWc3NCbk1kc08xVDVINHNGcTUrCmVYTDJtQWtHZzBQSjBIbkFXRFFzaUNSWQotLS0tLUVORCBDRVJUSUZJQ0FURS0tLS0tCg==",
                "client_key": "LS0tLS1CRUdJTiBSU0EgUFJJVkFURSBLRVktLS0tLQpNSUlKS1FJQkFBS0NBZ0VBeEJFanVJVW54dW82OFN5a2pReElpVnhWdXBuUWFrdlhUYjIrRWEyb1JQTTBoOGVSCk9lNkIwbFVKRmRNbmZWN29hcThDTDZ0RUJHOXdxYzhUWW4wd0FBNldOQTM2R1FRcHBkcGFUd0JPaGlucGdUd1kKcEI2ZHhwT0Nrd01uNGZwRVpYaEEzRzRBalJtS2RSSnUzRnVQZU9NVXp2QmdIZ3pKa1JXWUNob1JpbmRVM0tRVQo1dmhkL3hvb0x5djBGRkp4TmJ6NmFDUEpMa3lQQU5UZ3YzZkd5VDcvNUdlK210RmdWb25EaDRpUGw3NDB3b3pECmt0YkhMdUNVYjZiZU9kWkpjcjRJNWZGWFpaRWltYUVhcXo5UU5aUWQ3bFNsWGpKVmtXSEhKNzZCN1NPblRRVzMKdkdvb0dra1lodUdIRXphME8rdVU1YkpwTS9CVjJ6cEJBbjZsU3FFSERLam5vK24rcS80RFNKK3J6SFJVbFlVUgo3Um1rWS9MSWplT1IwUkFKSW5YdHFhaXI0MGd3Z0UvblQ4UjMxL3VlT1daL3UyTTN4Z1NrM0x2a3JlS0hSdUhSCnJtS3hPNFJrSWtiejJnUVJxVW54dm1tYjFQSDJJUW5hbTZUMXhublRyVWZWK2JFa1VmZDMxbG95OFNxd1AvZ2kKRVl3VllGN1pBQko5SEIySXVlMWJNU094VFJ3VlY0R1p4cDlyYnhzbFFIN1JOTGludk5UQkQ5aDdpYi9ObVR0aQpsamxwZlduTldUeHcvWXpuY2gzcnpMZ05qczY5NnJOOTVKcGlwUE0rbnhYaFJFYWhodXBCWFpMcjJYVDFodkd2CmhHRnBRcUhKaERGcGlmK01SRDZIaGtxUklkOWYwODYvT3NZb1F2NEJkempjMUtSVVh3NHloYWxNNHVFQ0F3RUEKQVFLQ0FnQVVDZFJteFdVZFZVOFUyd1V1VFRVVXBOVTJMd1kzOXV4WVM2NGpUR1pJTmJzR3JZVFFNT29mdndVZwpyK1gzVUQzY3VXbzF5UUU0bXRNZTU4VUphZFlBQzMyYWNGdEJOMFd5WjdDWEptYmdHMlI4Q3RKUjQ3Y29WbWNmCjgxQ2VMZC9UcHdpcC9xd2J2NktBK0pOUC9pT1pyVXV4SXF3UUppcHJvNU5ZWlBXcCt5dzNLS1hpUFR3T0dIUkcKN2UwU0xxTFhaU3NLZmEzUUI0OE4vTFBEbmRBNVBURVYvT3hrRWtZUVVpQWp0L2RGQVBHUGVLZDhXR3NmQldEbQpVRjJoOTU2bUZYbi9WajBpYWtUcEFxZ2hIR1ZzTkdraXRJLzZJcGJRTnZnTnZkQzFsZEZCYy9ZbFVZd3JzNURJCktFQ1AzQ1ZyZ2xaRGE0cUkvbVVuOUxvME1SRmZjMjJQTU4yL3hpTEE1cTc4T09RZkw0b3YzVC9HRktKS0lzZDMKWVJnTytxRVlNclhtMEViM2hWVkIvd0MvSDluZ3c1SDRENU5DbDIxejREeCthc1RTR2Urbnd2SDRRYVh5MzZRZgpiZVh3QWRjZFFkQnAvR0JKZS9TRXo4dkdkaU15OUFnTzRjSnBFSkVTTGtKeDN2ZWZrSmozVlJQNVNDdERDMGhKClNTKzh1Y3BsencxbjRqbDBiU2d2Z3FJUm02N3NPNzI1NUJrMTJzRStwelJYK1NDc1F2aVRMUEN5MmpmUzh0M1QKMzF2MlRyTkxBUTNwczZBa2cwMEpFSTArZFJHb3psVXpzUTBsenNxcFhJcEpuRnE3V0tMNDRiZ29aenYrNVp3cApNeUVjYmd1a3grRDAwSlhmcVFwTzNnVjY1Uzk4M0Z2RE5jUC94R085SlVKVjBoUk40UUtDQVFFQTRsdmxpMS9pCm9rN1RmZm4zWm5FRG5UU1NvYndsSFZlL0JJUzc0QUsxMitEVHB2RTZBYzc1OGEvSWJEK2c4Sk9HdkFrZ2JZT3EKOWR3M0FhTE5naS9ZZzl0NThYVjg3WXRqMjA2UGRRUW1uV2h2UXZSSnlzd3VDN3ROMlprTk5ZUXBEaTVUcktXSApzZW9CdVZUalEwdVE4ZVpCd0s1UkNMVGpENjB1WXdsOFhTUGg5emtEK0NCY1daRmIyWW5Jb1V5a0xtRllLcTlaCjJQd0swZis2NjZaL1hjYXhWczBIcWw5OGVtMStEV3JRSHZtbDVqdi9oMWszcGdNMVJ2bWRQZUlKMGNob05ON04KbFBUM0NWMHNxY3pjMmUxVC90YjYvRXp1RU53WndPNm5QelNxSGhVUXBESHNwSGRUS3VqTWx5SXhDdzZqMzVvSApXV1Z0YjZDVE1UbUJQUUtDQVFFQTNiM0gycHZWbmg4Ry8yUVlJSWF2N3YrZmlXRFFkSE0zcC9Sa2MvTElQVUJIClV5WDJMajl6aUFHekVFU2NZZlQxUEIxVU8wamhkMTZrbEhYckxHOVF5dXVqM2daTjZIMHh1U3pZMXNhN2I0L08KY0pFNUhvaDlzRU0wUVpYdjVvMHJHRFhkVWhBQXdEeEZ1REEreWN0ZzB5M1R5bEpCMkc5Rnl1QzdpYWFkQklrKwpwSExKSDVjYmQ0RDU4WW5BeGVxQ3FicHhaTUVWTXdhSGthbEl5by9pa2ljVTcxMytEUHpQcmtzd1hxY3NvOElwClR4NTFkRFVqUnZEUWszMWNTMHg2YWhTRnJmM1lLSVYrdGJjODlyYml5dks4MGo0TG1NVDBITzBuejJoVDF1T3YKczRkMFNwM2hRMlR6bUNFQVk2MCtoUlJTdDRyblJJZis5Vm1sUDRFNmRRS0NBUUVBbWozR1YwZGFGZ0VpaWRmMwpwZDFpZWcrbHp3RjJSTjFTc3hDRE9LeUFJVGk4NENmRndBKzZMdDc1OGhFVmFIa09PVGo2Mk1UOGpKV25BYjFlCnpkUXVkQUxzd0FTdndPblhmRXUyNHlTVjczS0hSaGRSNVJkbVZPWW5zUnRpYmRJRmE3MVRsUFFpVjdBOXhueTYKYzFPZGk4ZTdqRUQ3eExRRmVOd29IS0lORlNaclJsdWFnY3dEUWFFVDlsSzEzSHR0OEpDeVZEdXlQSEhhS2FoWgpSVlBwdkF1MU1aRjZKTFQyRERKcHoxaTJRalVZdjU2b2l5RFhFNDlpRVYvcnJveEU1cWJwb3dVakR0b3hMemRIClJOanNzSzdRS25seEF0U2s3K1lhd21XY255d1NzM2JsSlExRDAvbmZPUUR5MEJValdBWjgwZE9TS0c4OXQrK3gKL0x2VGZRS0NBUUIyS0N5WXRyVkx2cWpSNmhwWktxd1JKTEYwV054N1VQSDFVMnM3eGNFaHNtRFBVOGtzdDY3dQphRWxzZjhMOUI3U3R4Y3NlbENWZ29GUCtzQjhTM0hZbXl3M1V2M05BVVlYdmNKQlRVaTZLc2d5Rk96MCtvZWluCnhnZlFjdjhVMFdDSFZCeU5IKzNtZ2JkOUFHaFV5MFRiQXU1NlB2N0xQKy9tdlgzeFNaRWQyNncvb05LL1BKdnMKUUJQdnUwRzN0TkRQZElQNzlrOC9rMWttS3hpWXA3ZEp2ZjJQMTN3S202Um04YlhpbWg1VlhKNzZnL1orWjlwVwpjUGdUdjVjd29KNFNiTUVYQjg3cE9NbGVOemdMRjBVZWM5NWVBYVhZVUFyc1p3cnhvRndjZzlNYVRUR1FtVFJ4CjN4ZFdseTlIN2djRWp1SE0zLzJBTFIrVXlhSWVodFFKQW9JQkFRQ2RnanBYeU5MMksyd2JEeWppMTI5ejlLaWUKZDRsL3JBc0djck5Qa3ByYzZveEg1ZDVHMUxXcmZBcWVTS1F2RzVCUjBsZVlRSFM1RDJzUEVPMFY1N3R6TGFCbwpSUFl4YitINmlIUEVNVndscWk2bFZ4K3MzUnpjREY4T0lKRVFQY2lyRGlYVFVLd1g0TVpBbVA3Z0xRVWNWZGhKCnVuS3dmeU9IZHFKQytBUWRLWXRrK0JsNzF4Mk1mNE5ZL3pnNnNHalFaQ2VhL01KL2FDQ2hqanF4WTVRekx4WjQKQmlGM0ttUFJPSXdYNEZTRk8wTHAvc3h2dDVwd0hsR1dQN3ZrdHpaekE1V2dsS0h6TWJWazljMTlzYVN2T0RGZQpNbjk2eDZMYkxlN04yT3NVTERJcFRHeFFZdkdnZE5qR2VPSUgwNUQ0azlwTTNQZ0FWSW8rTVg0aXRObVcKLS0tLS1FTkQgUlNBIFBSSVZBVEUgS0VZLS0tLS0K",
                "cluster_ca_certificate": "LS0tLS1CRUdJTiBDRVJUSUZJQ0FURS0tLS0tCk1JSUU2RENDQXRDZ0F3SUJBZ0lRR09sc1ppQTlpM3VFK2V2SFc4WUphakFOQmdrcWhraUc5dzBCQVFzRkFEQU4KTVFzd0NRWURWUVFERXdKallUQWdGdzB5TlRBeU1qUXhNekUxTXpkYUdBOHlNRFUxTURJeU5ERXpNalV6TjFvdwpEVEVMTUFrR0ExVUVBeE1DWTJFd2dnSWlNQTBHQ1NxR1NJYjNEUUVCQVFVQUE0SUNEd0F3Z2dJS0FvSUNBUURMCklxaWsxQWdKUnNSanVDU0Z4ZG1uTlNWL3o5VHZGa0F5RkU2SzBzS3ArYjF4MHZaRUdRejF2OWt3WWhUd0dOZWUKczIwZnRaeExOL3YyTDlPc1ZIQ0dBbFFxSk53NkwxZjN4bkJaOGRvTU43Lyt1ejkyVEd1UlFXaWErbkNTenhNQwpGd3N2RjB2UnhVQzg3MGM0S20rYWhjZWk5OVZueGRZVVJmeVdHWFVROWgvRm8veDhvM1V5cTZENHkrUlV6V2FICjNyc3QzYURxdG9YQWwzMHFTb1R3eVZ3QzdoTHBRUTBvWitrTjVTcFVTa0NzOUZzSU1SVUR3VVR6U2t0NEFSQVgKdlNJOTJ1S3k0dlR6MWNZT1BMNUNLeG5FMk1hK3Z5eEgyRGhLR3RBZlVKTEM2QThIbEt4Z3hhazI5cllCNG1qYQpDV1VPbjhRcDM1b0FkR0FQUEJEWFJBYmhKYWtONDJsZURVeGFwcC9zcVBIR2d2R2lnQ3BHc0N2eUlIZW50b1hSCm4xclB1WXp2ajM2MmNVRVFjdm1LRGlFMDBtb2QyR3lHNVBQcGthWUVUNDNMdXUvRXZLYk9nZGhuSU1KQTF2L0gKelYrZnhKMzRqNUtDcXNOZE5MWjBsSDdkRktXQXAwZFRSenByTnNyOTQ5RUpTeEhUcGMzclV3Y3h6V1A4MnUyZAphblhFSWJycTJrbll1b0Q4OXFZdzBtMnNqZm5TRE1iL1Y5akFKQjFMR1o3dnE3Z0pWTWRBTGNiV2s5MUZFc0EvCmhjV2dickU4SzFrNDBSU2F6Wk1jcUpyRW11U3BaVjlRSDVTSjRqY0N2NTcyWXZlTFUvaTV6OHlScWhjVEZVWEsKOHFoMFU5VzFwQjM0RDVNMy9nWGx1UmNFcCtwa2gxQ2g4K0hueWRhQWx3SURBUUFCbzBJd1FEQU9CZ05WSFE4QgpBZjhFQkFNQ0FxUXdEd1lEVlIwVEFRSC9CQVV3QXdFQi96QWRCZ05WSFE0RUZnUVUrTU52WUZ2Y2pLWVVtQXpUCkk3THo1bkRDQk9nd0RRWUpLb1pJaHZjTkFRRUxCUUFEZ2dJQkFMVkpHVGJXM0tMa3BkWm1SMEpmeG8zQ3ZERzEKWVlsM1Z1UnBoMXdZUXNxalBzSklVazdWL2VHSzc1aEdCRnBQUi9aK251ZTVIY1hodFl5V3Z4YkxIRVpFeUhzRwoyaVdlSGVKN1FUU2N3cVgrOW5hL3FUV0p5WFdvTmJFeHpMQ2ZRQ1ZJM3oyc1lMT1kwSkNtNGtlMVlWY2VoWWViClAwYkVMWkJ1M0JOMUFocFhXNzZRSjRHc3ZPcUE0c0VONTc3MWxsMWhuY0NsbGpxQVJyUC9XVU45S1k5SzJFQWMKVVlHMjBvY2VySloyMkNwZUdOeDNweHVrYWF4K3lYcjd0TmZnbWZqTWxMQkxLZlhCR3dlbkZHMkVOM1VlaFZ0aQpiV3VBN21XWWQ4OHM3QWlla3pnVkR6T0t0K0EzRGdEVWZLMDBZZGhGNlY2NHZ3Nm5abkluZ29idUd2Q09KQ3k3ClRNUzhHNFgwZHFuUnEyZEh6Y1VLMnBUWFJWUXFmbnBjYVV4eVduenBPYzd1aVAwK1VHdDdxMGsxd0JMOTh4NUQKVXRza3dxUENFNFM3RmxsN2lFV1VTc09BNmZMcXhLdS8vM0Z4OVF5bzRPQ0g4WWJ3bzRpTzEyWmtlWXhWQnZ5RgpuUnMvVGIwRHdCdGdIYUYvYW9FOElDZXJleGdzVFk0ZGNXWlNTcjNINnV1VlJpUzhGZlgvV3Q1Ti9vdU83eDNPCjJDeXExNDVDdkR5dTIwanA0cHcyWE5RM3JVRXVqYVRwcTYwQnNjd1QybllkRGxiWmw4K3NDMFRFR3BSaWVwOFoKaG43a0RQNUUrYTQ5Mmd5QVNRN091bHgyNTBpc3IrOXRPVjAvVjZKWElEb3h2UjdwMCs4bmhkbDhRa1NnS216OApCT2p2WEdMekl6aDB5L0NiCi0tLS0tRU5EIENFUlRJRklDQVRFLS0tLS0K",
                "host": "https://vplabs-test-aks-cluster-qjzfoblf.hcp.westus.azmk8s.io:443",
                "password": "8jpe6n6pzeg6yx23vhm621081vrausnkjbijex4xyqun9o2u1yh2k6p7dj25juv1n2x0oisgskgfmgnhs7iwuta01on0gvi2jr0ah6gx0frsg2mlse0nah89wklqwcx1",
                "username": "clusterAdmin_vplabs-test-aks-resource-group_vplabs-test-aks-cluster"
              }
            ],
            "kube_admin_config_raw": "apiVersion: v1\nclusters:\n- cluster:\n    certificate-authority-data: LS0tLS1CRUdJTiBDRVJUSUZJQ0FURS0tLS0tCk1JSUU2RENDQXRDZ0F3SUJBZ0lRR09sc1ppQTlpM3VFK2V2SFc4WUphakFOQmdrcWhraUc5dzBCQVFzRkFEQU4KTVFzd0NRWURWUVFERXdKallUQWdGdzB5TlRBeU1qUXhNekUxTXpkYUdBOHlNRFUxTURJeU5ERXpNalV6TjFvdwpEVEVMTUFrR0ExVUVBeE1DWTJFd2dnSWlNQTBHQ1NxR1NJYjNEUUVCQVFVQUE0SUNEd0F3Z2dJS0FvSUNBUURMCklxaWsxQWdKUnNSanVDU0Z4ZG1uTlNWL3o5VHZGa0F5RkU2SzBzS3ArYjF4MHZaRUdRejF2OWt3WWhUd0dOZWUKczIwZnRaeExOL3YyTDlPc1ZIQ0dBbFFxSk53NkwxZjN4bkJaOGRvTU43Lyt1ejkyVEd1UlFXaWErbkNTenhNQwpGd3N2RjB2UnhVQzg3MGM0S20rYWhjZWk5OVZueGRZVVJmeVdHWFVROWgvRm8veDhvM1V5cTZENHkrUlV6V2FICjNyc3QzYURxdG9YQWwzMHFTb1R3eVZ3QzdoTHBRUTBvWitrTjVTcFVTa0NzOUZzSU1SVUR3VVR6U2t0NEFSQVgKdlNJOTJ1S3k0dlR6MWNZT1BMNUNLeG5FMk1hK3Z5eEgyRGhLR3RBZlVKTEM2QThIbEt4Z3hhazI5cllCNG1qYQpDV1VPbjhRcDM1b0FkR0FQUEJEWFJBYmhKYWtONDJsZURVeGFwcC9zcVBIR2d2R2lnQ3BHc0N2eUlIZW50b1hSCm4xclB1WXp2ajM2MmNVRVFjdm1LRGlFMDBtb2QyR3lHNVBQcGthWUVUNDNMdXUvRXZLYk9nZGhuSU1KQTF2L0gKelYrZnhKMzRqNUtDcXNOZE5MWjBsSDdkRktXQXAwZFRSenByTnNyOTQ5RUpTeEhUcGMzclV3Y3h6V1A4MnUyZAphblhFSWJycTJrbll1b0Q4OXFZdzBtMnNqZm5TRE1iL1Y5akFKQjFMR1o3dnE3Z0pWTWRBTGNiV2s5MUZFc0EvCmhjV2dickU4SzFrNDBSU2F6Wk1jcUpyRW11U3BaVjlRSDVTSjRqY0N2NTcyWXZlTFUvaTV6OHlScWhjVEZVWEsKOHFoMFU5VzFwQjM0RDVNMy9nWGx1UmNFcCtwa2gxQ2g4K0hueWRhQWx3SURBUUFCbzBJd1FEQU9CZ05WSFE4QgpBZjhFQkFNQ0FxUXdEd1lEVlIwVEFRSC9CQVV3QXdFQi96QWRCZ05WSFE0RUZnUVUrTU52WUZ2Y2pLWVVtQXpUCkk3THo1bkRDQk9nd0RRWUpLb1pJaHZjTkFRRUxCUUFEZ2dJQkFMVkpHVGJXM0tMa3BkWm1SMEpmeG8zQ3ZERzEKWVlsM1Z1UnBoMXdZUXNxalBzSklVazdWL2VHSzc1aEdCRnBQUi9aK251ZTVIY1hodFl5V3Z4YkxIRVpFeUhzRwoyaVdlSGVKN1FUU2N3cVgrOW5hL3FUV0p5WFdvTmJFeHpMQ2ZRQ1ZJM3oyc1lMT1kwSkNtNGtlMVlWY2VoWWViClAwYkVMWkJ1M0JOMUFocFhXNzZRSjRHc3ZPcUE0c0VONTc3MWxsMWhuY0NsbGpxQVJyUC9XVU45S1k5SzJFQWMKVVlHMjBvY2VySloyMkNwZUdOeDNweHVrYWF4K3lYcjd0TmZnbWZqTWxMQkxLZlhCR3dlbkZHMkVOM1VlaFZ0aQpiV3VBN21XWWQ4OHM3QWlla3pnVkR6T0t0K0EzRGdEVWZLMDBZZGhGNlY2NHZ3Nm5abkluZ29idUd2Q09KQ3k3ClRNUzhHNFgwZHFuUnEyZEh6Y1VLMnBUWFJWUXFmbnBjYVV4eVduenBPYzd1aVAwK1VHdDdxMGsxd0JMOTh4NUQKVXRza3dxUENFNFM3RmxsN2lFV1VTc09BNmZMcXhLdS8vM0Z4OVF5bzRPQ0g4WWJ3bzRpTzEyWmtlWXhWQnZ5RgpuUnMvVGIwRHdCdGdIYUYvYW9FOElDZXJleGdzVFk0ZGNXWlNTcjNINnV1VlJpUzhGZlgvV3Q1Ti9vdU83eDNPCjJDeXExNDVDdkR5dTIwanA0cHcyWE5RM3JVRXVqYVRwcTYwQnNjd1QybllkRGxiWmw4K3NDMFRFR3BSaWVwOFoKaG43a0RQNUUrYTQ5Mmd5QVNRN091bHgyNTBpc3IrOXRPVjAvVjZKWElEb3h2UjdwMCs4bmhkbDhRa1NnS216OApCT2p2WEdMekl6aDB5L0NiCi0tLS0tRU5EIENFUlRJRklDQVRFLS0tLS0K\n    server: https://vplabs-test-aks-cluster-qjzfoblf.hcp.westus.azmk8s.io:443\n  name: vplabs-test-aks-cluster\ncontexts:\n- context:\n    cluster: vplabs-test-aks-cluster\n    user: clusterAdmin_vplabs-test-aks-resource-group_vplabs-test-aks-cluster\n  name: vplabs-test-aks-cluster\ncurrent-context: vplabs-test-aks-cluster\nkind: Config\npreferences: {}\nusers:\n- name: clusterAdmin_vplabs-test-aks-resource-group_vplabs-test-aks-cluster\n  user:\n    client-certificate-data: LS0tLS1CRUdJTiBDRVJUSUZJQ0FURS0tLS0tCk1JSUZIakNDQXdhZ0F3SUJBZ0lSQUpJSHVWQ09MMmdGVjJnVitRUFFZSUl3RFFZSktvWklodmNOQVFFTEJRQXcKRFRFTE1Ba0dBMVVFQXhNQ1kyRXdIaGNOTWpVd01qSTBNVE14TlRNM1doY05NamN3TWpJME1UTXlOVE0zV2pBdwpNUmN3RlFZRFZRUUtFdzV6ZVhOMFpXMDZiV0Z6ZEdWeWN6RVZNQk1HQTFVRUF4TU1iV0Z6ZEdWeVkyeHBaVzUwCk1JSUNJakFOQmdrcWhraUc5dzBCQVFFRkFBT0NBZzhBTUlJQ0NnS0NBZ0VBeEJFanVJVW54dW82OFN5a2pReEkKaVZ4VnVwblFha3ZYVGIyK0VhMm9SUE0waDhlUk9lNkIwbFVKRmRNbmZWN29hcThDTDZ0RUJHOXdxYzhUWW4wdwpBQTZXTkEzNkdRUXBwZHBhVHdCT2hpbnBnVHdZcEI2ZHhwT0Nrd01uNGZwRVpYaEEzRzRBalJtS2RSSnUzRnVQCmVPTVV6dkJnSGd6SmtSV1lDaG9SaW5kVTNLUVU1dmhkL3hvb0x5djBGRkp4TmJ6NmFDUEpMa3lQQU5UZ3YzZkcKeVQ3LzVHZSttdEZnVm9uRGg0aVBsNzQwd296RGt0YkhMdUNVYjZiZU9kWkpjcjRJNWZGWFpaRWltYUVhcXo5UQpOWlFkN2xTbFhqSlZrV0hISjc2QjdTT25UUVczdkdvb0dra1lodUdIRXphME8rdVU1YkpwTS9CVjJ6cEJBbjZsClNxRUhES2pubytuK3EvNERTSityekhSVWxZVVI3Um1rWS9MSWplT1IwUkFKSW5YdHFhaXI0MGd3Z0UvblQ4UjMKMS91ZU9XWi91Mk0zeGdTazNMdmtyZUtIUnVIUnJtS3hPNFJrSWtiejJnUVJxVW54dm1tYjFQSDJJUW5hbTZUMQp4bm5UclVmVitiRWtVZmQzMWxveThTcXdQL2dpRVl3VllGN1pBQko5SEIySXVlMWJNU094VFJ3VlY0R1p4cDlyCmJ4c2xRSDdSTkxpbnZOVEJEOWg3aWIvTm1UdGlsamxwZlduTldUeHcvWXpuY2gzcnpMZ05qczY5NnJOOTVKcGkKcFBNK254WGhSRWFoaHVwQlhaTHIyWFQxaHZHdmhHRnBRcUhKaERGcGlmK01SRDZIaGtxUklkOWYwODYvT3NZbwpRdjRCZHpqYzFLUlVYdzR5aGFsTTR1RUNBd0VBQWFOV01GUXdEZ1lEVlIwUEFRSC9CQVFEQWdXZ01CTUdBMVVkCkpRUU1NQW9HQ0NzR0FRVUZCd01DTUF3R0ExVWRFd0VCL3dRQ01BQXdId1lEVlIwakJCZ3dGb0FVK01OdllGdmMKaktZVW1BelRJN0x6NW5EQ0JPZ3dEUVlKS29aSWh2Y05BUUVMQlFBRGdnSUJBR1krUitabHNVb1ZpL21ZQVJ4UApOQVdMcUxrYXplV0pGdUY5Q3Q2UGlRV3Jia3BGWGRmSXkrWFNhQnkzNStodnlGZ1N5TDlvM3F1VFpPN3NrT004CnZVNVBPTlpsQXEySy9LRENWRzRGMnpiNTFuLzhtcDkzY09IQUNhaGZQL0lMbmJuakg4aXhXUHJmdStUV3RzK2kKS0xsdFZFbTJ3SDB3SnFzQUQ4VlNTaDVGclBxUlYvY0ZmREtaSFVYRUlIcVZ5alo5SEFmV0tjSWh4RGhDeXVoRgo2V2V4LzZIZnBQS1lkTThjZTM3dHE3dzR4dUl2UEl3cngxSnV0M2tQaGRBbVNkMUFjbTZVbWNObjhQanpMZHE3ClJTcEdzczJLSVgzSjh5ZHBGU1VpVUZPSGtMZktITEUyM0lJcytnMzFPaTNQVWp0eE9xVHl3OGNsL2VqZVZwcHUKWEcwcERUL1dYNFo5U3RzL3p1bktUdHZTNktKbDExbTlwZlNtVzAvSU92ODVSZS9EVjV0MXIrU2QvalkzYkUxSQpnL1lCZkNKTUhKM3pPZUVrczZlbjJIWHArTmtwODNDYnlXUmQ5aWtpUVh5emZlUUhWUkVBbUJRdHNrT1BMcWpOCno4blR2ZVJvZVlKUkk3Wjk3a0Nqc3R6L0tJUlUvMU81TklxVDB2T0Jwd1hPY3E0dmZhU3RDdkdCSmg0SUFIYkYKVjA2ckRRU3dPVldIbzV1R3hYam9XYnE2OERBRzRsUmdvVy9MK0tUcGtQN0VtazFCeWF5VHExK2ROckliMERXQgpSd1k2cTBzNldzNkl1YmdtU1RVdXlnWThUcUM3WmhocGxFdUNqUlZqNTd5VmNWc3NCbk1kc08xVDVINHNGcTUrCmVYTDJtQWtHZzBQSjBIbkFXRFFzaUNSWQotLS0tLUVORCBDRVJUSUZJQ0FURS0tLS0tCg==\n    client-key-data: LS0tLS1CRUdJTiBSU0EgUFJJVkFURSBLRVktLS0tLQpNSUlKS1FJQkFBS0NBZ0VBeEJFanVJVW54dW82OFN5a2pReElpVnhWdXBuUWFrdlhUYjIrRWEyb1JQTTBoOGVSCk9lNkIwbFVKRmRNbmZWN29hcThDTDZ0RUJHOXdxYzhUWW4wd0FBNldOQTM2R1FRcHBkcGFUd0JPaGlucGdUd1kKcEI2ZHhwT0Nrd01uNGZwRVpYaEEzRzRBalJtS2RSSnUzRnVQZU9NVXp2QmdIZ3pKa1JXWUNob1JpbmRVM0tRVQo1dmhkL3hvb0x5djBGRkp4TmJ6NmFDUEpMa3lQQU5UZ3YzZkd5VDcvNUdlK210RmdWb25EaDRpUGw3NDB3b3pECmt0YkhMdUNVYjZiZU9kWkpjcjRJNWZGWFpaRWltYUVhcXo5UU5aUWQ3bFNsWGpKVmtXSEhKNzZCN1NPblRRVzMKdkdvb0dra1lodUdIRXphME8rdVU1YkpwTS9CVjJ6cEJBbjZsU3FFSERLam5vK24rcS80RFNKK3J6SFJVbFlVUgo3Um1rWS9MSWplT1IwUkFKSW5YdHFhaXI0MGd3Z0UvblQ4UjMxL3VlT1daL3UyTTN4Z1NrM0x2a3JlS0hSdUhSCnJtS3hPNFJrSWtiejJnUVJxVW54dm1tYjFQSDJJUW5hbTZUMXhublRyVWZWK2JFa1VmZDMxbG95OFNxd1AvZ2kKRVl3VllGN1pBQko5SEIySXVlMWJNU094VFJ3VlY0R1p4cDlyYnhzbFFIN1JOTGludk5UQkQ5aDdpYi9ObVR0aQpsamxwZlduTldUeHcvWXpuY2gzcnpMZ05qczY5NnJOOTVKcGlwUE0rbnhYaFJFYWhodXBCWFpMcjJYVDFodkd2CmhHRnBRcUhKaERGcGlmK01SRDZIaGtxUklkOWYwODYvT3NZb1F2NEJkempjMUtSVVh3NHloYWxNNHVFQ0F3RUEKQVFLQ0FnQVVDZFJteFdVZFZVOFUyd1V1VFRVVXBOVTJMd1kzOXV4WVM2NGpUR1pJTmJzR3JZVFFNT29mdndVZwpyK1gzVUQzY3VXbzF5UUU0bXRNZTU4VUphZFlBQzMyYWNGdEJOMFd5WjdDWEptYmdHMlI4Q3RKUjQ3Y29WbWNmCjgxQ2VMZC9UcHdpcC9xd2J2NktBK0pOUC9pT1pyVXV4SXF3UUppcHJvNU5ZWlBXcCt5dzNLS1hpUFR3T0dIUkcKN2UwU0xxTFhaU3NLZmEzUUI0OE4vTFBEbmRBNVBURVYvT3hrRWtZUVVpQWp0L2RGQVBHUGVLZDhXR3NmQldEbQpVRjJoOTU2bUZYbi9WajBpYWtUcEFxZ2hIR1ZzTkdraXRJLzZJcGJRTnZnTnZkQzFsZEZCYy9ZbFVZd3JzNURJCktFQ1AzQ1ZyZ2xaRGE0cUkvbVVuOUxvME1SRmZjMjJQTU4yL3hpTEE1cTc4T09RZkw0b3YzVC9HRktKS0lzZDMKWVJnTytxRVlNclhtMEViM2hWVkIvd0MvSDluZ3c1SDRENU5DbDIxejREeCthc1RTR2Urbnd2SDRRYVh5MzZRZgpiZVh3QWRjZFFkQnAvR0JKZS9TRXo4dkdkaU15OUFnTzRjSnBFSkVTTGtKeDN2ZWZrSmozVlJQNVNDdERDMGhKClNTKzh1Y3BsencxbjRqbDBiU2d2Z3FJUm02N3NPNzI1NUJrMTJzRStwelJYK1NDc1F2aVRMUEN5MmpmUzh0M1QKMzF2MlRyTkxBUTNwczZBa2cwMEpFSTArZFJHb3psVXpzUTBsenNxcFhJcEpuRnE3V0tMNDRiZ29aenYrNVp3cApNeUVjYmd1a3grRDAwSlhmcVFwTzNnVjY1Uzk4M0Z2RE5jUC94R085SlVKVjBoUk40UUtDQVFFQTRsdmxpMS9pCm9rN1RmZm4zWm5FRG5UU1NvYndsSFZlL0JJUzc0QUsxMitEVHB2RTZBYzc1OGEvSWJEK2c4Sk9HdkFrZ2JZT3EKOWR3M0FhTE5naS9ZZzl0NThYVjg3WXRqMjA2UGRRUW1uV2h2UXZSSnlzd3VDN3ROMlprTk5ZUXBEaTVUcktXSApzZW9CdVZUalEwdVE4ZVpCd0s1UkNMVGpENjB1WXdsOFhTUGg5emtEK0NCY1daRmIyWW5Jb1V5a0xtRllLcTlaCjJQd0swZis2NjZaL1hjYXhWczBIcWw5OGVtMStEV3JRSHZtbDVqdi9oMWszcGdNMVJ2bWRQZUlKMGNob05ON04KbFBUM0NWMHNxY3pjMmUxVC90YjYvRXp1RU53WndPNm5QelNxSGhVUXBESHNwSGRUS3VqTWx5SXhDdzZqMzVvSApXV1Z0YjZDVE1UbUJQUUtDQVFFQTNiM0gycHZWbmg4Ry8yUVlJSWF2N3YrZmlXRFFkSE0zcC9Sa2MvTElQVUJIClV5WDJMajl6aUFHekVFU2NZZlQxUEIxVU8wamhkMTZrbEhYckxHOVF5dXVqM2daTjZIMHh1U3pZMXNhN2I0L08KY0pFNUhvaDlzRU0wUVpYdjVvMHJHRFhkVWhBQXdEeEZ1REEreWN0ZzB5M1R5bEpCMkc5Rnl1QzdpYWFkQklrKwpwSExKSDVjYmQ0RDU4WW5BeGVxQ3FicHhaTUVWTXdhSGthbEl5by9pa2ljVTcxMytEUHpQcmtzd1hxY3NvOElwClR4NTFkRFVqUnZEUWszMWNTMHg2YWhTRnJmM1lLSVYrdGJjODlyYml5dks4MGo0TG1NVDBITzBuejJoVDF1T3YKczRkMFNwM2hRMlR6bUNFQVk2MCtoUlJTdDRyblJJZis5Vm1sUDRFNmRRS0NBUUVBbWozR1YwZGFGZ0VpaWRmMwpwZDFpZWcrbHp3RjJSTjFTc3hDRE9LeUFJVGk4NENmRndBKzZMdDc1OGhFVmFIa09PVGo2Mk1UOGpKV25BYjFlCnpkUXVkQUxzd0FTdndPblhmRXUyNHlTVjczS0hSaGRSNVJkbVZPWW5zUnRpYmRJRmE3MVRsUFFpVjdBOXhueTYKYzFPZGk4ZTdqRUQ3eExRRmVOd29IS0lORlNaclJsdWFnY3dEUWFFVDlsSzEzSHR0OEpDeVZEdXlQSEhhS2FoWgpSVlBwdkF1MU1aRjZKTFQyRERKcHoxaTJRalVZdjU2b2l5RFhFNDlpRVYvcnJveEU1cWJwb3dVakR0b3hMemRIClJOanNzSzdRS25seEF0U2s3K1lhd21XY255d1NzM2JsSlExRDAvbmZPUUR5MEJValdBWjgwZE9TS0c4OXQrK3gKL0x2VGZRS0NBUUIyS0N5WXRyVkx2cWpSNmhwWktxd1JKTEYwV054N1VQSDFVMnM3eGNFaHNtRFBVOGtzdDY3dQphRWxzZjhMOUI3U3R4Y3NlbENWZ29GUCtzQjhTM0hZbXl3M1V2M05BVVlYdmNKQlRVaTZLc2d5Rk96MCtvZWluCnhnZlFjdjhVMFdDSFZCeU5IKzNtZ2JkOUFHaFV5MFRiQXU1NlB2N0xQKy9tdlgzeFNaRWQyNncvb05LL1BKdnMKUUJQdnUwRzN0TkRQZElQNzlrOC9rMWttS3hpWXA3ZEp2ZjJQMTN3S202Um04YlhpbWg1VlhKNzZnL1orWjlwVwpjUGdUdjVjd29KNFNiTUVYQjg3cE9NbGVOemdMRjBVZWM5NWVBYVhZVUFyc1p3cnhvRndjZzlNYVRUR1FtVFJ4CjN4ZFdseTlIN2djRWp1SE0zLzJBTFIrVXlhSWVodFFKQW9JQkFRQ2RnanBYeU5MMksyd2JEeWppMTI5ejlLaWUKZDRsL3JBc0djck5Qa3ByYzZveEg1ZDVHMUxXcmZBcWVTS1F2RzVCUjBsZVlRSFM1RDJzUEVPMFY1N3R6TGFCbwpSUFl4YitINmlIUEVNVndscWk2bFZ4K3MzUnpjREY4T0lKRVFQY2lyRGlYVFVLd1g0TVpBbVA3Z0xRVWNWZGhKCnVuS3dmeU9IZHFKQytBUWRLWXRrK0JsNzF4Mk1mNE5ZL3pnNnNHalFaQ2VhL01KL2FDQ2hqanF4WTVRekx4WjQKQmlGM0ttUFJPSXdYNEZTRk8wTHAvc3h2dDVwd0hsR1dQN3ZrdHpaekE1V2dsS0h6TWJWazljMTlzYVN2T0RGZQpNbjk2eDZMYkxlN04yT3NVTERJcFRHeFFZdkdnZE5qR2VPSUgwNUQ0azlwTTNQZ0FWSW8rTVg0aXRObVcKLS0tLS1FTkQgUlNBIFBSSVZBVEUgS0VZLS0tLS0K\n    token: 8jpe6n6pzeg6yx23vhm621081vrausnkjbijex4xyqun9o2u1yh2k6p7dj25juv1n2x0oisgskgfmgnhs7iwuta01on0gvi2jr0ah6gx0frsg2mlse0nah89wklqwcx1\n",
            "kube_config": [
              {
                "client_certificate": "",
                "client_key": "",
                "cluster_ca_certificate": "LS0tLS1CRUdJTiBDRVJUSUZJQ0FURS0tLS0tCk1JSUU2RENDQXRDZ0F3SUJBZ0lRR09sc1ppQTlpM3VFK2V2SFc4WUphakFOQmdrcWhraUc5dzBCQVFzRkFEQU4KTVFzd0NRWURWUVFERXdKallUQWdGdzB5TlRBeU1qUXhNekUxTXpkYUdBOHlNRFUxTURJeU5ERXpNalV6TjFvdwpEVEVMTUFrR0ExVUVBeE1DWTJFd2dnSWlNQTBHQ1NxR1NJYjNEUUVCQVFVQUE0SUNEd0F3Z2dJS0FvSUNBUURMCklxaWsxQWdKUnNSanVDU0Z4ZG1uTlNWL3o5VHZGa0F5RkU2SzBzS3ArYjF4MHZaRUdRejF2OWt3WWhUd0dOZWUKczIwZnRaeExOL3YyTDlPc1ZIQ0dBbFFxSk53NkwxZjN4bkJaOGRvTU43Lyt1ejkyVEd1UlFXaWErbkNTenhNQwpGd3N2RjB2UnhVQzg3MGM0S20rYWhjZWk5OVZueGRZVVJmeVdHWFVROWgvRm8veDhvM1V5cTZENHkrUlV6V2FICjNyc3QzYURxdG9YQWwzMHFTb1R3eVZ3QzdoTHBRUTBvWitrTjVTcFVTa0NzOUZzSU1SVUR3VVR6U2t0NEFSQVgKdlNJOTJ1S3k0dlR6MWNZT1BMNUNLeG5FMk1hK3Z5eEgyRGhLR3RBZlVKTEM2QThIbEt4Z3hhazI5cllCNG1qYQpDV1VPbjhRcDM1b0FkR0FQUEJEWFJBYmhKYWtONDJsZURVeGFwcC9zcVBIR2d2R2lnQ3BHc0N2eUlIZW50b1hSCm4xclB1WXp2ajM2MmNVRVFjdm1LRGlFMDBtb2QyR3lHNVBQcGthWUVUNDNMdXUvRXZLYk9nZGhuSU1KQTF2L0gKelYrZnhKMzRqNUtDcXNOZE5MWjBsSDdkRktXQXAwZFRSenByTnNyOTQ5RUpTeEhUcGMzclV3Y3h6V1A4MnUyZAphblhFSWJycTJrbll1b0Q4OXFZdzBtMnNqZm5TRE1iL1Y5akFKQjFMR1o3dnE3Z0pWTWRBTGNiV2s5MUZFc0EvCmhjV2dickU4SzFrNDBSU2F6Wk1jcUpyRW11U3BaVjlRSDVTSjRqY0N2NTcyWXZlTFUvaTV6OHlScWhjVEZVWEsKOHFoMFU5VzFwQjM0RDVNMy9nWGx1UmNFcCtwa2gxQ2g4K0hueWRhQWx3SURBUUFCbzBJd1FEQU9CZ05WSFE4QgpBZjhFQkFNQ0FxUXdEd1lEVlIwVEFRSC9CQVV3QXdFQi96QWRCZ05WSFE0RUZnUVUrTU52WUZ2Y2pLWVVtQXpUCkk3THo1bkRDQk9nd0RRWUpLb1pJaHZjTkFRRUxCUUFEZ2dJQkFMVkpHVGJXM0tMa3BkWm1SMEpmeG8zQ3ZERzEKWVlsM1Z1UnBoMXdZUXNxalBzSklVazdWL2VHSzc1aEdCRnBQUi9aK251ZTVIY1hodFl5V3Z4YkxIRVpFeUhzRwoyaVdlSGVKN1FUU2N3cVgrOW5hL3FUV0p5WFdvTmJFeHpMQ2ZRQ1ZJM3oyc1lMT1kwSkNtNGtlMVlWY2VoWWViClAwYkVMWkJ1M0JOMUFocFhXNzZRSjRHc3ZPcUE0c0VONTc3MWxsMWhuY0NsbGpxQVJyUC9XVU45S1k5SzJFQWMKVVlHMjBvY2VySloyMkNwZUdOeDNweHVrYWF4K3lYcjd0TmZnbWZqTWxMQkxLZlhCR3dlbkZHMkVOM1VlaFZ0aQpiV3VBN21XWWQ4OHM3QWlla3pnVkR6T0t0K0EzRGdEVWZLMDBZZGhGNlY2NHZ3Nm5abkluZ29idUd2Q09KQ3k3ClRNUzhHNFgwZHFuUnEyZEh6Y1VLMnBUWFJWUXFmbnBjYVV4eVduenBPYzd1aVAwK1VHdDdxMGsxd0JMOTh4NUQKVXRza3dxUENFNFM3RmxsN2lFV1VTc09BNmZMcXhLdS8vM0Z4OVF5bzRPQ0g4WWJ3bzRpTzEyWmtlWXhWQnZ5RgpuUnMvVGIwRHdCdGdIYUYvYW9FOElDZXJleGdzVFk0ZGNXWlNTcjNINnV1VlJpUzhGZlgvV3Q1Ti9vdU83eDNPCjJDeXExNDVDdkR5dTIwanA0cHcyWE5RM3JVRXVqYVRwcTYwQnNjd1QybllkRGxiWmw4K3NDMFRFR3BSaWVwOFoKaG43a0RQNUUrYTQ5Mmd5QVNRN091bHgyNTBpc3IrOXRPVjAvVjZKWElEb3h2UjdwMCs4bmhkbDhRa1NnS216OApCT2p2WEdMekl6aDB5L0NiCi0tLS0tRU5EIENFUlRJRklDQVRFLS0tLS0K",
                "host": "https://vplabs-test-aks-cluster-qjzfoblf.hcp.westus.azmk8s.io:443",
                "password": "",
                "username": "clusterUser_vplabs-test-aks-resource-group_vplabs-test-aks-cluster"
              }
            ],
            "kube_config_raw": "apiVersion: v1\nclusters:\n- cluster:\n    certificate-authority-data: LS0tLS1CRUdJTiBDRVJUSUZJQ0FURS0tLS0tCk1JSUU2RENDQXRDZ0F3SUJBZ0lRR09sc1ppQTlpM3VFK2V2SFc4WUphakFOQmdrcWhraUc5dzBCQVFzRkFEQU4KTVFzd0NRWURWUVFERXdKallUQWdGdzB5TlRBeU1qUXhNekUxTXpkYUdBOHlNRFUxTURJeU5ERXpNalV6TjFvdwpEVEVMTUFrR0ExVUVBeE1DWTJFd2dnSWlNQTBHQ1NxR1NJYjNEUUVCQVFVQUE0SUNEd0F3Z2dJS0FvSUNBUURMCklxaWsxQWdKUnNSanVDU0Z4ZG1uTlNWL3o5VHZGa0F5RkU2SzBzS3ArYjF4MHZaRUdRejF2OWt3WWhUd0dOZWUKczIwZnRaeExOL3YyTDlPc1ZIQ0dBbFFxSk53NkwxZjN4bkJaOGRvTU43Lyt1ejkyVEd1UlFXaWErbkNTenhNQwpGd3N2RjB2UnhVQzg3MGM0S20rYWhjZWk5OVZueGRZVVJmeVdHWFVROWgvRm8veDhvM1V5cTZENHkrUlV6V2FICjNyc3QzYURxdG9YQWwzMHFTb1R3eVZ3QzdoTHBRUTBvWitrTjVTcFVTa0NzOUZzSU1SVUR3VVR6U2t0NEFSQVgKdlNJOTJ1S3k0dlR6MWNZT1BMNUNLeG5FMk1hK3Z5eEgyRGhLR3RBZlVKTEM2QThIbEt4Z3hhazI5cllCNG1qYQpDV1VPbjhRcDM1b0FkR0FQUEJEWFJBYmhKYWtONDJsZURVeGFwcC9zcVBIR2d2R2lnQ3BHc0N2eUlIZW50b1hSCm4xclB1WXp2ajM2MmNVRVFjdm1LRGlFMDBtb2QyR3lHNVBQcGthWUVUNDNMdXUvRXZLYk9nZGhuSU1KQTF2L0gKelYrZnhKMzRqNUtDcXNOZE5MWjBsSDdkRktXQXAwZFRSenByTnNyOTQ5RUpTeEhUcGMzclV3Y3h6V1A4MnUyZAphblhFSWJycTJrbll1b0Q4OXFZdzBtMnNqZm5TRE1iL1Y5akFKQjFMR1o3dnE3Z0pWTWRBTGNiV2s5MUZFc0EvCmhjV2dickU4SzFrNDBSU2F6Wk1jcUpyRW11U3BaVjlRSDVTSjRqY0N2NTcyWXZlTFUvaTV6OHlScWhjVEZVWEsKOHFoMFU5VzFwQjM0RDVNMy9nWGx1UmNFcCtwa2gxQ2g4K0hueWRhQWx3SURBUUFCbzBJd1FEQU9CZ05WSFE4QgpBZjhFQkFNQ0FxUXdEd1lEVlIwVEFRSC9CQVV3QXdFQi96QWRCZ05WSFE0RUZnUVUrTU52WUZ2Y2pLWVVtQXpUCkk3THo1bkRDQk9nd0RRWUpLb1pJaHZjTkFRRUxCUUFEZ2dJQkFMVkpHVGJXM0tMa3BkWm1SMEpmeG8zQ3ZERzEKWVlsM1Z1UnBoMXdZUXNxalBzSklVazdWL2VHSzc1aEdCRnBQUi9aK251ZTVIY1hodFl5V3Z4YkxIRVpFeUhzRwoyaVdlSGVKN1FUU2N3cVgrOW5hL3FUV0p5WFdvTmJFeHpMQ2ZRQ1ZJM3oyc1lMT1kwSkNtNGtlMVlWY2VoWWViClAwYkVMWkJ1M0JOMUFocFhXNzZRSjRHc3ZPcUE0c0VONTc3MWxsMWhuY0NsbGpxQVJyUC9XVU45S1k5SzJFQWMKVVlHMjBvY2VySloyMkNwZUdOeDNweHVrYWF4K3lYcjd0TmZnbWZqTWxMQkxLZlhCR3dlbkZHMkVOM1VlaFZ0aQpiV3VBN21XWWQ4OHM3QWlla3pnVkR6T0t0K0EzRGdEVWZLMDBZZGhGNlY2NHZ3Nm5abkluZ29idUd2Q09KQ3k3ClRNUzhHNFgwZHFuUnEyZEh6Y1VLMnBUWFJWUXFmbnBjYVV4eVduenBPYzd1aVAwK1VHdDdxMGsxd0JMOTh4NUQKVXRza3dxUENFNFM3RmxsN2lFV1VTc09BNmZMcXhLdS8vM0Z4OVF5bzRPQ0g4WWJ3bzRpTzEyWmtlWXhWQnZ5RgpuUnMvVGIwRHdCdGdIYUYvYW9FOElDZXJleGdzVFk0ZGNXWlNTcjNINnV1VlJpUzhGZlgvV3Q1Ti9vdU83eDNPCjJDeXExNDVDdkR5dTIwanA0cHcyWE5RM3JVRXVqYVRwcTYwQnNjd1QybllkRGxiWmw4K3NDMFRFR3BSaWVwOFoKaG43a0RQNUUrYTQ5Mmd5QVNRN091bHgyNTBpc3IrOXRPVjAvVjZKWElEb3h2UjdwMCs4bmhkbDhRa1NnS216OApCT2p2WEdMekl6aDB5L0NiCi0tLS0tRU5EIENFUlRJRklDQVRFLS0tLS0K\n    server: https://vplabs-test-aks-cluster-qjzfoblf.hcp.westus.azmk8s.io:443\n  name: vplabs-test-aks-cluster\ncontexts:\n- context:\n    cluster: vplabs-test-aks-cluster\n    user: clusterUser_vplabs-test-aks-resource-group_vplabs-test-aks-cluster\n  name: vplabs-test-aks-cluster\ncurrent-context: vplabs-test-aks-cluster\nkind: Config\npreferences: {}\nusers:\n- name: clusterUser_vplabs-test-aks-resource-group_vplabs-test-aks-cluster\n  user:\n    exec:\n      apiVersion: client.authentication.k8s.io/v1beta1\n      args:\n      - get-token\n      - --environment\n      - AzurePublicCloud\n      - --server-id\n      - 6dae42f8-4368-4678-94ff-3960e28e3630\n      - --client-id\n      - 80faf920-1908-4b52-b5ef-a8e7bedfc67a\n      - --tenant-id\n      - a00ac532-c5ba-41e0-8663-cdd7b34ba3d0\n      - --login\n      - devicecode\n      command: kubelogin\n      env: null\n      installHint: |2\n\n        kubelogin is not installed which is required to connect to AAD enabled cluster.\n\n        To learn more, please go to https://aka.ms/aks/kubelogin\n      provideClusterInfo: false\n",
            "kubelet_identity": [
              {
                "client_id": "7a17e675-943f-47a8-914f-0ccd3dd3845a",
                "object_id": "a2a3f451-61a7-4070-9f35-23210a8bb232",
                "user_assigned_identity_id": "/subscriptions/bfe0322d-aa0d-4109-920b-79ee17b30333/resourceGroups/vplabs-test-aks-cluster-rg/providers/Microsoft.ManagedIdentity/userAssignedIdentities/vplabs-test-aks-cluster-agentpool"
              }
            ],
            "kubernetes_version": "1.31.3",
            "linux_profile": [
              {
                "admin_username": "ubuntu",
                "ssh_key": [
                  {
                    "key_data": "ssh-rsa AAAAB3NzaC1yc2EAAAADAQABAAABAQDin1rUfk7VVn5U/k98abpSrF/tadn5xOLYDjT0calQR8LJ7t3EJuzhSslXfOOH0yIv7b3zt8uMevJOO/wJP13C6sBoiR95rBosKDLwR5TiKfEyXaVyfeLMMT9tkn5HWU/qZscamCePS1uKaJ1PD+iRWKEmDRNxJCbRiqMQGx1TD/chwUflLr3qXHbRLWIbNrACyB2eLAyl4reuME4zdAX/7IsC9dNitbeyzsn6BCYPdiaFH5cuQv1VDds8wum9cC1pQp0+Jbh+VldIwwHUD7fPl+ABu+Hz7NRy5bGcfA/pbUlgsllNd/Wb776o2tYJyiT7+c9jE9E874Zl1Zg/2pXN\n"
                  }
                ]
              }
            ],
            "local_account_disabled": false,
            "location": "westus",
            "maintenance_window": [],
            "maintenance_window_auto_upgrade": [],
            "maintenance_window_node_os": [],
            "microsoft_defender": [],
            "monitor_metrics": [],
            "name": "vplabs-test-aks-cluster",
            "network_profile": [
              {
                "dns_service_ip": "172.16.0.10",
                "ip_versions": [
                  "IPv4"
                ],
                "load_balancer_profile": [
                  {
                    "backend_pool_type": "NodeIPConfiguration",
                    "effective_outbound_ips": [
                      "/subscriptions/bfe0322d-aa0d-4109-920b-79ee17b30333/resourceGroups/vplabs-test-aks-cluster-rg/providers/Microsoft.Network/publicIPAddresses/e526be1b-c206-4cff-b1ff-1e69b258eec4"
                    ],
                    "idle_timeout_in_minutes": 0,
                    "managed_outbound_ip_count": 1,
                    "managed_outbound_ipv6_count": 0,
                    "outbound_ip_address_ids": [],
                    "outbound_ip_prefix_ids": [],
                    "outbound_ports_allocated": 0
                  }
                ],
                "load_balancer_sku": "standard",
                "nat_gateway_profile": [],
                "network_data_plane": "azure",
                "network_mode": "",
                "network_plugin": "azure",
                "network_plugin_mode": "",
                "network_policy": "",
                "outbound_type": "loadBalancer",
                "pod_cidr": "",
                "pod_cidrs": [],
                "service_cidr": "172.16.0.0/16",
                "service_cidrs": [
                  "172.16.0.0/16"
                ]
              }
            ],
            "node_os_upgrade_channel": "NodeImage",
            "node_resource_group": "vplabs-test-aks-cluster-rg",
            "node_resource_group_id": "/subscriptions/bfe0322d-aa0d-4109-920b-79ee17b30333/resourceGroups/vplabs-test-aks-cluster-rg",
            "oidc_issuer_enabled": true,
            "oidc_issuer_url": "https://westus.oic.prod-aks.azure.com/a00ac532-c5ba-41e0-8663-cdd7b34ba3d0/5e4f82bb-034e-4223-ab60-860c570888d4/",
            "oms_agent": [
              {
                "log_analytics_workspace_id": "/subscriptions/bfe0322d-aa0d-4109-920b-79ee17b30333/resourceGroups/vplabs-test-aks-resource-group/providers/Microsoft.OperationalInsights/workspaces/vplabs-test-log-analytics-workspace",
                "msi_auth_for_monitoring_enabled": false,
                "oms_agent_identity": [
                  {
                    "client_id": "5c1b51d8-6eb0-4ab9-9952-96857fc08efc",
                    "object_id": "faf7bc24-1c79-4e21-a3ba-0202cde0afe3",
                    "user_assigned_identity_id": "/subscriptions/bfe0322d-aa0d-4109-920b-79ee17b30333/resourcegroups/vplabs-test-aks-cluster-rg/providers/Microsoft.ManagedIdentity/userAssignedIdentities/omsagent-vplabs-test-aks-cluster"
                  }
                ]
              }
            ],
            "open_service_mesh_enabled": false,
            "portal_fqdn": "vplabs-test-aks-cluster-qjzfoblf.portal.hcp.westus.azmk8s.io",
            "private_cluster_enabled": false,
            "private_cluster_public_fqdn_enabled": false,
            "private_dns_zone_id": "",
            "private_fqdn": "",
            "resource_group_name": "vplabs-test-aks-resource-group",
            "role_based_access_control_enabled": true,
            "run_command_enabled": true,
            "service_mesh_profile": [],
            "service_principal": [],
            "sku_tier": "Free",
            "storage_profile": [],
            "support_plan": "KubernetesOfficial",
            "tags": {
              "company_issuing_app_id": "",
              "environment": "test",
              "owner": "vplabs"
            },
            "timeouts": null,
            "web_app_routing": [],
            "windows_profile": [
              {
                "admin_password": "",
                "admin_username": "azureuser",
                "gmsa": [],
                "license": ""
              }
            ],
            "workload_autoscaler_profile": [],
            "workload_identity_enabled": true
          },
          "sensitive_attributes": [],
          "private": "eyJlMmJmYjczMC1lY2FhLTExZTYtOGY4OC0zNDM2M2JjN2M0YzAiOnsiY3JlYXRlIjo1NDAwMDAwMDAwMDAwLCJkZWxldGUiOjU0MDAwMDAwMDAwMDAsInJlYWQiOjMwMDAwMDAwMDAwMCwidXBkYXRlIjo1NDAwMDAwMDAwMDAwfSwic2NoZW1hX3ZlcnNpb24iOiIyIn0=",
          "dependencies": [
            "module.aks_cluster.data.azurerm_kubernetes_service_versions.current",
            "module.azuread_group.azuread_group.aks_administrators",
            "module.log_analytics_workspace.azurerm_log_analytics_workspace.insights",
            "module.ssh_key.tls_private_key.tls_private_key",
            "module.vnet.azurerm_subnet.private",
            "module.vnet.azurerm_virtual_network.vnet"
          ]
        }
      ]
    },
    {
      "module": "module.aks_cluster_node_pool_operations",
      "mode": "data",
      "type": "azurerm_kubernetes_service_versions",
      "name": "current",
      "provider": "provider[\"registry.terraform.io/hashicorp/azurerm\"]",
      "instances": [
        {
          "schema_version": 0,
          "attributes": {
            "default_version": "1.30.7",
            "id": "/subscriptions/bfe0322d-aa0d-4109-920b-79ee17b30333/providers/Microsoft.ContainerService/locations/westus",
            "include_preview": false,
            "latest_version": "1.31.3",
            "location": "westus",
            "timeouts": null,
            "version_prefix": null,
            "versions": [
              "1.30.7",
              "1.30.6",
              "1.30.5",
              "1.30.4",
              "1.30.3",
              "1.30.2",
              "1.30.1",
              "1.30.0",
              "1.29.11",
              "1.29.10",
              "1.29.9",
              "1.29.8",
              "1.29.7",
              "1.29.6",
              "1.29.5",
              "1.29.4",
              "1.29.2",
              "1.29.0",
              "1.28.15",
              "1.28.14",
              "1.28.13",
              "1.28.12",
              "1.28.11",
              "1.28.10",
              "1.28.9",
              "1.28.5",
              "1.28.3",
              "1.28.0",
              "1.31.3",
              "1.31.2",
              "1.31.1"
            ]
          },
          "sensitive_attributes": []
        }
      ]
    },
    {
      "module": "module.aks_cluster_node_pool_operations",
      "mode": "managed",
      "type": "azurerm_kubernetes_cluster_node_pool",
      "name": "linux101",
      "provider": "provider[\"registry.terraform.io/hashicorp/azurerm\"]",
      "instances": [
        {
          "schema_version": 1,
          "attributes": {
            "auto_scaling_enabled": true,
            "capacity_reservation_group_id": "",
            "eviction_policy": "",
            "fips_enabled": false,
            "gpu_instance": null,
            "host_encryption_enabled": false,
            "host_group_id": "",
            "id": "/subscriptions/bfe0322d-aa0d-4109-920b-79ee17b30333/resourceGroups/vplabs-test-aks-resource-group/providers/Microsoft.ContainerService/managedClusters/vplabs-test-aks-cluster/agentPools/vplabsopl",
            "kubelet_config": [],
            "kubelet_disk_type": "OS",
            "kubernetes_cluster_id": "/subscriptions/bfe0322d-aa0d-4109-920b-79ee17b30333/resourceGroups/vplabs-test-aks-resource-group/providers/Microsoft.ContainerService/managedClusters/vplabs-test-aks-cluster",
            "linux_os_config": [],
            "max_count": 3,
            "max_pods": 30,
            "min_count": 1,
            "mode": "User",
            "name": "vplabsopl",
            "node_count": 1,
            "node_labels": {
              "node_app": "operationsapps",
              "node_type": "shared"
            },
            "node_network_profile": [],
            "node_public_ip_enabled": false,
            "node_public_ip_prefix_id": "",
            "node_taints": [],
            "orchestrator_version": "1.31.3",
            "os_disk_size_gb": 30,
            "os_disk_type": "Managed",
            "os_sku": "Ubuntu",
            "os_type": "Linux",
            "pod_subnet_id": "",
            "priority": "Regular",
            "proximity_placement_group_id": "",
            "scale_down_mode": "Delete",
            "snapshot_id": null,
            "spot_max_price": -1,
            "tags": {
              "company_issuing_app_id": "",
              "environment": "test",
              "owner": "vplabs"
            },
            "temporary_name_for_rotation": null,
            "timeouts": null,
            "ultra_ssd_enabled": false,
            "upgrade_settings": [],
            "vm_size": "Standard_DS2_v2",
            "vnet_subnet_id": "/subscriptions/bfe0322d-aa0d-4109-920b-79ee17b30333/resourceGroups/vplabs-test-aks-resource-group/providers/Microsoft.Network/virtualNetworks/vplabs-test-vnet/subnets/private-1",
            "windows_profile": [],
            "workload_runtime": null,
            "zones": []
          },
          "sensitive_attributes": [],
          "private": "eyJlMmJmYjczMC1lY2FhLTExZTYtOGY4OC0zNDM2M2JjN2M0YzAiOnsiY3JlYXRlIjozNjAwMDAwMDAwMDAwLCJkZWxldGUiOjM2MDAwMDAwMDAwMDAsInJlYWQiOjMwMDAwMDAwMDAwMCwidXBkYXRlIjozNjAwMDAwMDAwMDAwfSwic2NoZW1hX3ZlcnNpb24iOiIxIn0=",
          "dependencies": [
            "module.aks_cluster.azurerm_kubernetes_cluster.aks_cluster",
            "module.aks_cluster.data.azurerm_kubernetes_service_versions.current",
            "module.aks_cluster_node_pool_operations.data.azurerm_kubernetes_service_versions.current",
            "module.azuread_group.azuread_group.aks_administrators",
            "module.log_analytics_workspace.azurerm_log_analytics_workspace.insights",
            "module.ssh_key.tls_private_key.tls_private_key",
            "module.vnet.azurerm_subnet.private",
            "module.vnet.azurerm_virtual_network.vnet"
          ]
        }
      ]
    },
    {
      "module": "module.aks_container_registry",
      "mode": "managed",
      "type": "azurerm_container_registry",
      "name": "acr",
      "provider": "provider[\"registry.terraform.io/hashicorp/azurerm\"]",
      "instances": [
        {
          "schema_version": 2,
          "attributes": {
            "admin_enabled": false,
            "admin_password": "",
            "admin_username": "",
            "anonymous_pull_enabled": false,
            "data_endpoint_enabled": false,
            "encryption": [],
            "export_policy_enabled": true,
            "georeplications": [],
            "id": "/subscriptions/bfe0322d-aa0d-4109-920b-79ee17b30333/resourceGroups/vplabs-test-aks-resource-group/providers/Microsoft.ContainerRegistry/registries/vplabstestacr",
            "identity": [],
            "location": "westus",
            "login_server": "vplabstestacr.azurecr.io",
            "name": "vplabstestacr",
            "network_rule_bypass_option": "AzureServices",
            "network_rule_set": [],
            "public_network_access_enabled": true,
            "quarantine_policy_enabled": false,
            "resource_group_name": "vplabs-test-aks-resource-group",
            "retention_policy_in_days": 0,
            "sku": "Standard",
            "tags": {},
            "timeouts": null,
            "trust_policy_enabled": false,
            "zone_redundancy_enabled": false
          },
          "sensitive_attributes": [],
          "private": "eyJlMmJmYjczMC1lY2FhLTExZTYtOGY4OC0zNDM2M2JjN2M0YzAiOnsiY3JlYXRlIjoxODAwMDAwMDAwMDAwLCJkZWxldGUiOjE4MDAwMDAwMDAwMDAsInJlYWQiOjMwMDAwMDAwMDAwMCwidXBkYXRlIjoxODAwMDAwMDAwMDAwfSwic2NoZW1hX3ZlcnNpb24iOiIyIn0="
        }
      ]
    },
    {
      "module": "module.azuread_group",
      "mode": "managed",
      "type": "azuread_group",
      "name": "aks_administrators",
      "provider": "provider[\"registry.terraform.io/hashicorp/azuread\"]",
      "instances": [
        {
          "schema_version": 1,
          "attributes": {
            "administrative_unit_ids": [],
            "assignable_to_role": false,
            "auto_subscribe_new_members": false,
            "behaviors": [],
            "description": "Azure AKS Kubernetes administrators for the vplabs-test-cluster.",
            "display_name": "vplabs-test-cluster-administrators",
            "dynamic_membership": [],
            "external_senders_allowed": false,
            "hide_from_address_lists": false,
            "hide_from_outlook_clients": false,
            "id": "/groups/602f17b5-e7d2-4e1e-af62-033eea7482c9",
            "mail": "",
            "mail_enabled": false,
            "mail_nickname": "f4423128-8",
            "members": [],
            "object_id": "602f17b5-e7d2-4e1e-af62-033eea7482c9",
            "onpremises_domain_name": "",
            "onpremises_group_type": "",
            "onpremises_netbios_name": "",
            "onpremises_sam_account_name": "",
            "onpremises_security_identifier": "",
            "onpremises_sync_enabled": false,
            "owners": [
              "9fe1d731-20e0-46c7-9b2f-7657a71e2ec7"
            ],
            "preferred_language": "",
            "prevent_duplicate_names": false,
            "provisioning_options": [],
            "proxy_addresses": [],
            "security_enabled": true,
            "theme": "",
            "timeouts": null,
            "types": [],
            "visibility": "",
            "writeback_enabled": false
          },
          "sensitive_attributes": [],
          "private": "eyJlMmJmYjczMC1lY2FhLTExZTYtOGY4OC0zNDM2M2JjN2M0YzAiOnsiY3JlYXRlIjoxMjAwMDAwMDAwMDAwLCJkZWxldGUiOjMwMDAwMDAwMDAwMCwicmVhZCI6MzAwMDAwMDAwMDAwLCJ1cGRhdGUiOjEyMDAwMDAwMDAwMDB9LCJzY2hlbWFfdmVyc2lvbiI6IjEifQ=="
        }
      ]
    },
    {
      "module": "module.cert_manager[0]",
      "mode": "managed",
      "type": "helm_release",
      "name": "cert_manager",
      "provider": "provider[\"registry.terraform.io/hashicorp/helm\"]",
      "instances": [
        {
          "schema_version": 1,
          "attributes": {
            "atomic": false,
            "chart": "cert-manager",
            "cleanup_on_fail": false,
            "create_namespace": false,
            "dependency_update": false,
            "description": null,
            "devel": null,
            "disable_crd_hooks": false,
            "disable_openapi_validation": false,
            "disable_webhooks": false,
            "force_update": false,
            "id": "cert-manager",
            "keyring": null,
            "lint": false,
            "manifest": null,
            "max_history": 0,
            "metadata": [
              {
                "app_version": "v1.14.2",
                "chart": "cert-manager",
                "first_deployed": 1740408642,
                "last_deployed": 1740408642,
                "name": "cert-manager",
                "namespace": "default",
                "notes": "cert-manager v1.14.2 has been deployed successfully!\n\nIn order to begin issuing certificates, you will need to set up a ClusterIssuer\nor Issuer resource (for example, by creating a 'letsencrypt-staging' issuer).\n\nMore information on the different types of issuers and how to configure them\ncan be found in our documentation:\n\nhttps://cert-manager.io/docs/configuration/\n\nFor information on how to configure cert-manager to automatically provision\nCertificates for Ingress resources, take a look at the `ingress-shim`\ndocumentation:\n\nhttps://cert-manager.io/docs/usage/ingress/\n",
                "revision": 1,
                "values": "{\"installCRDs\":true,\"podLabels\":{\"azure.workload.identity/use\":\"true\"},\"serviceAccount\":{\"name\":\"cert-manager\"}}",
                "version": "v1.14.2"
              }
            ],
            "name": "cert-manager",
            "namespace": "default",
            "pass_credentials": false,
            "postrender": [],
            "recreate_pods": false,
            "render_subchart_notes": true,
            "replace": false,
            "repository": "https://charts.jetstack.io",
            "repository_ca_file": null,
            "repository_cert_file": null,
            "repository_key_file": null,
            "repository_password": null,
            "repository_username": null,
            "reset_values": false,
            "reuse_values": false,
            "set": [],
            "set_list": [],
            "set_sensitive": [],
            "skip_crds": false,
            "status": "deployed",
            "timeout": 300,
            "upgrade_install": null,
            "values": [
              "\"installCRDs\": true\n\"podLabels\":\n  \"azure.workload.identity/use\": \"true\"\n\"serviceAccount\":\n  \"name\": \"cert-manager\"\n"
            ],
            "verify": false,
            "version": "v1.14.2",
            "wait": true,
            "wait_for_jobs": false
          },
          "sensitive_attributes": [],
          "private": "eyJzY2hlbWFfdmVyc2lvbiI6IjEifQ==",
          "dependencies": [
            "data.azurerm_kubernetes_cluster.aks"
          ]
        }
      ]
    },
    {
      "module": "module.cert_manager[0]",
      "mode": "managed",
      "type": "kubectl_manifest",
      "name": "cert_manager_ingress",
      "provider": "provider[\"registry.terraform.io/gavinbunney/kubectl\"]",
      "instances": [
        {
          "schema_version": 1,
          "attributes": {
            "api_version": "cert-manager.io/v1",
            "apply_only": false,
            "force_conflicts": false,
            "force_new": false,
            "id": "/apis/cert-manager.io/v1/clusterissuers/ingress",
            "ignore_fields": null,
            "kind": "ClusterIssuer",
            "live_manifest_incluster": "398f2c77ed8e2d5bfe991345f93a6687503fde211d0085dcb6e80b642635376a",
            "live_uid": "47b07b6b-07e2-47f8-b59f-0558767a1951",
            "name": "ingress",
            "namespace": "default",
            "override_namespace": null,
            "sensitive_fields": null,
            "server_side_apply": false,
            "timeouts": null,
            "uid": "47b07b6b-07e2-47f8-b59f-0558767a1951",
            "validate_schema": true,
            "wait": null,
            "wait_for_rollout": true,
            "yaml_body": "\"apiVersion\": \"cert-manager.io/v1\"\n\"kind\": \"ClusterIssuer\"\n\"metadata\":\n  \"name\": \"ingress\"\n  \"namespace\": \"default\"\n\"spec\":\n  \"acme\":\n    \"email\": \"festusowumi@gmail.com\"\n    \"privateKeySecretRef\":\n      \"name\": \"cert-manager-ingress-letsencrypt\"\n    \"server\": \"https://acme-v02.api.letsencrypt.org/directory\"\n    \"solvers\":\n    - \"http01\":\n        \"ingress\":\n          \"class\": \"nginx\"\n",
            "yaml_body_parsed": "apiVersion: cert-manager.io/v1\nkind: ClusterIssuer\nmetadata:\n  name: ingress\n  namespace: default\nspec:\n  acme:\n    email: festusowumi@gmail.com\n    privateKeySecretRef:\n      name: cert-manager-ingress-letsencrypt\n    server: https://acme-v02.api.letsencrypt.org/directory\n    solvers:\n    - http01:\n        ingress:\n          class: nginx\n",
            "yaml_incluster": "398f2c77ed8e2d5bfe991345f93a6687503fde211d0085dcb6e80b642635376a"
          },
          "sensitive_attributes": [],
          "private": "eyJlMmJmYjczMC1lY2FhLTExZTYtOGY4OC0zNDM2M2JjN2M0YzAiOnsiY3JlYXRlIjo2MDAwMDAwMDAwMDB9LCJzY2hlbWFfdmVyc2lvbiI6IjEifQ==",
          "dependencies": [
            "data.azurerm_kubernetes_cluster.aks",
            "module.cert_manager.helm_release.cert_manager"
          ]
        }
      ]
    },
    {
      "module": "module.dns_zone",
      "mode": "managed",
      "type": "azurerm_dns_zone",
      "name": "dns_zone",
      "provider": "provider[\"registry.terraform.io/hashicorp/azurerm\"]",
      "instances": [
        {
          "schema_version": 2,
          "attributes": {
            "id": "/subscriptions/bfe0322d-aa0d-4109-920b-79ee17b30333/resourceGroups/vplabs-test-aks-resource-group/providers/Microsoft.Network/dnsZones/nanolearn.co",
            "max_number_of_record_sets": 10000,
            "name": "nanolearn.co",
            "name_servers": [
              "ns1-07.azure-dns.com.",
              "ns2-07.azure-dns.net.",
              "ns3-07.azure-dns.org.",
              "ns4-07.azure-dns.info."
            ],
            "number_of_record_sets": 10,
            "resource_group_name": "vplabs-test-aks-resource-group",
            "soa_record": [
              {
                "email": "azuredns-hostmaster.microsoft.com",
                "expire_time": 2419200,
                "fqdn": "nanolearn.co.",
                "host_name": "ns1-07.azure-dns.com.",
                "minimum_ttl": 300,
                "refresh_time": 3600,
                "retry_time": 300,
                "serial_number": 1,
                "tags": {},
                "ttl": 3600
              }
            ],
            "tags": {},
            "timeouts": null
          },
          "sensitive_attributes": [],
          "private": "eyJlMmJmYjczMC1lY2FhLTExZTYtOGY4OC0zNDM2M2JjN2M0YzAiOnsiY3JlYXRlIjoxODAwMDAwMDAwMDAwLCJkZWxldGUiOjE4MDAwMDAwMDAwMDAsInJlYWQiOjMwMDAwMDAwMDAwMCwidXBkYXRlIjoxODAwMDAwMDAwMDAwfSwic2NoZW1hX3ZlcnNpb24iOiIyIn0="
        }
      ]
    },
    {
      "module": "module.external_dns[0]",
      "mode": "managed",
      "type": "helm_release",
      "name": "external_dns",
      "provider": "provider[\"registry.terraform.io/hashicorp/helm\"]",
      "instances": [
        {
          "schema_version": 1,
          "attributes": {
            "atomic": false,
            "chart": "external-dns",
            "cleanup_on_fail": false,
            "create_namespace": false,
            "dependency_update": false,
            "description": null,
            "devel": null,
            "disable_crd_hooks": false,
            "disable_openapi_validation": false,
            "disable_webhooks": false,
            "force_update": false,
            "id": "external-dns",
            "keyring": null,
            "lint": false,
            "manifest": null,
            "max_history": 0,
            "metadata": [
              {
                "app_version": "0.14.0",
                "chart": "external-dns",
                "first_deployed": 1740406323,
                "last_deployed": 1740406323,
                "name": "external-dns",
                "namespace": "external-dns",
                "notes": "CHART NAME: external-dns\nCHART VERSION: 6.32.1\nAPP VERSION: 0.14.0\n\n** Please be patient while the chart is being deployed **\n\nTo verify that external-dns has started, run:\n\n  kubectl --namespace=external-dns get pods -l \"app.kubernetes.io/name=external-dns,app.kubernetes.io/instance=external-dns\"\n\n\n\n",
                "revision": 1,
                "values": "{\"azure\":{\"resourceGroup\":\"vplabs-test-aks-resource-group\",\"subscriptionId\":\"bfe0322d-aa0d-4109-920b-79ee17b30333\",\"tenantId\":\"a00ac532-c5ba-41e0-8663-cdd7b34ba3d0\",\"useWorkloadIdentityExtension\":true},\"domainFilters\":[\"nanolearn.co\"],\"podLabels\":{\"azure.workload.identity/use\":\"true\"},\"policy\":\"sync\",\"provider\":\"azure\",\"serviceAccount\":{\"annotations\":{\"azure.workload.identity/client-id\":\"155abbd5-a938-4c85-8b56-518328afae80\"},\"name\":\"external-dns\"},\"sources\":[\"ingress\"],\"txtOwnerId\":\"vplabs-test-aks-resource-group\"}",
                "version": "6.32.1"
              }
            ],
            "name": "external-dns",
            "namespace": "external-dns",
            "pass_credentials": false,
            "postrender": [],
            "recreate_pods": false,
            "render_subchart_notes": true,
            "replace": false,
            "repository": "https://charts.bitnami.com/bitnami",
            "repository_ca_file": null,
            "repository_cert_file": null,
            "repository_key_file": null,
            "repository_password": null,
            "repository_username": null,
            "reset_values": false,
            "reuse_values": false,
            "set": [],
            "set_list": [],
            "set_sensitive": [],
            "skip_crds": false,
            "status": "deployed",
            "timeout": 300,
            "upgrade_install": null,
            "values": [
              "\"azure\":\n  \"resourceGroup\": \"vplabs-test-aks-resource-group\"\n  \"subscriptionId\": \"bfe0322d-aa0d-4109-920b-79ee17b30333\"\n  \"tenantId\": \"a00ac532-c5ba-41e0-8663-cdd7b34ba3d0\"\n  \"useWorkloadIdentityExtension\": true\n\"domainFilters\":\n- \"nanolearn.co\"\n\"podLabels\":\n  \"azure.workload.identity/use\": \"true\"\n\"policy\": \"sync\"\n\"provider\": \"azure\"\n\"serviceAccount\":\n  \"annotations\":\n    \"azure.workload.identity/client-id\": \"155abbd5-a938-4c85-8b56-518328afae80\"\n  \"name\": \"external-dns\"\n\"sources\":\n- \"ingress\"\n\"txtOwnerId\": \"vplabs-test-aks-resource-group\"\n"
            ],
            "verify": false,
            "version": "6.32.1",
            "wait": true,
            "wait_for_jobs": false
          },
          "sensitive_attributes": [],
          "private": "eyJzY2hlbWFfdmVyc2lvbiI6IjEifQ==",
          "dependencies": [
            "data.azurerm_kubernetes_cluster.aks",
            "data.azurerm_subscription.current",
            "module.dns_zone.azurerm_dns_zone.dns_zone",
            "module.user_assigned_identity_external_dns.azurerm_user_assigned_identity.dns_manager"
          ]
        }
      ]
    },
    {
      "module": "module.external_dns[0]",
      "mode": "managed",
      "type": "kubernetes_namespace",
      "name": "external_dns",
      "provider": "provider[\"registry.terraform.io/hashicorp/kubernetes\"]",
      "instances": [
        {
          "schema_version": 0,
          "attributes": {
            "id": "external-dns",
            "metadata": [
              {
                "annotations": {},
                "generate_name": "",
                "generation": 0,
                "labels": {},
                "name": "external-dns",
                "resource_version": "12034",
                "uid": "762a7ab1-cb6d-4365-a4af-5c8f3310bb1c"
              }
            ],
            "timeouts": null,
            "wait_for_default_service_account": false
          },
          "sensitive_attributes": [],
          "private": "eyJlMmJmYjczMC1lY2FhLTExZTYtOGY4OC0zNDM2M2JjN2M0YzAiOnsiZGVsZXRlIjozMDAwMDAwMDAwMDB9fQ==",
          "dependencies": [
            "data.azurerm_kubernetes_cluster.aks"
          ]
        }
      ]
    },
    {
      "module": "module.federated_identity_credential_cert_manager",
      "mode": "managed",
      "type": "azurerm_federated_identity_credential",
      "name": "default",
      "provider": "provider[\"registry.terraform.io/hashicorp/azurerm\"]",
      "instances": [
        {
          "schema_version": 0,
          "attributes": {
            "audience": [
              "api://AzureADTokenExchange"
            ],
            "id": "/subscriptions/bfe0322d-aa0d-4109-920b-79ee17b30333/resourceGroups/vplabs-test-aks-resource-group/providers/Microsoft.ManagedIdentity/userAssignedIdentities/cert-manager/federatedIdentityCredentials/cert-manager",
            "issuer": "https://westus.oic.prod-aks.azure.com/a00ac532-c5ba-41e0-8663-cdd7b34ba3d0/5e4f82bb-034e-4223-ab60-860c570888d4/",
            "name": "cert-manager",
            "parent_id": "/subscriptions/bfe0322d-aa0d-4109-920b-79ee17b30333/resourceGroups/vplabs-test-aks-resource-group/providers/Microsoft.ManagedIdentity/userAssignedIdentities/cert-manager",
            "resource_group_name": "vplabs-test-aks-resource-group",
            "subject": "system:serviceaccount:default:cert-manager",
            "timeouts": null
          },
          "sensitive_attributes": [],
          "private": "eyJlMmJmYjczMC1lY2FhLTExZTYtOGY4OC0zNDM2M2JjN2M0YzAiOnsiY3JlYXRlIjoxODAwMDAwMDAwMDAwLCJkZWxldGUiOjE4MDAwMDAwMDAwMDAsInJlYWQiOjMwMDAwMDAwMDAwMCwidXBkYXRlIjoxODAwMDAwMDAwMDAwfX0=",
          "dependencies": [
            "module.aks_cluster.azurerm_kubernetes_cluster.aks_cluster",
            "module.aks_cluster.data.azurerm_kubernetes_service_versions.current",
            "module.azuread_group.azuread_group.aks_administrators",
            "module.log_analytics_workspace.azurerm_log_analytics_workspace.insights",
            "module.ssh_key.tls_private_key.tls_private_key",
            "module.user_assigned_identity_cert_manager.azurerm_user_assigned_identity.dns_manager",
            "module.vnet.azurerm_subnet.private",
            "module.vnet.azurerm_virtual_network.vnet"
          ]
        }
      ]
    },
    {
      "module": "module.federated_identity_credential_external_dns",
      "mode": "managed",
      "type": "azurerm_federated_identity_credential",
      "name": "default",
      "provider": "provider[\"registry.terraform.io/hashicorp/azurerm\"]",
      "instances": [
        {
          "schema_version": 0,
          "attributes": {
            "audience": [
              "api://AzureADTokenExchange"
            ],
            "id": "/subscriptions/bfe0322d-aa0d-4109-920b-79ee17b30333/resourceGroups/vplabs-test-aks-resource-group/providers/Microsoft.ManagedIdentity/userAssignedIdentities/external-dns/federatedIdentityCredentials/external-dns",
            "issuer": "https://westus.oic.prod-aks.azure.com/a00ac532-c5ba-41e0-8663-cdd7b34ba3d0/5e4f82bb-034e-4223-ab60-860c570888d4/",
            "name": "external-dns",
            "parent_id": "/subscriptions/bfe0322d-aa0d-4109-920b-79ee17b30333/resourceGroups/vplabs-test-aks-resource-group/providers/Microsoft.ManagedIdentity/userAssignedIdentities/external-dns",
            "resource_group_name": "vplabs-test-aks-resource-group",
            "subject": "system:serviceaccount:external-dns:external-dns",
            "timeouts": null
          },
          "sensitive_attributes": [],
          "private": "eyJlMmJmYjczMC1lY2FhLTExZTYtOGY4OC0zNDM2M2JjN2M0YzAiOnsiY3JlYXRlIjoxODAwMDAwMDAwMDAwLCJkZWxldGUiOjE4MDAwMDAwMDAwMDAsInJlYWQiOjMwMDAwMDAwMDAwMCwidXBkYXRlIjoxODAwMDAwMDAwMDAwfX0=",
          "dependencies": [
            "module.aks_cluster.azurerm_kubernetes_cluster.aks_cluster",
            "module.aks_cluster.data.azurerm_kubernetes_service_versions.current",
            "module.azuread_group.azuread_group.aks_administrators",
            "module.log_analytics_workspace.azurerm_log_analytics_workspace.insights",
            "module.ssh_key.tls_private_key.tls_private_key",
            "module.user_assigned_identity_external_dns.azurerm_user_assigned_identity.dns_manager",
            "module.vnet.azurerm_subnet.private",
            "module.vnet.azurerm_virtual_network.vnet"
          ]
        }
      ]
    },
    {
      "module": "module.federated_identity_credential_vp_labs_search_admin_api_service",
      "mode": "managed",
      "type": "azurerm_federated_identity_credential",
      "name": "default",
      "provider": "provider[\"registry.terraform.io/hashicorp/azurerm\"]",
      "instances": [
        {
          "schema_version": 0,
          "attributes": {
            "audience": [
              "api://AzureADTokenExchange"
            ],
            "id": "/subscriptions/bfe0322d-aa0d-4109-920b-79ee17b30333/resourceGroups/vplabs-test-aks-resource-group/providers/Microsoft.ManagedIdentity/userAssignedIdentities/vplabs-test-github-actions-identity/federatedIdentityCredentials/github-actions-vp-labs-search-admin-api-service",
            "issuer": "https://token.actions.githubusercontent.com",
            "name": "github-actions-vp-labs-search-admin-api-service",
            "parent_id": "/subscriptions/bfe0322d-aa0d-4109-920b-79ee17b30333/resourceGroups/vplabs-test-aks-resource-group/providers/Microsoft.ManagedIdentity/userAssignedIdentities/vplabs-test-github-actions-identity",
            "resource_group_name": "vplabs-test-aks-resource-group",
            "subject": "repo:VectorPathLabs/vp-labs-search-admin-api-service:ref:refs/heads/main",
            "timeouts": null
          },
          "sensitive_attributes": [],
          "private": "eyJlMmJmYjczMC1lY2FhLTExZTYtOGY4OC0zNDM2M2JjN2M0YzAiOnsiY3JlYXRlIjoxODAwMDAwMDAwMDAwLCJkZWxldGUiOjE4MDAwMDAwMDAwMDAsInJlYWQiOjMwMDAwMDAwMDAwMCwidXBkYXRlIjoxODAwMDAwMDAwMDAwfX0=",
          "dependencies": [
            "module.github_actions_identity.azurerm_user_assigned_identity.dns_manager"
          ]
        }
      ]
    },
    {
      "module": "module.federated_identity_credential_vp_labs_search_inference_api_service",
      "mode": "managed",
      "type": "azurerm_federated_identity_credential",
      "name": "default",
      "provider": "provider[\"registry.terraform.io/hashicorp/azurerm\"]",
      "instances": [
        {
          "schema_version": 0,
          "attributes": {
            "audience": [
              "api://AzureADTokenExchange"
            ],
            "id": "/subscriptions/bfe0322d-aa0d-4109-920b-79ee17b30333/resourceGroups/vplabs-test-aks-resource-group/providers/Microsoft.ManagedIdentity/userAssignedIdentities/vplabs-test-github-actions-identity/federatedIdentityCredentials/github-actions-vp-labs-search-inference-api-service",
            "issuer": "https://token.actions.githubusercontent.com",
            "name": "github-actions-vp-labs-search-inference-api-service",
            "parent_id": "/subscriptions/bfe0322d-aa0d-4109-920b-79ee17b30333/resourceGroups/vplabs-test-aks-resource-group/providers/Microsoft.ManagedIdentity/userAssignedIdentities/vplabs-test-github-actions-identity",
            "resource_group_name": "vplabs-test-aks-resource-group",
            "subject": "repo:VectorPathLabs/vp-labs-search-inference-api-service:ref:refs/heads/main",
            "timeouts": null
          },
          "sensitive_attributes": [],
          "private": "eyJlMmJmYjczMC1lY2FhLTExZTYtOGY4OC0zNDM2M2JjN2M0YzAiOnsiY3JlYXRlIjoxODAwMDAwMDAwMDAwLCJkZWxldGUiOjE4MDAwMDAwMDAwMDAsInJlYWQiOjMwMDAwMDAwMDAwMCwidXBkYXRlIjoxODAwMDAwMDAwMDAwfX0=",
          "dependencies": [
            "module.github_actions_identity.azurerm_user_assigned_identity.dns_manager"
          ]
        }
      ]
    },
    {
      "module": "module.federated_identity_credential_vp_labs_search_operations_api_service",
      "mode": "managed",
      "type": "azurerm_federated_identity_credential",
      "name": "default",
      "provider": "provider[\"registry.terraform.io/hashicorp/azurerm\"]",
      "instances": [
        {
          "schema_version": 0,
          "attributes": {
            "audience": [
              "api://AzureADTokenExchange"
            ],
            "id": "/subscriptions/bfe0322d-aa0d-4109-920b-79ee17b30333/resourceGroups/vplabs-test-aks-resource-group/providers/Microsoft.ManagedIdentity/userAssignedIdentities/vplabs-test-github-actions-identity/federatedIdentityCredentials/github-actions-vp-labs-search-operations-api-service",
            "issuer": "https://token.actions.githubusercontent.com",
            "name": "github-actions-vp-labs-search-operations-api-service",
            "parent_id": "/subscriptions/bfe0322d-aa0d-4109-920b-79ee17b30333/resourceGroups/vplabs-test-aks-resource-group/providers/Microsoft.ManagedIdentity/userAssignedIdentities/vplabs-test-github-actions-identity",
            "resource_group_name": "vplabs-test-aks-resource-group",
            "subject": "repo:VectorPathLabs/vp-labs-search-operations-api-service:ref:refs/heads/main",
            "timeouts": null
          },
          "sensitive_attributes": [],
          "private": "eyJlMmJmYjczMC1lY2FhLTExZTYtOGY4OC0zNDM2M2JjN2M0YzAiOnsiY3JlYXRlIjoxODAwMDAwMDAwMDAwLCJkZWxldGUiOjE4MDAwMDAwMDAwMDAsInJlYWQiOjMwMDAwMDAwMDAwMCwidXBkYXRlIjoxODAwMDAwMDAwMDAwfX0=",
          "dependencies": [
            "module.github_actions_identity.azurerm_user_assigned_identity.dns_manager"
          ]
        }
      ]
    },
    {
      "module": "module.github_actions_identity",
      "mode": "managed",
      "type": "azurerm_user_assigned_identity",
      "name": "dns_manager",
      "provider": "provider[\"registry.terraform.io/hashicorp/azurerm\"]",
      "instances": [
        {
          "schema_version": 1,
          "attributes": {
            "client_id": "270d392c-e737-4406-9279-453683f5c5c3",
            "id": "/subscriptions/bfe0322d-aa0d-4109-920b-79ee17b30333/resourceGroups/vplabs-test-aks-resource-group/providers/Microsoft.ManagedIdentity/userAssignedIdentities/vplabs-test-github-actions-identity",
            "location": "westus",
            "name": "vplabs-test-github-actions-identity",
            "principal_id": "4d463de9-9925-4a36-b898-9156791cdee1",
            "resource_group_name": "vplabs-test-aks-resource-group",
            "tags": {},
            "tenant_id": "a00ac532-c5ba-41e0-8663-cdd7b34ba3d0",
            "timeouts": null
          },
          "sensitive_attributes": [],
          "private": "eyJlMmJmYjczMC1lY2FhLTExZTYtOGY4OC0zNDM2M2JjN2M0YzAiOnsiY3JlYXRlIjoxODAwMDAwMDAwMDAwLCJkZWxldGUiOjE4MDAwMDAwMDAwMDAsInJlYWQiOjMwMDAwMDAwMDAwMCwidXBkYXRlIjoxODAwMDAwMDAwMDAwfSwic2NoZW1hX3ZlcnNpb24iOiIxIn0="
        }
      ]
    },
    {
      "module": "module.key_vault",
      "mode": "data",
      "type": "azurerm_client_config",
      "name": "current",
      "provider": "provider[\"registry.terraform.io/hashicorp/azurerm\"]",
      "instances": [
        {
          "schema_version": 0,
          "attributes": {
            "client_id": "04b07795-8ddb-461a-bbee-02f9e1bf7b46",
            "id": "Y2xpZW50Q29uZmlncy9jbGllbnRJZD0wNGIwNzc5NS04ZGRiLTQ2MWEtYmJlZS0wMmY5ZTFiZjdiNDY7b2JqZWN0SWQ9OWZlMWQ3MzEtMjBlMC00NmM3LTliMmYtNzY1N2E3MWUyZWM3O3N1YnNjcmlwdGlvbklkPWJmZTAzMjJkLWFhMGQtNDEwOS05MjBiLTc5ZWUxN2IzMDMzMzt0ZW5hbnRJZD1hMDBhYzUzMi1jNWJhLTQxZTAtODY2My1jZGQ3YjM0YmEzZDA=",
            "object_id": "9fe1d731-20e0-46c7-9b2f-7657a71e2ec7",
            "subscription_id": "bfe0322d-aa0d-4109-920b-79ee17b30333",
            "tenant_id": "a00ac532-c5ba-41e0-8663-cdd7b34ba3d0",
            "timeouts": null
          },
          "sensitive_attributes": []
        }
      ]
    },
    {
      "module": "module.key_vault",
      "mode": "managed",
      "type": "azurerm_key_vault",
      "name": "example",
      "provider": "provider[\"registry.terraform.io/hashicorp/azurerm\"]",
      "instances": [
        {
          "schema_version": 2,
          "attributes": {
            "access_policy": [
              {
                "application_id": "",
                "certificate_permissions": [],
                "key_permissions": [
                  "Get",
                  "List",
                  "Create",
                  "Delete",
                  "Update",
                  "Purge"
                ],
                "object_id": "9fe1d731-20e0-46c7-9b2f-7657a71e2ec7",
                "secret_permissions": [
                  "Get",
                  "List",
                  "Set",
                  "Delete",
                  "Purge"
                ],
                "storage_permissions": [
                  "Get",
                  "List",
                  "Set",
                  "Delete",
                  "Purge"
                ],
                "tenant_id": "a00ac532-c5ba-41e0-8663-cdd7b34ba3d0"
              }
            ],
            "contact": [],
            "enable_rbac_authorization": false,
            "enabled_for_deployment": false,
            "enabled_for_disk_encryption": true,
            "enabled_for_template_deployment": false,
            "id": "/subscriptions/bfe0322d-aa0d-4109-920b-79ee17b30333/resourceGroups/vplabs-test-aks-resource-group/providers/Microsoft.KeyVault/vaults/vplabs-test-key-vault",
            "location": "westus",
            "name": "vplabs-test-key-vault",
            "network_acls": [
              {
                "bypass": "AzureServices",
                "default_action": "Allow",
                "ip_rules": [],
                "virtual_network_subnet_ids": []
              }
            ],
            "public_network_access_enabled": true,
            "purge_protection_enabled": false,
            "resource_group_name": "vplabs-test-aks-resource-group",
            "sku_name": "standard",
            "soft_delete_retention_days": 7,
            "tags": {},
            "tenant_id": "a00ac532-c5ba-41e0-8663-cdd7b34ba3d0",
            "timeouts": null,
            "vault_uri": "https://vplabs-test-key-vault.vault.azure.net/"
          },
          "sensitive_attributes": [],
          "private": "eyJlMmJmYjczMC1lY2FhLTExZTYtOGY4OC0zNDM2M2JjN2M0YzAiOnsiY3JlYXRlIjoxODAwMDAwMDAwMDAwLCJkZWxldGUiOjE4MDAwMDAwMDAwMDAsInJlYWQiOjMwMDAwMDAwMDAwMCwidXBkYXRlIjoxODAwMDAwMDAwMDAwfSwic2NoZW1hX3ZlcnNpb24iOiIyIn0=",
          "dependencies": [
            "module.key_vault.data.azurerm_client_config.current"
          ]
        }
      ]
    },
    {
      "module": "module.log_analytics_workspace",
      "mode": "managed",
      "type": "azurerm_log_analytics_workspace",
      "name": "insights",
      "provider": "provider[\"registry.terraform.io/hashicorp/azurerm\"]",
      "instances": [
        {
          "schema_version": 3,
          "attributes": {
            "allow_resource_only_permissions": true,
            "cmk_for_query_forced": false,
            "daily_quota_gb": -1,
            "data_collection_rule_id": "",
            "id": "/subscriptions/bfe0322d-aa0d-4109-920b-79ee17b30333/resourceGroups/vplabs-test-aks-resource-group/providers/Microsoft.OperationalInsights/workspaces/vplabs-test-log-analytics-workspace",
            "identity": [],
            "immediate_data_purge_on_30_days_enabled": false,
            "internet_ingestion_enabled": true,
            "internet_query_enabled": true,
            "local_authentication_disabled": false,
            "location": "westus",
            "name": "vplabs-test-log-analytics-workspace",
            "primary_shared_key": "WgN/kNobhL/YNaD/EMwPIgw0XY1oTCrmr/7QYMb6ZrkYlCi/wOolh3S2tIi2yubsxbf366xgbVtW7BtZKmRSqg==",
            "reservation_capacity_in_gb_per_day": null,
            "resource_group_name": "vplabs-test-aks-resource-group",
            "retention_in_days": 30,
            "secondary_shared_key": "yhKqODSIOraDeGkF/1EE02GjsLHn7H5+tZMEM7YQfdXxbo4tiiuVbdxBNQ4Efi7Bb1ApT00z2/3PRLG9NXkHEw==",
            "sku": "PerGB2018",
            "tags": {},
            "timeouts": {
              "create": "2h",
              "delete": "2h",
              "read": "5m",
              "update": "2h"
            },
            "workspace_id": "9eb632e8-96c2-4902-a4f7-1e36f79e3681"
          },
          "sensitive_attributes": [],
          "private": "eyJlMmJmYjczMC1lY2FhLTExZTYtOGY4OC0zNDM2M2JjN2M0YzAiOnsiY3JlYXRlIjo3MjAwMDAwMDAwMDAwLCJkZWxldGUiOjcyMDAwMDAwMDAwMDAsInJlYWQiOjMwMDAwMDAwMDAwMCwidXBkYXRlIjo3MjAwMDAwMDAwMDAwfSwic2NoZW1hX3ZlcnNpb24iOiIzIn0="
        }
      ]
    },
    {
      "module": "module.nginx_ingress_controller[0]",
      "mode": "managed",
      "type": "helm_release",
      "name": "ingress",
      "provider": "provider[\"registry.terraform.io/hashicorp/helm\"]",
      "instances": [
        {
          "schema_version": 1,
          "attributes": {
            "atomic": false,
            "chart": "ingress-nginx",
            "cleanup_on_fail": false,
            "create_namespace": false,
            "dependency_update": false,
            "description": null,
            "devel": null,
            "disable_crd_hooks": false,
            "disable_openapi_validation": false,
            "disable_webhooks": false,
            "force_update": false,
            "id": "ingress",
            "keyring": null,
            "lint": false,
            "manifest": null,
            "max_history": 0,
            "metadata": [
              {
                "app_version": "1.8.1",
                "chart": "ingress-nginx",
                "first_deployed": 1740406306,
                "last_deployed": 1740406306,
                "name": "ingress",
                "namespace": "default",
                "notes": "The ingress-nginx controller has been installed.\nIt may take a few minutes for the LoadBalancer IP to be available.\nYou can watch the status by running 'kubectl --namespace default get services -o wide -w ingress-ingress-nginx-controller'\n\nAn example Ingress that makes use of the controller:\n  apiVersion: networking.k8s.io/v1\n  kind: Ingress\n  metadata:\n    name: example\n    namespace: foo\n  spec:\n    ingressClassName: nginx\n    rules:\n      - host: www.example.com\n        http:\n          paths:\n            - pathType: Prefix\n              backend:\n                service:\n                  name: exampleService\n                  port:\n                    number: 80\n              path: /\n    # This section is only required if TLS is to be enabled for the Ingress\n    tls:\n      - hosts:\n        - www.example.com\n        secretName: example-tls\n\nIf TLS is enabled for the Ingress, a Secret containing the certificate and key must also be provided:\n\n  apiVersion: v1\n  kind: Secret\n  metadata:\n    name: example-tls\n    namespace: foo\n  data:\n    tls.crt: \u003cbase64 encoded cert\u003e\n    tls.key: \u003cbase64 encoded key\u003e\n  type: kubernetes.io/tls\n",
                "revision": 1,
                "values": "{\"controller\":{\"service\":{\"annotations\":{\"service.beta.kubernetes.io/azure-load-balancer-health-probe-request-path\":\"/healthz\"}}}}",
                "version": "4.7.1"
              }
            ],
            "name": "ingress",
            "namespace": "default",
            "pass_credentials": false,
            "postrender": [],
            "recreate_pods": false,
            "render_subchart_notes": true,
            "replace": false,
            "repository": "https://kubernetes.github.io/ingress-nginx",
            "repository_ca_file": null,
            "repository_cert_file": null,
            "repository_key_file": null,
            "repository_password": null,
            "repository_username": null,
            "reset_values": false,
            "reuse_values": false,
            "set": [
              {
                "name": "controller.service.annotations.service\\.beta\\.kubernetes\\.io/azure-load-balancer-health-probe-request-path",
                "type": "",
                "value": "/healthz"
              }
            ],
            "set_list": [],
            "set_sensitive": [],
            "skip_crds": false,
            "status": "deployed",
            "timeout": 300,
            "upgrade_install": null,
            "values": null,
            "verify": false,
            "version": "4.7.1",
            "wait": true,
            "wait_for_jobs": false
          },
          "sensitive_attributes": [],
          "private": "eyJzY2hlbWFfdmVyc2lvbiI6IjEifQ==",
          "dependencies": [
            "data.azurerm_kubernetes_cluster.aks"
          ]
        }
      ]
    },
    {
      "module": "module.role_assignment_acr_pull",
      "mode": "managed",
      "type": "azurerm_role_assignment",
      "name": "external_dns",
      "provider": "provider[\"registry.terraform.io/hashicorp/azurerm\"]",
      "instances": [
        {
          "schema_version": 0,
          "attributes": {
            "condition": "",
            "condition_version": "",
            "delegated_managed_identity_resource_id": "",
            "description": "",
            "id": "/subscriptions/bfe0322d-aa0d-4109-920b-79ee17b30333/resourceGroups/vplabs-test-aks-resource-group/providers/Microsoft.ContainerRegistry/registries/vplabstestacr/providers/Microsoft.Authorization/roleAssignments/570bd885-7126-e3c6-3197-eca26b1302d8",
            "name": "570bd885-7126-e3c6-3197-eca26b1302d8",
            "principal_id": "a2a3f451-61a7-4070-9f35-23210a8bb232",
            "principal_type": "ServicePrincipal",
            "role_definition_id": "/subscriptions/bfe0322d-aa0d-4109-920b-79ee17b30333/providers/Microsoft.Authorization/roleDefinitions/7f951dda-4ed3-4680-a7ca-43fe172d538d",
            "role_definition_name": "AcrPull",
            "scope": "/subscriptions/bfe0322d-aa0d-4109-920b-79ee17b30333/resourceGroups/vplabs-test-aks-resource-group/providers/Microsoft.ContainerRegistry/registries/vplabstestacr",
            "skip_service_principal_aad_check": null,
            "timeouts": null
          },
          "sensitive_attributes": [],
          "private": "eyJlMmJmYjczMC1lY2FhLTExZTYtOGY4OC0zNDM2M2JjN2M0YzAiOnsiY3JlYXRlIjoxODAwMDAwMDAwMDAwLCJkZWxldGUiOjE4MDAwMDAwMDAwMDAsInJlYWQiOjMwMDAwMDAwMDAwMH19",
          "dependencies": [
            "module.aks_cluster.azurerm_kubernetes_cluster.aks_cluster",
            "module.aks_cluster.data.azurerm_kubernetes_service_versions.current",
            "module.aks_container_registry.azurerm_container_registry.acr",
            "module.azuread_group.azuread_group.aks_administrators",
            "module.log_analytics_workspace.azurerm_log_analytics_workspace.insights",
            "module.ssh_key.tls_private_key.tls_private_key",
            "module.vnet.azurerm_subnet.private",
            "module.vnet.azurerm_virtual_network.vnet"
          ]
        }
      ]
    },
    {
      "module": "module.role_assignment_acr_push",
      "mode": "managed",
      "type": "azurerm_role_assignment",
      "name": "external_dns",
      "provider": "provider[\"registry.terraform.io/hashicorp/azurerm\"]",
      "instances": [
        {
          "schema_version": 0,
          "attributes": {
            "condition": "",
            "condition_version": "",
            "delegated_managed_identity_resource_id": "",
            "description": "",
            "id": "/subscriptions/bfe0322d-aa0d-4109-920b-79ee17b30333/resourceGroups/vplabs-test-aks-resource-group/providers/Microsoft.ContainerRegistry/registries/vplabstestacr/providers/Microsoft.Authorization/roleAssignments/4964584d-c59b-88c4-97dc-717bc9bb0c14",
            "name": "4964584d-c59b-88c4-97dc-717bc9bb0c14",
            "principal_id": "a2a3f451-61a7-4070-9f35-23210a8bb232",
            "principal_type": "ServicePrincipal",
            "role_definition_id": "/subscriptions/bfe0322d-aa0d-4109-920b-79ee17b30333/providers/Microsoft.Authorization/roleDefinitions/8311e382-0749-4cb8-b61a-304f252e45ec",
            "role_definition_name": "AcrPush",
            "scope": "/subscriptions/bfe0322d-aa0d-4109-920b-79ee17b30333/resourceGroups/vplabs-test-aks-resource-group/providers/Microsoft.ContainerRegistry/registries/vplabstestacr",
            "skip_service_principal_aad_check": null,
            "timeouts": null
          },
          "sensitive_attributes": [],
          "private": "eyJlMmJmYjczMC1lY2FhLTExZTYtOGY4OC0zNDM2M2JjN2M0YzAiOnsiY3JlYXRlIjoxODAwMDAwMDAwMDAwLCJkZWxldGUiOjE4MDAwMDAwMDAwMDAsInJlYWQiOjMwMDAwMDAwMDAwMH19",
          "dependencies": [
            "module.aks_cluster.azurerm_kubernetes_cluster.aks_cluster",
            "module.aks_cluster.data.azurerm_kubernetes_service_versions.current",
            "module.aks_container_registry.azurerm_container_registry.acr",
            "module.azuread_group.azuread_group.aks_administrators",
            "module.log_analytics_workspace.azurerm_log_analytics_workspace.insights",
            "module.ssh_key.tls_private_key.tls_private_key",
            "module.vnet.azurerm_subnet.private",
            "module.vnet.azurerm_virtual_network.vnet"
          ]
        }
      ]
    },
    {
      "module": "module.role_assignment_aks_cluster",
      "mode": "managed",
      "type": "azurerm_role_assignment",
      "name": "external_dns",
      "provider": "provider[\"registry.terraform.io/hashicorp/azurerm\"]",
      "instances": [
        {
          "schema_version": 0,
          "attributes": {
            "condition": "",
            "condition_version": "",
            "delegated_managed_identity_resource_id": "",
            "description": "",
            "id": "/subscriptions/bfe0322d-aa0d-4109-920b-79ee17b30333/resourceGroups/vplabs-test-aks-resource-group/providers/Microsoft.Authorization/roleAssignments/b2f55629-77b8-c576-f2c6-5aeb970fb9d9",
            "name": "b2f55629-77b8-c576-f2c6-5aeb970fb9d9",
            "principal_id": "0f55d111-e15c-483a-8f56-78e0d161e2b0",
            "principal_type": "ServicePrincipal",
            "role_definition_id": "/subscriptions/bfe0322d-aa0d-4109-920b-79ee17b30333/providers/Microsoft.Authorization/roleDefinitions/acdd72a7-3385-48ef-bd42-f606fba81ae7",
            "role_definition_name": "Reader",
            "scope": "/subscriptions/bfe0322d-aa0d-4109-920b-79ee17b30333/resourceGroups/vplabs-test-aks-resource-group",
            "skip_service_principal_aad_check": null,
            "timeouts": null
          },
          "sensitive_attributes": [],
          "private": "eyJlMmJmYjczMC1lY2FhLTExZTYtOGY4OC0zNDM2M2JjN2M0YzAiOnsiY3JlYXRlIjoxODAwMDAwMDAwMDAwLCJkZWxldGUiOjE4MDAwMDAwMDAwMDAsInJlYWQiOjMwMDAwMDAwMDAwMH19",
          "dependencies": [
            "data.azurerm_resource_group.aks",
            "module.user_assigned_identity.azurerm_user_assigned_identity.dns_manager"
          ]
        }
      ]
    },
    {
      "module": "module.role_assignment_cert_manager",
      "mode": "managed",
      "type": "azurerm_role_assignment",
      "name": "external_dns",
      "provider": "provider[\"registry.terraform.io/hashicorp/azurerm\"]",
      "instances": [
        {
          "schema_version": 0,
          "attributes": {
            "condition": "",
            "condition_version": "",
            "delegated_managed_identity_resource_id": "",
            "description": "",
            "id": "/subscriptions/bfe0322d-aa0d-4109-920b-79ee17b30333/resourceGroups/vplabs-test-aks-resource-group/providers/Microsoft.Network/dnsZones/nanolearn.co/providers/Microsoft.Authorization/roleAssignments/d16e8244-87e7-3e67-7696-136ac247e2ff",
            "name": "d16e8244-87e7-3e67-7696-136ac247e2ff",
            "principal_id": "397c126b-a6fd-48f6-b63e-5dbc74096046",
            "principal_type": "ServicePrincipal",
            "role_definition_id": "/subscriptions/bfe0322d-aa0d-4109-920b-79ee17b30333/providers/Microsoft.Authorization/roleDefinitions/befefa01-2a29-4197-83a8-272ff33ce314",
            "role_definition_name": "DNS Zone Contributor",
            "scope": "/subscriptions/bfe0322d-aa0d-4109-920b-79ee17b30333/resourceGroups/vplabs-test-aks-resource-group/providers/Microsoft.Network/dnsZones/nanolearn.co",
            "skip_service_principal_aad_check": null,
            "timeouts": null
          },
          "sensitive_attributes": [],
          "private": "eyJlMmJmYjczMC1lY2FhLTExZTYtOGY4OC0zNDM2M2JjN2M0YzAiOnsiY3JlYXRlIjoxODAwMDAwMDAwMDAwLCJkZWxldGUiOjE4MDAwMDAwMDAwMDAsInJlYWQiOjMwMDAwMDAwMDAwMH19",
          "dependencies": [
            "module.dns_zone.azurerm_dns_zone.dns_zone",
            "module.user_assigned_identity_cert_manager.azurerm_user_assigned_identity.dns_manager"
          ]
        }
      ]
    },
    {
      "module": "module.role_assignment_external_dns",
      "mode": "managed",
      "type": "azurerm_role_assignment",
      "name": "external_dns",
      "provider": "provider[\"registry.terraform.io/hashicorp/azurerm\"]",
      "instances": [
        {
          "schema_version": 0,
          "attributes": {
            "condition": "",
            "condition_version": "",
            "delegated_managed_identity_resource_id": "",
            "description": "",
            "id": "/subscriptions/bfe0322d-aa0d-4109-920b-79ee17b30333/resourceGroups/vplabs-test-aks-resource-group/providers/Microsoft.Network/dnsZones/nanolearn.co/providers/Microsoft.Authorization/roleAssignments/97a00f3f-3a92-174a-9e08-a935fbc0f0ad",
            "name": "97a00f3f-3a92-174a-9e08-a935fbc0f0ad",
            "principal_id": "0f55d111-e15c-483a-8f56-78e0d161e2b0",
            "principal_type": "ServicePrincipal",
            "role_definition_id": "/subscriptions/bfe0322d-aa0d-4109-920b-79ee17b30333/providers/Microsoft.Authorization/roleDefinitions/befefa01-2a29-4197-83a8-272ff33ce314",
            "role_definition_name": "DNS Zone Contributor",
            "scope": "/subscriptions/bfe0322d-aa0d-4109-920b-79ee17b30333/resourceGroups/vplabs-test-aks-resource-group/providers/Microsoft.Network/dnsZones/nanolearn.co",
            "skip_service_principal_aad_check": null,
            "timeouts": null
          },
          "sensitive_attributes": [],
          "private": "eyJlMmJmYjczMC1lY2FhLTExZTYtOGY4OC0zNDM2M2JjN2M0YzAiOnsiY3JlYXRlIjoxODAwMDAwMDAwMDAwLCJkZWxldGUiOjE4MDAwMDAwMDAwMDAsInJlYWQiOjMwMDAwMDAwMDAwMH19",
          "dependencies": [
            "module.dns_zone.azurerm_dns_zone.dns_zone",
            "module.user_assigned_identity_external_dns.azurerm_user_assigned_identity.dns_manager"
          ]
        }
      ]
    },
    {
      "module": "module.role_assignment_github_actions_acr_pull",
      "mode": "managed",
      "type": "azurerm_role_assignment",
      "name": "external_dns",
      "provider": "provider[\"registry.terraform.io/hashicorp/azurerm\"]",
      "instances": [
        {
          "schema_version": 0,
          "attributes": {
            "condition": "",
            "condition_version": "",
            "delegated_managed_identity_resource_id": "",
            "description": "",
            "id": "/subscriptions/bfe0322d-aa0d-4109-920b-79ee17b30333/resourceGroups/vplabs-test-aks-resource-group/providers/Microsoft.ContainerRegistry/registries/vplabstestacr/providers/Microsoft.Authorization/roleAssignments/033fbf2d-17a1-5ce8-4e56-7b2d90220d5e",
            "name": "033fbf2d-17a1-5ce8-4e56-7b2d90220d5e",
            "principal_id": "4d463de9-9925-4a36-b898-9156791cdee1",
            "principal_type": "ServicePrincipal",
            "role_definition_id": "/subscriptions/bfe0322d-aa0d-4109-920b-79ee17b30333/providers/Microsoft.Authorization/roleDefinitions/7f951dda-4ed3-4680-a7ca-43fe172d538d",
            "role_definition_name": "AcrPull",
            "scope": "/subscriptions/bfe0322d-aa0d-4109-920b-79ee17b30333/resourceGroups/vplabs-test-aks-resource-group/providers/Microsoft.ContainerRegistry/registries/vplabstestacr",
            "skip_service_principal_aad_check": null,
            "timeouts": null
          },
          "sensitive_attributes": [],
          "private": "eyJlMmJmYjczMC1lY2FhLTExZTYtOGY4OC0zNDM2M2JjN2M0YzAiOnsiY3JlYXRlIjoxODAwMDAwMDAwMDAwLCJkZWxldGUiOjE4MDAwMDAwMDAwMDAsInJlYWQiOjMwMDAwMDAwMDAwMH19",
          "dependencies": [
            "module.aks_container_registry.azurerm_container_registry.acr",
            "module.github_actions_identity.azurerm_user_assigned_identity.dns_manager"
          ]
        }
      ]
    },
    {
      "module": "module.role_assignment_github_actions_acr_push",
      "mode": "managed",
      "type": "azurerm_role_assignment",
      "name": "external_dns",
      "provider": "provider[\"registry.terraform.io/hashicorp/azurerm\"]",
      "instances": [
        {
          "schema_version": 0,
          "attributes": {
            "condition": "",
            "condition_version": "",
            "delegated_managed_identity_resource_id": "",
            "description": "",
            "id": "/subscriptions/bfe0322d-aa0d-4109-920b-79ee17b30333/resourceGroups/vplabs-test-aks-resource-group/providers/Microsoft.ContainerRegistry/registries/vplabstestacr/providers/Microsoft.Authorization/roleAssignments/9763aec5-6d30-b42a-94cf-d3b947093a37",
            "name": "9763aec5-6d30-b42a-94cf-d3b947093a37",
            "principal_id": "4d463de9-9925-4a36-b898-9156791cdee1",
            "principal_type": "ServicePrincipal",
            "role_definition_id": "/subscriptions/bfe0322d-aa0d-4109-920b-79ee17b30333/providers/Microsoft.Authorization/roleDefinitions/8311e382-0749-4cb8-b61a-304f252e45ec",
            "role_definition_name": "AcrPush",
            "scope": "/subscriptions/bfe0322d-aa0d-4109-920b-79ee17b30333/resourceGroups/vplabs-test-aks-resource-group/providers/Microsoft.ContainerRegistry/registries/vplabstestacr",
            "skip_service_principal_aad_check": null,
            "timeouts": null
          },
          "sensitive_attributes": [],
          "private": "eyJlMmJmYjczMC1lY2FhLTExZTYtOGY4OC0zNDM2M2JjN2M0YzAiOnsiY3JlYXRlIjoxODAwMDAwMDAwMDAwLCJkZWxldGUiOjE4MDAwMDAwMDAwMDAsInJlYWQiOjMwMDAwMDAwMDAwMH19",
          "dependencies": [
            "module.aks_container_registry.azurerm_container_registry.acr",
            "module.github_actions_identity.azurerm_user_assigned_identity.dns_manager"
          ]
        }
      ]
    },
    {
      "module": "module.role_assignment_github_actions_aks_admin",
      "mode": "managed",
      "type": "azurerm_role_assignment",
      "name": "external_dns",
      "provider": "provider[\"registry.terraform.io/hashicorp/azurerm\"]",
      "instances": [
        {
          "schema_version": 0,
          "attributes": {
            "condition": "",
            "condition_version": "",
            "delegated_managed_identity_resource_id": "",
            "description": "",
            "id": "/subscriptions/bfe0322d-aa0d-4109-920b-79ee17b30333/resourceGroups/vplabs-test-aks-resource-group/providers/Microsoft.ContainerService/managedClusters/vplabs-test-aks-cluster/providers/Microsoft.Authorization/roleAssignments/61bd270c-8117-c4a5-a64e-17974832bc36",
            "name": "61bd270c-8117-c4a5-a64e-17974832bc36",
            "principal_id": "4d463de9-9925-4a36-b898-9156791cdee1",
            "principal_type": "ServicePrincipal",
            "role_definition_id": "/subscriptions/bfe0322d-aa0d-4109-920b-79ee17b30333/providers/Microsoft.Authorization/roleDefinitions/0ab0b1a8-8aac-4efd-b8c2-3ee1fb270be8",
            "role_definition_name": "Azure Kubernetes Service Cluster Admin Role",
            "scope": "/subscriptions/bfe0322d-aa0d-4109-920b-79ee17b30333/resourceGroups/vplabs-test-aks-resource-group/providers/Microsoft.ContainerService/managedClusters/vplabs-test-aks-cluster",
            "skip_service_principal_aad_check": null,
            "timeouts": null
          },
          "sensitive_attributes": [],
          "private": "eyJlMmJmYjczMC1lY2FhLTExZTYtOGY4OC0zNDM2M2JjN2M0YzAiOnsiY3JlYXRlIjoxODAwMDAwMDAwMDAwLCJkZWxldGUiOjE4MDAwMDAwMDAwMDAsInJlYWQiOjMwMDAwMDAwMDAwMH19",
          "dependencies": [
            "module.aks_cluster.azurerm_kubernetes_cluster.aks_cluster",
            "module.aks_cluster.data.azurerm_kubernetes_service_versions.current",
            "module.azuread_group.azuread_group.aks_administrators",
            "module.github_actions_identity.azurerm_user_assigned_identity.dns_manager",
            "module.log_analytics_workspace.azurerm_log_analytics_workspace.insights",
            "module.ssh_key.tls_private_key.tls_private_key",
            "module.vnet.azurerm_subnet.private",
            "module.vnet.azurerm_virtual_network.vnet"
          ]
        }
      ]
    },
    {
      "module": "module.ssh_key",
      "mode": "managed",
      "type": "tls_private_key",
      "name": "tls_private_key",
      "provider": "provider[\"registry.terraform.io/hashicorp/tls\"]",
      "instances": [
        {
          "schema_version": 1,
          "attributes": {
            "algorithm": "RSA",
            "ecdsa_curve": "P224",
            "id": "1b33f52e87e767964963d868f54a2bc457de2b26",
            "private_key_openssh": "-----BEGIN OPENSSH PRIVATE KEY-----\nb3BlbnNzaC1rZXktdjEAAAAABG5vbmUAAAAEbm9uZQAAAAAAAAABAAABFwAAAAdz\nc2gtcnNhAAAAAwEAAQAAAQEA4p9a1H5O1VZ+VP5PfGm6Uqxf7WnZ+cTi2A409HGp\nUEfCye7dxCbs4UrJV3zjh9MiL+2987fLjHryTjv8CT9dwurAaIkfeawaLCgy8EeU\n4inxMl2lcn3izDE/bZJ+R1lP6mbHGpgnj0tbimidTw/okVihJg0TcSQm0YqjEBsd\nUw/3IcFH5S696lx20S1iGzawAsgdniwMpeK3rjBOM3QF/+yLAvXTYrW3ss7J+gQm\nD3YmhR+XLkL9VQ3bPMLpvXAtaUKdPiW4flZXSMMB1A+3z5fgAbvh8+zUcuWxnHwP\n6W1JYLJZTXf1m+++qNrWCcok+/nPYxPRPO+GZdWYP9qVzQAAA7gITIK9CEyCvQAA\nAAdzc2gtcnNhAAABAQDin1rUfk7VVn5U/k98abpSrF/tadn5xOLYDjT0calQR8LJ\n7t3EJuzhSslXfOOH0yIv7b3zt8uMevJOO/wJP13C6sBoiR95rBosKDLwR5TiKfEy\nXaVyfeLMMT9tkn5HWU/qZscamCePS1uKaJ1PD+iRWKEmDRNxJCbRiqMQGx1TD/ch\nwUflLr3qXHbRLWIbNrACyB2eLAyl4reuME4zdAX/7IsC9dNitbeyzsn6BCYPdiaF\nH5cuQv1VDds8wum9cC1pQp0+Jbh+VldIwwHUD7fPl+ABu+Hz7NRy5bGcfA/pbUlg\nsllNd/Wb776o2tYJyiT7+c9jE9E874Zl1Zg/2pXNAAAAAwEAAQAAAQA2EJRny3Zd\nORRMjJtD8ClOXedIyY8CInGH3+PMSW1+RJB5Am6PxEWQ/fmI0LeriLhIPOyrPzbl\nXdN+zJq1ThO9U6nxhn0m1uMrk6+LWVhwmFb9kA/Pf67izgD20BMmTG1fW4O2mYQe\nkHjXTVvyJ7ZxLnbLkCUKQfis1ulOB1n4nYxlWETo1kYW1GfavVn9NxLCpuoBoTKF\n8PQXclsr1eZCQh+j9YDISpxGuOcCYLMbONs2F1SuNDAQRdY6cSX0eD9B//tEH/dz\n1lFl8bYB1Q/RIz15Jo0a1/9J0Yzx1qJNANqDdxdAnMslY7E4z1bXB6qhIslen8qt\nRGA1onXNqkQVAAAAgGcsnzeOeLlmHmM6iiWJNWzPQ33uLqXc88qeANZrnITxs5oR\nrf7DI9XovW8DDwYAT/VlvgefRJeNvkkYrWt8uzbscRl9me9nhBxvyiPcj78K32Ea\nwsDppwjUc3UJ5ATxgjHngoBGyT3S6DneelEEnZtMVaWGhgVYWQGuc/2A13XSAAAA\ngQD8ygCzAZ2iO3IUKM3hEm8cAbG8/ghwuRPaZWcsVH6gBjQ4NxGRm0BVebJsHinj\nSMl4czcYG1vL4kI3TAsiv5PP3TUsQJ+XqAM0bHkxB/x+p0sl2GtDMvGEUGu4x8+H\nVsVpvIxmaLdBlrjTPp8Sz7XkUdh9XWFctHrQjCOLlYOY3wAAAIEA5YBEDoreU63T\nqgLZilM+z35mOGc83vS5nGwYlTggrAkBseBKamOKdqbcDkuXGuhnk5x36nFQol56\nQXtUdyTsuh5xuY5YCzHS4OdWs86g08TxusLEZKNDF6Ynqorm2otuuLdT/uqlfo7N\nyqSxsMBh/+kYjWLLVokourrBRQmRKtMAAAAAAQID\n-----END OPENSSH PRIVATE KEY-----\n",
            "private_key_pem": "-----BEGIN RSA PRIVATE KEY-----\nMIIEowIBAAKCAQEA4p9a1H5O1VZ+VP5PfGm6Uqxf7WnZ+cTi2A409HGpUEfCye7d\nxCbs4UrJV3zjh9MiL+2987fLjHryTjv8CT9dwurAaIkfeawaLCgy8EeU4inxMl2l\ncn3izDE/bZJ+R1lP6mbHGpgnj0tbimidTw/okVihJg0TcSQm0YqjEBsdUw/3IcFH\n5S696lx20S1iGzawAsgdniwMpeK3rjBOM3QF/+yLAvXTYrW3ss7J+gQmD3YmhR+X\nLkL9VQ3bPMLpvXAtaUKdPiW4flZXSMMB1A+3z5fgAbvh8+zUcuWxnHwP6W1JYLJZ\nTXf1m+++qNrWCcok+/nPYxPRPO+GZdWYP9qVzQIDAQABAoIBADYQlGfLdl05FEyM\nm0PwKU5d50jJjwIicYff48xJbX5EkHkCbo/ERZD9+YjQt6uIuEg87Ks/NuVd037M\nmrVOE71TqfGGfSbW4yuTr4tZWHCYVv2QD89/ruLOAPbQEyZMbV9bg7aZhB6QeNdN\nW/IntnEudsuQJQpB+KzW6U4HWfidjGVYROjWRhbUZ9q9Wf03EsKm6gGhMoXw9Bdy\nWyvV5kJCH6P1gMhKnEa45wJgsxs42zYXVK40MBBF1jpxJfR4P0H/+0Qf93PWUWXx\ntgHVD9EjPXkmjRrX/0nRjPHWok0A2oN3F0CcyyVjsTjPVtcHqqEiyV6fyq1EYDWi\ndc2qRBUCgYEA/MoAswGdojtyFCjN4RJvHAGxvP4IcLkT2mVnLFR+oAY0ODcRkZtA\nVXmybB4p40jJeHM3GBtby+JCN0wLIr+Tz901LECfl6gDNGx5MQf8fqdLJdhrQzLx\nhFBruMfPh1bFabyMZmi3QZa40z6fEs+15FHYfV1hXLR60Iwji5WDmN8CgYEA5YBE\nDoreU63TqgLZilM+z35mOGc83vS5nGwYlTggrAkBseBKamOKdqbcDkuXGuhnk5x3\n6nFQol56QXtUdyTsuh5xuY5YCzHS4OdWs86g08TxusLEZKNDF6Ynqorm2otuuLdT\n/uqlfo7NyqSxsMBh/+kYjWLLVokourrBRQmRKtMCgYEAtXc1RUtVo45U+E/Ka1XW\nWR6GPwuFd5YEwHSmudX2CF4rwmcVv5bZegKgqKiGnVg0+LiMxkttfFDyA8wc+lbY\nfxFnCFtjtXSwyENORHpdMXZapdJUPasmYTtx+PXG7nrFwH/PsfxeAUF3cH21p8Vf\n54Uxid0s9WXB/E99fMhZ7bUCgYBTvkwXKmEaE7HKtaN/sASZXjwalMFHcfFQvLjz\nqjlxzQ+LQpak35Gk3hoqNTb8IJW67TtsltCfju35evFFUHn5KCbDWMeTvih+3Kts\njRdubszuIyfauSBAPub2ehzm3j4WtP63ZBPjbGR3b0VPg8O+x+Wnocck2oO8L21a\nrbUE9QKBgGcsnzeOeLlmHmM6iiWJNWzPQ33uLqXc88qeANZrnITxs5oRrf7DI9Xo\nvW8DDwYAT/VlvgefRJeNvkkYrWt8uzbscRl9me9nhBxvyiPcj78K32EawsDppwjU\nc3UJ5ATxgjHngoBGyT3S6DneelEEnZtMVaWGhgVYWQGuc/2A13XS\n-----END RSA PRIVATE KEY-----\n",
            "private_key_pem_pkcs8": "-----BEGIN PRIVATE KEY-----\nMIIEvQIBADANBgkqhkiG9w0BAQEFAASCBKcwggSjAgEAAoIBAQDin1rUfk7VVn5U\n/k98abpSrF/tadn5xOLYDjT0calQR8LJ7t3EJuzhSslXfOOH0yIv7b3zt8uMevJO\nO/wJP13C6sBoiR95rBosKDLwR5TiKfEyXaVyfeLMMT9tkn5HWU/qZscamCePS1uK\naJ1PD+iRWKEmDRNxJCbRiqMQGx1TD/chwUflLr3qXHbRLWIbNrACyB2eLAyl4reu\nME4zdAX/7IsC9dNitbeyzsn6BCYPdiaFH5cuQv1VDds8wum9cC1pQp0+Jbh+VldI\nwwHUD7fPl+ABu+Hz7NRy5bGcfA/pbUlgsllNd/Wb776o2tYJyiT7+c9jE9E874Zl\n1Zg/2pXNAgMBAAECggEANhCUZ8t2XTkUTIybQ/ApTl3nSMmPAiJxh9/jzEltfkSQ\neQJuj8RFkP35iNC3q4i4SDzsqz825V3TfsyatU4TvVOp8YZ9JtbjK5Ovi1lYcJhW\n/ZAPz3+u4s4A9tATJkxtX1uDtpmEHpB4101b8ie2cS52y5AlCkH4rNbpTgdZ+J2M\nZVhE6NZGFtRn2r1Z/TcSwqbqAaEyhfD0F3JbK9XmQkIfo/WAyEqcRrjnAmCzGzjb\nNhdUrjQwEEXWOnEl9Hg/Qf/7RB/3c9ZRZfG2AdUP0SM9eSaNGtf/SdGM8daiTQDa\ng3cXQJzLJWOxOM9W1weqoSLJXp/KrURgNaJ1zapEFQKBgQD8ygCzAZ2iO3IUKM3h\nEm8cAbG8/ghwuRPaZWcsVH6gBjQ4NxGRm0BVebJsHinjSMl4czcYG1vL4kI3TAsi\nv5PP3TUsQJ+XqAM0bHkxB/x+p0sl2GtDMvGEUGu4x8+HVsVpvIxmaLdBlrjTPp8S\nz7XkUdh9XWFctHrQjCOLlYOY3wKBgQDlgEQOit5TrdOqAtmKUz7PfmY4Zzze9Lmc\nbBiVOCCsCQGx4EpqY4p2ptwOS5ca6GeTnHfqcVCiXnpBe1R3JOy6HnG5jlgLMdLg\n51azzqDTxPG6wsRko0MXpieqiubai264t1P+6qV+js3KpLGwwGH/6RiNYstWiSi6\nusFFCZEq0wKBgQC1dzVFS1WjjlT4T8prVdZZHoY/C4V3lgTAdKa51fYIXivCZxW/\nltl6AqCoqIadWDT4uIzGS218UPIDzBz6Vth/EWcIW2O1dLDIQ05Eel0xdlql0lQ9\nqyZhO3H49cbuesXAf8+x/F4BQXdwfbWnxV/nhTGJ3Sz1ZcH8T318yFnttQKBgFO+\nTBcqYRoTscq1o3+wBJlePBqUwUdx8VC8uPOqOXHND4tClqTfkaTeGio1Nvwglbrt\nO2yW0J+O7fl68UVQefkoJsNYx5O+KH7cq2yNF25uzO4jJ9q5IEA+5vZ6HObePha0\n/rdkE+NsZHdvRU+Dw77H5aehxyTag7wvbVqttQT1AoGAZyyfN454uWYeYzqKJYk1\nbM9Dfe4updzzyp4A1muchPGzmhGt/sMj1ei9bwMPBgBP9WW+B59El42+SRita3y7\nNuxxGX2Z72eEHG/KI9yPvwrfYRrCwOmnCNRzdQnkBPGCMeeCgEbJPdLoOd56UQSd\nm0xVpYaGBVhZAa5z/YDXddI=\n-----END PRIVATE KEY-----\n",
            "public_key_fingerprint_md5": "06:1d:2c:0d:82:3b:89:0a:e9:f5:dd:3b:34:b4:c0:e2",
            "public_key_fingerprint_sha256": "SHA256:ymGJHzlgLiKVyHsZvwMmb3xO6SzzRDc3v2R5oXdxE9g",
            "public_key_openssh": "ssh-rsa AAAAB3NzaC1yc2EAAAADAQABAAABAQDin1rUfk7VVn5U/k98abpSrF/tadn5xOLYDjT0calQR8LJ7t3EJuzhSslXfOOH0yIv7b3zt8uMevJOO/wJP13C6sBoiR95rBosKDLwR5TiKfEyXaVyfeLMMT9tkn5HWU/qZscamCePS1uKaJ1PD+iRWKEmDRNxJCbRiqMQGx1TD/chwUflLr3qXHbRLWIbNrACyB2eLAyl4reuME4zdAX/7IsC9dNitbeyzsn6BCYPdiaFH5cuQv1VDds8wum9cC1pQp0+Jbh+VldIwwHUD7fPl+ABu+Hz7NRy5bGcfA/pbUlgsllNd/Wb776o2tYJyiT7+c9jE9E874Zl1Zg/2pXN\n",
            "public_key_pem": "-----BEGIN PUBLIC KEY-----\nMIIBIjANBgkqhkiG9w0BAQEFAAOCAQ8AMIIBCgKCAQEA4p9a1H5O1VZ+VP5PfGm6\nUqxf7WnZ+cTi2A409HGpUEfCye7dxCbs4UrJV3zjh9MiL+2987fLjHryTjv8CT9d\nwurAaIkfeawaLCgy8EeU4inxMl2lcn3izDE/bZJ+R1lP6mbHGpgnj0tbimidTw/o\nkVihJg0TcSQm0YqjEBsdUw/3IcFH5S696lx20S1iGzawAsgdniwMpeK3rjBOM3QF\n/+yLAvXTYrW3ss7J+gQmD3YmhR+XLkL9VQ3bPMLpvXAtaUKdPiW4flZXSMMB1A+3\nz5fgAbvh8+zUcuWxnHwP6W1JYLJZTXf1m+++qNrWCcok+/nPYxPRPO+GZdWYP9qV\nzQIDAQAB\n-----END PUBLIC KEY-----\n",
            "rsa_bits": 2048
          },
          "sensitive_attributes": []
        }
      ]
    },
    {
      "module": "module.user_assigned_identity",
      "mode": "managed",
      "type": "azurerm_user_assigned_identity",
      "name": "dns_manager",
      "provider": "provider[\"registry.terraform.io/hashicorp/azurerm\"]",
      "instances": [
        {
          "schema_version": 1,
          "attributes": {
            "client_id": "155abbd5-a938-4c85-8b56-518328afae80",
            "id": "/subscriptions/bfe0322d-aa0d-4109-920b-79ee17b30333/resourceGroups/vplabs-test-aks-resource-group/providers/Microsoft.ManagedIdentity/userAssignedIdentities/external-dns",
            "location": "westus",
            "name": "external-dns",
            "principal_id": "0f55d111-e15c-483a-8f56-78e0d161e2b0",
            "resource_group_name": "vplabs-test-aks-resource-group",
            "tags": {},
            "tenant_id": "a00ac532-c5ba-41e0-8663-cdd7b34ba3d0",
            "timeouts": null
          },
          "sensitive_attributes": [],
          "private": "eyJlMmJmYjczMC1lY2FhLTExZTYtOGY4OC0zNDM2M2JjN2M0YzAiOnsiY3JlYXRlIjoxODAwMDAwMDAwMDAwLCJkZWxldGUiOjE4MDAwMDAwMDAwMDAsInJlYWQiOjMwMDAwMDAwMDAwMCwidXBkYXRlIjoxODAwMDAwMDAwMDAwfSwic2NoZW1hX3ZlcnNpb24iOiIxIn0="
        }
      ]
    },
    {
      "module": "module.user_assigned_identity_cert_manager",
      "mode": "managed",
      "type": "azurerm_user_assigned_identity",
      "name": "dns_manager",
      "provider": "provider[\"registry.terraform.io/hashicorp/azurerm\"]",
      "instances": [
        {
          "schema_version": 1,
          "attributes": {
            "client_id": "8eeeb744-3c76-497b-8c5c-29d7ea6ca07f",
            "id": "/subscriptions/bfe0322d-aa0d-4109-920b-79ee17b30333/resourceGroups/vplabs-test-aks-resource-group/providers/Microsoft.ManagedIdentity/userAssignedIdentities/cert-manager",
            "location": "westus",
            "name": "cert-manager",
            "principal_id": "397c126b-a6fd-48f6-b63e-5dbc74096046",
            "resource_group_name": "vplabs-test-aks-resource-group",
            "tags": {},
            "tenant_id": "a00ac532-c5ba-41e0-8663-cdd7b34ba3d0",
            "timeouts": null
          },
          "sensitive_attributes": [],
          "private": "eyJlMmJmYjczMC1lY2FhLTExZTYtOGY4OC0zNDM2M2JjN2M0YzAiOnsiY3JlYXRlIjoxODAwMDAwMDAwMDAwLCJkZWxldGUiOjE4MDAwMDAwMDAwMDAsInJlYWQiOjMwMDAwMDAwMDAwMCwidXBkYXRlIjoxODAwMDAwMDAwMDAwfSwic2NoZW1hX3ZlcnNpb24iOiIxIn0="
        }
      ]
    },
    {
      "module": "module.user_assigned_identity_external_dns",
      "mode": "managed",
      "type": "azurerm_user_assigned_identity",
      "name": "dns_manager",
      "provider": "provider[\"registry.terraform.io/hashicorp/azurerm\"]",
      "instances": [
        {
          "schema_version": 1,
          "attributes": {
            "client_id": "155abbd5-a938-4c85-8b56-518328afae80",
            "id": "/subscriptions/bfe0322d-aa0d-4109-920b-79ee17b30333/resourceGroups/vplabs-test-aks-resource-group/providers/Microsoft.ManagedIdentity/userAssignedIdentities/external-dns",
            "location": "westus",
            "name": "external-dns",
            "principal_id": "0f55d111-e15c-483a-8f56-78e0d161e2b0",
            "resource_group_name": "vplabs-test-aks-resource-group",
            "tags": {},
            "tenant_id": "a00ac532-c5ba-41e0-8663-cdd7b34ba3d0",
            "timeouts": null
          },
          "sensitive_attributes": [],
          "private": "eyJlMmJmYjczMC1lY2FhLTExZTYtOGY4OC0zNDM2M2JjN2M0YzAiOnsiY3JlYXRlIjoxODAwMDAwMDAwMDAwLCJkZWxldGUiOjE4MDAwMDAwMDAwMDAsInJlYWQiOjMwMDAwMDAwMDAwMCwidXBkYXRlIjoxODAwMDAwMDAwMDAwfSwic2NoZW1hX3ZlcnNpb24iOiIxIn0="
        }
      ]
    },
    {
      "module": "module.vault_secret",
      "mode": "managed",
      "type": "azurerm_key_vault_secret",
      "name": "example",
      "provider": "provider[\"registry.terraform.io/hashicorp/azurerm\"]",
      "instances": [
        {
          "schema_version": 0,
          "attributes": {
            "content_type": "",
            "expiration_date": null,
            "id": "https://vplabs-test-key-vault.vault.azure.net/secrets/ssh-key/78e4f1f0c9a842d98eb6f5471be9a5c2",
            "key_vault_id": "/subscriptions/bfe0322d-aa0d-4109-920b-79ee17b30333/resourceGroups/vplabs-test-aks-resource-group/providers/Microsoft.KeyVault/vaults/vplabs-test-key-vault",
            "name": "ssh-key",
            "not_before_date": null,
            "resource_id": "/subscriptions/bfe0322d-aa0d-4109-920b-79ee17b30333/resourceGroups/vplabs-test-aks-resource-group/providers/Microsoft.KeyVault/vaults/vplabs-test-key-vault/secrets/ssh-key/versions/78e4f1f0c9a842d98eb6f5471be9a5c2",
            "resource_versionless_id": "/subscriptions/bfe0322d-aa0d-4109-920b-79ee17b30333/resourceGroups/vplabs-test-aks-resource-group/providers/Microsoft.KeyVault/vaults/vplabs-test-key-vault/secrets/ssh-key",
            "tags": {},
            "timeouts": null,
            "value": "-----BEGIN RSA PRIVATE KEY-----\nMIIEowIBAAKCAQEA4p9a1H5O1VZ+VP5PfGm6Uqxf7WnZ+cTi2A409HGpUEfCye7d\nxCbs4UrJV3zjh9MiL+2987fLjHryTjv8CT9dwurAaIkfeawaLCgy8EeU4inxMl2l\ncn3izDE/bZJ+R1lP6mbHGpgnj0tbimidTw/okVihJg0TcSQm0YqjEBsdUw/3IcFH\n5S696lx20S1iGzawAsgdniwMpeK3rjBOM3QF/+yLAvXTYrW3ss7J+gQmD3YmhR+X\nLkL9VQ3bPMLpvXAtaUKdPiW4flZXSMMB1A+3z5fgAbvh8+zUcuWxnHwP6W1JYLJZ\nTXf1m+++qNrWCcok+/nPYxPRPO+GZdWYP9qVzQIDAQABAoIBADYQlGfLdl05FEyM\nm0PwKU5d50jJjwIicYff48xJbX5EkHkCbo/ERZD9+YjQt6uIuEg87Ks/NuVd037M\nmrVOE71TqfGGfSbW4yuTr4tZWHCYVv2QD89/ruLOAPbQEyZMbV9bg7aZhB6QeNdN\nW/IntnEudsuQJQpB+KzW6U4HWfidjGVYROjWRhbUZ9q9Wf03EsKm6gGhMoXw9Bdy\nWyvV5kJCH6P1gMhKnEa45wJgsxs42zYXVK40MBBF1jpxJfR4P0H/+0Qf93PWUWXx\ntgHVD9EjPXkmjRrX/0nRjPHWok0A2oN3F0CcyyVjsTjPVtcHqqEiyV6fyq1EYDWi\ndc2qRBUCgYEA/MoAswGdojtyFCjN4RJvHAGxvP4IcLkT2mVnLFR+oAY0ODcRkZtA\nVXmybB4p40jJeHM3GBtby+JCN0wLIr+Tz901LECfl6gDNGx5MQf8fqdLJdhrQzLx\nhFBruMfPh1bFabyMZmi3QZa40z6fEs+15FHYfV1hXLR60Iwji5WDmN8CgYEA5YBE\nDoreU63TqgLZilM+z35mOGc83vS5nGwYlTggrAkBseBKamOKdqbcDkuXGuhnk5x3\n6nFQol56QXtUdyTsuh5xuY5YCzHS4OdWs86g08TxusLEZKNDF6Ynqorm2otuuLdT\n/uqlfo7NyqSxsMBh/+kYjWLLVokourrBRQmRKtMCgYEAtXc1RUtVo45U+E/Ka1XW\nWR6GPwuFd5YEwHSmudX2CF4rwmcVv5bZegKgqKiGnVg0+LiMxkttfFDyA8wc+lbY\nfxFnCFtjtXSwyENORHpdMXZapdJUPasmYTtx+PXG7nrFwH/PsfxeAUF3cH21p8Vf\n54Uxid0s9WXB/E99fMhZ7bUCgYBTvkwXKmEaE7HKtaN/sASZXjwalMFHcfFQvLjz\nqjlxzQ+LQpak35Gk3hoqNTb8IJW67TtsltCfju35evFFUHn5KCbDWMeTvih+3Kts\njRdubszuIyfauSBAPub2ehzm3j4WtP63ZBPjbGR3b0VPg8O+x+Wnocck2oO8L21a\nrbUE9QKBgGcsnzeOeLlmHmM6iiWJNWzPQ33uLqXc88qeANZrnITxs5oRrf7DI9Xo\nvW8DDwYAT/VlvgefRJeNvkkYrWt8uzbscRl9me9nhBxvyiPcj78K32EawsDppwjU\nc3UJ5ATxgjHngoBGyT3S6DneelEEnZtMVaWGhgVYWQGuc/2A13XS\n-----END RSA PRIVATE KEY-----\n",
            "version": "78e4f1f0c9a842d98eb6f5471be9a5c2",
            "versionless_id": "https://vplabs-test-key-vault.vault.azure.net/secrets/ssh-key"
          },
          "sensitive_attributes": [
            [
              {
                "type": "get_attr",
                "value": "value"
              }
            ]
          ],
          "private": "eyJlMmJmYjczMC1lY2FhLTExZTYtOGY4OC0zNDM2M2JjN2M0YzAiOnsiY3JlYXRlIjoxODAwMDAwMDAwMDAwLCJkZWxldGUiOjE4MDAwMDAwMDAwMDAsInJlYWQiOjE4MDAwMDAwMDAwMDAsInVwZGF0ZSI6MTgwMDAwMDAwMDAwMH19",
          "dependencies": [
            "module.key_vault.azurerm_key_vault.example",
            "module.key_vault.data.azurerm_client_config.current",
            "module.ssh_key.tls_private_key.tls_private_key"
          ]
        }
      ]
    },
    {
      "module": "module.vnet",
      "mode": "managed",
      "type": "azurerm_nat_gateway",
      "name": "nat",
      "provider": "provider[\"registry.terraform.io/hashicorp/azurerm\"]",
      "instances": [
        {
          "index_key": 0,
          "schema_version": 0,
          "attributes": {
            "id": "/subscriptions/bfe0322d-aa0d-4109-920b-79ee17b30333/resourceGroups/vplabs-test-aks-resource-group/providers/Microsoft.Network/natGateways/vplabs-test-vnet-natgw",
            "idle_timeout_in_minutes": 4,
            "location": "westus",
            "name": "vplabs-test-vnet-natgw",
            "resource_group_name": "vplabs-test-aks-resource-group",
            "resource_guid": "ff3c0013-1708-4eaa-89c5-f15c88a0bcf1",
            "sku_name": "Standard",
            "tags": {},
            "timeouts": null,
            "zones": []
          },
          "sensitive_attributes": [],
          "private": "eyJlMmJmYjczMC1lY2FhLTExZTYtOGY4OC0zNDM2M2JjN2M0YzAiOnsiY3JlYXRlIjozNjAwMDAwMDAwMDAwLCJkZWxldGUiOjM2MDAwMDAwMDAwMDAsInJlYWQiOjMwMDAwMDAwMDAwMCwidXBkYXRlIjozNjAwMDAwMDAwMDAwfX0="
        }
      ]
    },
    {
      "module": "module.vnet",
      "mode": "managed",
      "type": "azurerm_nat_gateway_public_ip_association",
      "name": "nat",
      "provider": "provider[\"registry.terraform.io/hashicorp/azurerm\"]",
      "instances": [
        {
          "index_key": 0,
          "schema_version": 0,
          "attributes": {
            "id": "/subscriptions/bfe0322d-aa0d-4109-920b-79ee17b30333/resourceGroups/vplabs-test-aks-resource-group/providers/Microsoft.Network/natGateways/vplabs-test-vnet-natgw|/subscriptions/bfe0322d-aa0d-4109-920b-79ee17b30333/resourceGroups/vplabs-test-aks-resource-group/providers/Microsoft.Network/publicIPAddresses/vplabs-test-vnet-natgw-ip",
            "nat_gateway_id": "/subscriptions/bfe0322d-aa0d-4109-920b-79ee17b30333/resourceGroups/vplabs-test-aks-resource-group/providers/Microsoft.Network/natGateways/vplabs-test-vnet-natgw",
            "public_ip_address_id": "/subscriptions/bfe0322d-aa0d-4109-920b-79ee17b30333/resourceGroups/vplabs-test-aks-resource-group/providers/Microsoft.Network/publicIPAddresses/vplabs-test-vnet-natgw-ip",
            "timeouts": null
          },
          "sensitive_attributes": [],
          "private": "eyJlMmJmYjczMC1lY2FhLTExZTYtOGY4OC0zNDM2M2JjN2M0YzAiOnsiY3JlYXRlIjoxODAwMDAwMDAwMDAwLCJkZWxldGUiOjE4MDAwMDAwMDAwMDAsInJlYWQiOjMwMDAwMDAwMDAwMH19",
          "dependencies": [
            "module.vnet.azurerm_nat_gateway.nat",
            "module.vnet.azurerm_public_ip.nat"
          ]
        }
      ]
    },
    {
      "module": "module.vnet",
      "mode": "managed",
      "type": "azurerm_public_ip",
      "name": "nat",
      "provider": "provider[\"registry.terraform.io/hashicorp/azurerm\"]",
      "instances": [
        {
          "index_key": 0,
          "schema_version": 0,
          "attributes": {
            "allocation_method": "Static",
            "ddos_protection_mode": "VirtualNetworkInherited",
            "ddos_protection_plan_id": null,
            "domain_name_label": null,
            "domain_name_label_scope": null,
            "edge_zone": "",
            "fqdn": null,
            "id": "/subscriptions/bfe0322d-aa0d-4109-920b-79ee17b30333/resourceGroups/vplabs-test-aks-resource-group/providers/Microsoft.Network/publicIPAddresses/vplabs-test-vnet-natgw-ip",
            "idle_timeout_in_minutes": 4,
            "ip_address": "52.238.25.84",
            "ip_tags": {},
            "ip_version": "IPv4",
            "location": "westus",
            "name": "vplabs-test-vnet-natgw-ip",
            "public_ip_prefix_id": null,
            "resource_group_name": "vplabs-test-aks-resource-group",
            "reverse_fqdn": null,
            "sku": "Standard",
            "sku_tier": "Regional",
            "tags": {},
            "timeouts": null,
            "zones": []
          },
          "sensitive_attributes": [],
          "private": "eyJlMmJmYjczMC1lY2FhLTExZTYtOGY4OC0zNDM2M2JjN2M0YzAiOnsiY3JlYXRlIjoxODAwMDAwMDAwMDAwLCJkZWxldGUiOjE4MDAwMDAwMDAwMDAsInJlYWQiOjMwMDAwMDAwMDAwMCwidXBkYXRlIjoxODAwMDAwMDAwMDAwfX0="
        }
      ]
    },
    {
      "module": "module.vnet",
      "mode": "managed",
      "type": "azurerm_subnet",
      "name": "database",
      "provider": "provider[\"registry.terraform.io/hashicorp/azurerm\"]",
      "instances": [
        {
          "index_key": 0,
          "schema_version": 0,
          "attributes": {
            "address_prefixes": [
              "10.0.151.0/24"
            ],
            "default_outbound_access_enabled": true,
            "delegation": [],
            "id": "/subscriptions/bfe0322d-aa0d-4109-920b-79ee17b30333/resourceGroups/vplabs-test-aks-resource-group/providers/Microsoft.Network/virtualNetworks/vplabs-test-vnet/subnets/database-1",
            "name": "database-1",
            "private_endpoint_network_policies": "Disabled",
            "private_link_service_network_policies_enabled": true,
            "resource_group_name": "vplabs-test-aks-resource-group",
            "service_endpoint_policy_ids": [],
            "service_endpoints": [
              "Microsoft.Sql"
            ],
            "timeouts": null,
            "virtual_network_name": "vplabs-test-vnet"
          },
          "sensitive_attributes": [],
          "private": "eyJlMmJmYjczMC1lY2FhLTExZTYtOGY4OC0zNDM2M2JjN2M0YzAiOnsiY3JlYXRlIjoxODAwMDAwMDAwMDAwLCJkZWxldGUiOjE4MDAwMDAwMDAwMDAsInJlYWQiOjMwMDAwMDAwMDAwMCwidXBkYXRlIjoxODAwMDAwMDAwMDAwfX0=",
          "dependencies": [
            "module.vnet.azurerm_virtual_network.vnet"
          ]
        },
        {
          "index_key": 1,
          "schema_version": 0,
          "attributes": {
            "address_prefixes": [
              "10.0.152.0/24"
            ],
            "default_outbound_access_enabled": true,
            "delegation": [],
            "id": "/subscriptions/bfe0322d-aa0d-4109-920b-79ee17b30333/resourceGroups/vplabs-test-aks-resource-group/providers/Microsoft.Network/virtualNetworks/vplabs-test-vnet/subnets/database-2",
            "name": "database-2",
            "private_endpoint_network_policies": "Disabled",
            "private_link_service_network_policies_enabled": true,
            "resource_group_name": "vplabs-test-aks-resource-group",
            "service_endpoint_policy_ids": [],
            "service_endpoints": [
              "Microsoft.Sql"
            ],
            "timeouts": null,
            "virtual_network_name": "vplabs-test-vnet"
          },
          "sensitive_attributes": [],
          "private": "eyJlMmJmYjczMC1lY2FhLTExZTYtOGY4OC0zNDM2M2JjN2M0YzAiOnsiY3JlYXRlIjoxODAwMDAwMDAwMDAwLCJkZWxldGUiOjE4MDAwMDAwMDAwMDAsInJlYWQiOjMwMDAwMDAwMDAwMCwidXBkYXRlIjoxODAwMDAwMDAwMDAwfX0=",
          "dependencies": [
            "module.vnet.azurerm_virtual_network.vnet"
          ]
        }
      ]
    },
    {
      "module": "module.vnet",
      "mode": "managed",
      "type": "azurerm_subnet",
      "name": "private",
      "provider": "provider[\"registry.terraform.io/hashicorp/azurerm\"]",
      "instances": [
        {
          "index_key": 0,
          "schema_version": 0,
          "attributes": {
            "address_prefixes": [
              "10.0.1.0/24"
            ],
            "default_outbound_access_enabled": true,
            "delegation": [],
            "id": "/subscriptions/bfe0322d-aa0d-4109-920b-79ee17b30333/resourceGroups/vplabs-test-aks-resource-group/providers/Microsoft.Network/virtualNetworks/vplabs-test-vnet/subnets/private-1",
            "name": "private-1",
            "private_endpoint_network_policies": "Disabled",
            "private_link_service_network_policies_enabled": true,
            "resource_group_name": "vplabs-test-aks-resource-group",
            "service_endpoint_policy_ids": [],
            "service_endpoints": [
              "Microsoft.ContainerRegistry"
            ],
            "timeouts": null,
            "virtual_network_name": "vplabs-test-vnet"
          },
          "sensitive_attributes": [],
          "private": "eyJlMmJmYjczMC1lY2FhLTExZTYtOGY4OC0zNDM2M2JjN2M0YzAiOnsiY3JlYXRlIjoxODAwMDAwMDAwMDAwLCJkZWxldGUiOjE4MDAwMDAwMDAwMDAsInJlYWQiOjMwMDAwMDAwMDAwMCwidXBkYXRlIjoxODAwMDAwMDAwMDAwfX0=",
          "dependencies": [
            "module.vnet.azurerm_virtual_network.vnet"
          ]
        },
        {
          "index_key": 1,
          "schema_version": 0,
          "attributes": {
            "address_prefixes": [
              "10.0.2.0/24"
            ],
            "default_outbound_access_enabled": true,
            "delegation": [],
            "id": "/subscriptions/bfe0322d-aa0d-4109-920b-79ee17b30333/resourceGroups/vplabs-test-aks-resource-group/providers/Microsoft.Network/virtualNetworks/vplabs-test-vnet/subnets/private-2",
            "name": "private-2",
            "private_endpoint_network_policies": "Disabled",
            "private_link_service_network_policies_enabled": true,
            "resource_group_name": "vplabs-test-aks-resource-group",
            "service_endpoint_policy_ids": [],
            "service_endpoints": [
              "Microsoft.ContainerRegistry"
            ],
            "timeouts": null,
            "virtual_network_name": "vplabs-test-vnet"
          },
          "sensitive_attributes": [],
          "private": "eyJlMmJmYjczMC1lY2FhLTExZTYtOGY4OC0zNDM2M2JjN2M0YzAiOnsiY3JlYXRlIjoxODAwMDAwMDAwMDAwLCJkZWxldGUiOjE4MDAwMDAwMDAwMDAsInJlYWQiOjMwMDAwMDAwMDAwMCwidXBkYXRlIjoxODAwMDAwMDAwMDAwfX0=",
          "dependencies": [
            "module.vnet.azurerm_virtual_network.vnet"
          ]
        }
      ]
    },
    {
      "module": "module.vnet",
      "mode": "managed",
      "type": "azurerm_subnet",
      "name": "public",
      "provider": "provider[\"registry.terraform.io/hashicorp/azurerm\"]",
      "instances": [
        {
          "index_key": 0,
          "schema_version": 0,
          "attributes": {
            "address_prefixes": [
              "10.0.101.0/24"
            ],
            "default_outbound_access_enabled": true,
            "delegation": [],
            "id": "/subscriptions/bfe0322d-aa0d-4109-920b-79ee17b30333/resourceGroups/vplabs-test-aks-resource-group/providers/Microsoft.Network/virtualNetworks/vplabs-test-vnet/subnets/public-1",
            "name": "public-1",
            "private_endpoint_network_policies": "Disabled",
            "private_link_service_network_policies_enabled": true,
            "resource_group_name": "vplabs-test-aks-resource-group",
            "service_endpoint_policy_ids": [],
            "service_endpoints": [
              "Microsoft.ContainerRegistry"
            ],
            "timeouts": null,
            "virtual_network_name": "vplabs-test-vnet"
          },
          "sensitive_attributes": [],
          "private": "eyJlMmJmYjczMC1lY2FhLTExZTYtOGY4OC0zNDM2M2JjN2M0YzAiOnsiY3JlYXRlIjoxODAwMDAwMDAwMDAwLCJkZWxldGUiOjE4MDAwMDAwMDAwMDAsInJlYWQiOjMwMDAwMDAwMDAwMCwidXBkYXRlIjoxODAwMDAwMDAwMDAwfX0=",
          "dependencies": [
            "module.vnet.azurerm_virtual_network.vnet"
          ]
        },
        {
          "index_key": 1,
          "schema_version": 0,
          "attributes": {
            "address_prefixes": [
              "10.0.102.0/24"
            ],
            "default_outbound_access_enabled": true,
            "delegation": [],
            "id": "/subscriptions/bfe0322d-aa0d-4109-920b-79ee17b30333/resourceGroups/vplabs-test-aks-resource-group/providers/Microsoft.Network/virtualNetworks/vplabs-test-vnet/subnets/public-2",
            "name": "public-2",
            "private_endpoint_network_policies": "Disabled",
            "private_link_service_network_policies_enabled": true,
            "resource_group_name": "vplabs-test-aks-resource-group",
            "service_endpoint_policy_ids": [],
            "service_endpoints": [
              "Microsoft.ContainerRegistry"
            ],
            "timeouts": null,
            "virtual_network_name": "vplabs-test-vnet"
          },
          "sensitive_attributes": [],
          "private": "eyJlMmJmYjczMC1lY2FhLTExZTYtOGY4OC0zNDM2M2JjN2M0YzAiOnsiY3JlYXRlIjoxODAwMDAwMDAwMDAwLCJkZWxldGUiOjE4MDAwMDAwMDAwMDAsInJlYWQiOjMwMDAwMDAwMDAwMCwidXBkYXRlIjoxODAwMDAwMDAwMDAwfX0=",
          "dependencies": [
            "module.vnet.azurerm_virtual_network.vnet"
          ]
        }
      ]
    },
    {
      "module": "module.vnet",
      "mode": "managed",
      "type": "azurerm_virtual_network",
      "name": "vnet",
      "provider": "provider[\"registry.terraform.io/hashicorp/azurerm\"]",
      "instances": [
        {
          "schema_version": 0,
          "attributes": {
            "address_space": [
              "10.0.0.0/16"
            ],
            "bgp_community": "",
            "ddos_protection_plan": [],
            "dns_servers": [
              "168.63.129.16"
            ],
            "edge_zone": "",
            "encryption": [],
            "flow_timeout_in_minutes": 0,
            "guid": "2255fbea-2464-4d09-82e0-37ac0df9dd86",
            "id": "/subscriptions/bfe0322d-aa0d-4109-920b-79ee17b30333/resourceGroups/vplabs-test-aks-resource-group/providers/Microsoft.Network/virtualNetworks/vplabs-test-vnet",
            "location": "westus",
            "name": "vplabs-test-vnet",
            "private_endpoint_vnet_policies": "Disabled",
            "resource_group_name": "vplabs-test-aks-resource-group",
            "subnet": [
              {
                "address_prefixes": [
                  "10.0.1.0/24"
                ],
                "default_outbound_access_enabled": true,
                "delegation": [],
                "id": "/subscriptions/bfe0322d-aa0d-4109-920b-79ee17b30333/resourceGroups/vplabs-test-aks-resource-group/providers/Microsoft.Network/virtualNetworks/vplabs-test-vnet/subnets/private-1",
                "name": "private-1",
                "private_endpoint_network_policies": "Disabled",
                "private_link_service_network_policies_enabled": true,
                "route_table_id": "",
                "security_group": "",
                "service_endpoint_policy_ids": [],
                "service_endpoints": [
                  "Microsoft.ContainerRegistry"
                ]
              },
              {
                "address_prefixes": [
                  "10.0.101.0/24"
                ],
                "default_outbound_access_enabled": true,
                "delegation": [],
                "id": "/subscriptions/bfe0322d-aa0d-4109-920b-79ee17b30333/resourceGroups/vplabs-test-aks-resource-group/providers/Microsoft.Network/virtualNetworks/vplabs-test-vnet/subnets/public-1",
                "name": "public-1",
                "private_endpoint_network_policies": "Disabled",
                "private_link_service_network_policies_enabled": true,
                "route_table_id": "",
                "security_group": "",
                "service_endpoint_policy_ids": [],
                "service_endpoints": [
                  "Microsoft.ContainerRegistry"
                ]
              },
              {
                "address_prefixes": [
                  "10.0.102.0/24"
                ],
                "default_outbound_access_enabled": true,
                "delegation": [],
                "id": "/subscriptions/bfe0322d-aa0d-4109-920b-79ee17b30333/resourceGroups/vplabs-test-aks-resource-group/providers/Microsoft.Network/virtualNetworks/vplabs-test-vnet/subnets/public-2",
                "name": "public-2",
                "private_endpoint_network_policies": "Disabled",
                "private_link_service_network_policies_enabled": true,
                "route_table_id": "",
                "security_group": "",
                "service_endpoint_policy_ids": [],
                "service_endpoints": [
                  "Microsoft.ContainerRegistry"
                ]
              },
              {
                "address_prefixes": [
                  "10.0.151.0/24"
                ],
                "default_outbound_access_enabled": true,
                "delegation": [],
                "id": "/subscriptions/bfe0322d-aa0d-4109-920b-79ee17b30333/resourceGroups/vplabs-test-aks-resource-group/providers/Microsoft.Network/virtualNetworks/vplabs-test-vnet/subnets/database-1",
                "name": "database-1",
                "private_endpoint_network_policies": "Disabled",
                "private_link_service_network_policies_enabled": true,
                "route_table_id": "",
                "security_group": "",
                "service_endpoint_policy_ids": [],
                "service_endpoints": [
                  "Microsoft.Sql"
                ]
              },
              {
                "address_prefixes": [
                  "10.0.152.0/24"
                ],
                "default_outbound_access_enabled": true,
                "delegation": [],
                "id": "/subscriptions/bfe0322d-aa0d-4109-920b-79ee17b30333/resourceGroups/vplabs-test-aks-resource-group/providers/Microsoft.Network/virtualNetworks/vplabs-test-vnet/subnets/database-2",
                "name": "database-2",
                "private_endpoint_network_policies": "Disabled",
                "private_link_service_network_policies_enabled": true,
                "route_table_id": "",
                "security_group": "",
                "service_endpoint_policy_ids": [],
                "service_endpoints": [
                  "Microsoft.Sql"
                ]
              },
              {
                "address_prefixes": [
                  "10.0.2.0/24"
                ],
                "default_outbound_access_enabled": true,
                "delegation": [],
                "id": "/subscriptions/bfe0322d-aa0d-4109-920b-79ee17b30333/resourceGroups/vplabs-test-aks-resource-group/providers/Microsoft.Network/virtualNetworks/vplabs-test-vnet/subnets/private-2",
                "name": "private-2",
                "private_endpoint_network_policies": "Disabled",
                "private_link_service_network_policies_enabled": true,
                "route_table_id": "",
                "security_group": "",
                "service_endpoint_policy_ids": [],
                "service_endpoints": [
                  "Microsoft.ContainerRegistry"
                ]
              }
            ],
            "tags": {
              "company_issuing_app_id": "",
              "environment": "test",
              "owner": "vplabs"
            },
            "timeouts": null
          },
          "sensitive_attributes": [],
          "private": "eyJlMmJmYjczMC1lY2FhLTExZTYtOGY4OC0zNDM2M2JjN2M0YzAiOnsiY3JlYXRlIjoxODAwMDAwMDAwMDAwLCJkZWxldGUiOjE4MDAwMDAwMDAwMDAsInJlYWQiOjMwMDAwMDAwMDAwMCwidXBkYXRlIjoxODAwMDAwMDAwMDAwfX0="
        }
      ]
    }
  ],
  "check_results": null
}
